// !$*UTF8*$!
{
	archiveVersion = 1;
	classes = {
	};
	objectVersion = 46;
	objects = {

		A3AF1A66C915B75A19142DCE = {isa = PBXBuildFile; fileRef = 901CEAE7A127AF90B0E52B9E; };
		7274DF772291125D0CC8E844 = {isa = PBXBuildFile; fileRef = 03ABCD7DC5B3BE90F5F9BC2E; };
		0A58548E9F916929367CAA27 = {isa = PBXBuildFile; fileRef = 61E60B7233355AB29956BE1B; };
		E25A33FEC41F633ABA8CA03B = {isa = PBXBuildFile; fileRef = 0B15C03AF51DF94BDDA68C91; };
		F04C473E59A9DB75C38BED2F = {isa = PBXBuildFile; fileRef = 80D997090DB28487F62644A4; };
		AE5A40BB277BF4B5DD140501 = {isa = PBXBuildFile; fileRef = 1FAB29F3864690272C8E41E1; };
		896C79EE97CDB987F688DFB8 = {isa = PBXBuildFile; fileRef = 34B4CB59EB0DEB4D34AAC539; };
		12EF7244B75361F061FA4771 = {isa = PBXBuildFile; fileRef = F4487311B3426BAB22978842; };
		D238FA17795C9F2B498CDC9A = {isa = PBXBuildFile; fileRef = 381827C525036FCBD71F2167; };
		D091240D209BB4B21C2AC011 = {isa = PBXBuildFile; fileRef = 3346F4B70641179C56FC355D; };
		387D8DD1AE24A489318D53C4 = {isa = PBXBuildFile; fileRef = 1514D7E27D36C7EB80116AB3; };
		9F74E61A3ADD02E23B6F3B60 = {isa = PBXBuildFile; fileRef = 96A37FC479775E18418C01BB; };
		AB00DBD4F77DC4EBCBF3BB1D = {isa = PBXBuildFile; fileRef = F1AB126361A1D9ECF5D6C12C; };
		1F409B3361147003575EAB6A = {isa = PBXBuildFile; fileRef = E8EEF7A3FAF6B9F97B946BC0; };
		B00026A0F79DA07386AB2F07 = {isa = PBXBuildFile; fileRef = 1E39B84929AB6B0519D9E52E; };
		CACF4BDECDED1BC3946F3B86 = {isa = PBXBuildFile; fileRef = 754EF687AEDBDAD2C216CFB1; };
		369715FB3A25ECE2D2C71F32 = {isa = PBXBuildFile; fileRef = 2A0DD2CA28C154732714960B; };
		C5A0929493AFF0A3E794F104 = {isa = PBXBuildFile; fileRef = 8CD77894FA6C8C7F5EDD8992; };
		3AF634809B8F625250E5EC3D = {isa = PBXBuildFile; fileRef = 19BD7B605F083EC83886AB4F; };
		D95D3999736530C55191D465 = {isa = PBXBuildFile; fileRef = B0A3507EA2D67C6A6697BB06; };
		0FD37443FBE78F362D8F83A1 = {isa = PBXBuildFile; fileRef = A40FBEEFC49F98CE0A669630; };
		E2C8B34524345F57183546AE = {isa = PBXBuildFile; fileRef = F3C6171C3C0876F67CE87A3D; };
		E5C662C95143F97628D518C9 = {isa = PBXBuildFile; fileRef = 25E74409996C771BA7F468D5; };
		9E386D6F0687E8099EA0A15F = {isa = PBXBuildFile; fileRef = 84875628E1E73BC6B3A27752; };
		3EE69C117983F33F5A8A80F9 = {isa = PBXBuildFile; fileRef = F4F4D7FAFA6F0352A7756338; };
		484DA77AFE6732EACABC4A80 = {isa = PBXBuildFile; fileRef = 84DAE3A4EC79136132B62566; };
		86B8209F4AC5232D6F020EBE = {isa = PBXBuildFile; fileRef = F102CD11F7E01E33B87D3858; };
		9C845B741A358F549B53685C = {isa = PBXBuildFile; fileRef = 70E03EA248EFF524E546F63B; };
		C6A7E35AA92B0009FE384500 = {isa = PBXBuildFile; fileRef = 91530CEB78706183DC35A45C; };
		8D90C0044BDC10943835B213 = {isa = PBXBuildFile; fileRef = 3E6D7E8E16FCAACCBDDABDAA; };
		9EFFDD94FE113A1E759A4D82 = {isa = PBXBuildFile; fileRef = FEC4ED83C6927BCA6834FEF1; };
		5AB5B545E71EB4B508A96F23 = {isa = PBXBuildFile; fileRef = B75876879F97CB89468CDA13; };
		D9422C2D27DF1EDBBC56255C = {isa = PBXBuildFile; fileRef = C94019E5E7BC9CFE1F662591; };
		BC5BEF09BEB0DA945C556755 = {isa = PBXBuildFile; fileRef = A054CED5D28AA9603C1BFB40; };
		BDF2E8FCD0329493C5C6DB1B = {isa = PBXBuildFile; fileRef = F4079F7D6FB700C0E2772D4F; };
		6F7F8BEA1626595D4A10FA9B = {isa = PBXBuildFile; fileRef = 9954591C3A1A2B07FD869735; };
		0604C9EC2DEFCB903DB3B228 = {isa = PBXBuildFile; fileRef = 01336187D1C86152F9A70107; };
		7A7C22CEE75B412241A4445F = {isa = PBXBuildFile; fileRef = AEBC0A20DD4F64548CE2E7AA; };
		94704A09E1C7B79A1BAA9427 = {isa = PBXBuildFile; fileRef = A07B5B8AA04F131AF98B4FB9; };
		0F33533396293290D55BC431 = {isa = PBXBuildFile; fileRef = 2CD64E90AA3A81F72CE16A00; };
		75F1AFF04521EBCE799999E0 = {isa = PBXBuildFile; fileRef = EC8397CBFED7AA5CE94FC031; };
		785E099BBAE871EB213ACB33 = {isa = PBXBuildFile; fileRef = 77B8DB55B6E8C4EF75192F74; };
		7C9F2FBB1052CEAB57A15C03 = {isa = PBXBuildFile; fileRef = 378440AD8E5F080A16419691; };
		C464BF5196E6AD41AD4D5A65 = {isa = PBXBuildFile; fileRef = 5EF8D0A6E3BE445ABB28B32F; };
		E12114622EA93DB9333BDEE1 = {isa = PBXBuildFile; fileRef = 07A39D4DBCA6B14192CAE8EE; };
		74DA06F046769DCDA5E68386 = {isa = PBXBuildFile; fileRef = 4C30E9FB2C15CA9FF7D26BF1; };
		840B5AFBF4D5C60BAD553A6B = {isa = PBXBuildFile; fileRef = 6056A9EA3D38B30C64D5FA28; };
		356FB2D500CFA44281E9FD06 = {isa = PBXBuildFile; fileRef = E56B7F9BF4DA05DBD9A59329; };
		FABB6B856E7514367C5D7532 = {isa = PBXBuildFile; fileRef = ED92137B1AC965A3AF2244CA; };
		01336187D1C86152F9A70107 = {isa = PBXFileReference; lastKnownFileType = sourcecode.cpp.objcpp; name = "include_juce_audio_plugin_client_VST_utils.mm"; path = "../../JuceLibraryCode/include_juce_audio_plugin_client_VST_utils.mm"; sourceTree = "SOURCE_ROOT"; };
		024D4C8290564A2F80BCCA03 = {isa = PBXFileReference; lastKnownFileType = sourcecode.c.h; name = JuceHeader.h; path = ../../JuceLibraryCode/JuceHeader.h; sourceTree = "SOURCE_ROOT"; };
		901CEAE7A127AF90B0E52B9E = {isa = PBXFileReference; explicitFileType = wrapper.cfbundle; includeInIndex = 0; path = WillStereoDelay.vst; sourceTree = "BUILT_PRODUCTS_DIR"; };
		03ABCD7DC5B3BE90F5F9BC2E = {isa = PBXFileReference; explicitFileType = wrapper.cfbundle; includeInIndex = 0; path = WillStereoDelay.component; sourceTree = "BUILT_PRODUCTS_DIR"; };
		07A39D4DBCA6B14192CAE8EE = {isa = PBXFileReference; lastKnownFileType = sourcecode.cpp.objcpp; name = "include_juce_graphics.mm"; path = "../../JuceLibraryCode/include_juce_graphics.mm"; sourceTree = "SOURCE_ROOT"; };
		105C543E0C17C308955B836E = {isa = PBXFileReference; lastKnownFileType = text.plist.xml; name = "Info-VST.plist"; path = "Info-VST.plist"; sourceTree = "SOURCE_ROOT"; };
		1514D7E27D36C7EB80116AB3 = {isa = PBXFileReference; lastKnownFileType = wrapper.framework; name = Cocoa.framework; path = System/Library/Frameworks/Cocoa.framework; sourceTree = SDKROOT; };
		16B18D48E03648FED55458CA = {isa = PBXFileReference; lastKnownFileType = file; name = "juce_core"; path = "../../../JUCE Latest/JUCE/modules/juce_core"; sourceTree = "SOURCE_ROOT"; };
		1730EB0545CA274D099582DF = {isa = PBXFileReference; lastKnownFileType = file; name = "juce_data_structures"; path = "../../../JUCE Latest/JUCE/modules/juce_data_structures"; sourceTree = "SOURCE_ROOT"; };
		194DB584D1F875BC4C3F22F2 = {isa = PBXFileReference; lastKnownFileType = file; name = "juce_cryptography"; path = "../../../JUCE Latest/JUCE/modules/juce_cryptography"; sourceTree = "SOURCE_ROOT"; };
		19BD7B605F083EC83886AB4F = {isa = PBXFileReference; lastKnownFileType = wrapper.framework; name = QuartzCore.framework; path = System/Library/Frameworks/QuartzCore.framework; sourceTree = SDKROOT; };
		1CAECCD38A27FA41E5E0BA13 = {isa = PBXFileReference; lastKnownFileType = sourcecode.c.h; name = FilmstripToggleButton.h; path = "../../../../Downloads/JUCE_JAPAN_DEMO-master/vol2/AudioPlugin/SimpleEqualizer/Source/GUI/FilmstripToggleButton.h"; sourceTree = "SOURCE_ROOT"; };
		1E39B84929AB6B0519D9E52E = {isa = PBXFileReference; lastKnownFileType = wrapper.framework; name = CoreMIDI.framework; path = System/Library/Frameworks/CoreMIDI.framework; sourceTree = SDKROOT; };
		1FAB29F3864690272C8E41E1 = {isa = PBXFileReference; lastKnownFileType = wrapper.framework; name = AudioToolbox.framework; path = System/Library/Frameworks/AudioToolbox.framework; sourceTree = SDKROOT; };
		20E563DEAF3115B9062BC6D5 = {isa = PBXFileReference; lastKnownFileType = file; name = "juce_audio_basics"; path = "../../../JUCE Latest/JUCE/modules/juce_audio_basics"; sourceTree = "SOURCE_ROOT"; };
		25E74409996C771BA7F468D5 = {isa = PBXFileReference; lastKnownFileType = sourcecode.cpp.cpp; name = FilmstripToggleButton.cpp; path = "../../../../Downloads/JUCE_JAPAN_DEMO-master/vol2/AudioPlugin/SimpleEqualizer/Source/GUI/FilmstripToggleButton.cpp"; sourceTree = "SOURCE_ROOT"; };
		2A0DD2CA28C154732714960B = {isa = PBXFileReference; lastKnownFileType = wrapper.framework; name = IOKit.framework; path = System/Library/Frameworks/IOKit.framework; sourceTree = SDKROOT; };
		2BBACD9E6E7AE1C9171BB286 = {isa = PBXFileReference; lastKnownFileType = file; name = "juce_video"; path = "../../../JUCE Latest/JUCE/modules/juce_video"; sourceTree = "SOURCE_ROOT"; };
		2CD64E90AA3A81F72CE16A00 = {isa = PBXFileReference; lastKnownFileType = sourcecode.cpp.objcpp; name = "include_juce_audio_utils.mm"; path = "../../JuceLibraryCode/include_juce_audio_utils.mm"; sourceTree = "SOURCE_ROOT"; };
		3346F4B70641179C56FC355D = {isa = PBXFileReference; lastKnownFileType = wrapper.framework; name = Carbon.framework; path = System/Library/Frameworks/Carbon.framework; sourceTree = SDKROOT; };
		34B4CB59EB0DEB4D34AAC539 = {isa = PBXFileReference; lastKnownFileType = wrapper.framework; name = AudioUnit.framework; path = System/Library/Frameworks/AudioUnit.framework; sourceTree = SDKROOT; };
		381827C525036FCBD71F2167 = {isa = PBXFileReference; lastKnownFileType = wrapper.framework; name = AVKit.framework; path = System/Library/Frameworks/AVKit.framework; sourceTree = SDKROOT; };
		61E60B7233355AB29956BE1B = {isa = PBXFileReference; explicitFileType = wrapper.application; includeInIndex = 0; path = WillStereoDelay.app; sourceTree = "BUILT_PRODUCTS_DIR"; };
		0B15C03AF51DF94BDDA68C91 = {isa = PBXFileReference; explicitFileType = archive.ar; includeInIndex = 0; path = libWillStereoDelay.a; sourceTree = "BUILT_PRODUCTS_DIR"; };
		2ACD3583EE400AB0362D093D = {isa = PBXFileReference; lastKnownFileType = sourcecode.c.h; name = PluginEditor.h; path = ../../Source/PluginEditor.h; sourceTree = "SOURCE_ROOT"; };
		2CF469ED431F0B4755E48C1D = {isa = PBXFileReference; lastKnownFileType = image.png; name = "SimpleEqualizer_bypass.png"; path = "../../../../Downloads/JUCE_JAPAN_DEMO-master/vol2/AudioPlugin/SimpleEqualizer/Resources/SimpleEqualizer_bypass.png"; sourceTree = "SOURCE_ROOT"; };
		30D3A273F05F29C9E3C8F887 = {isa = PBXFileReference; lastKnownFileType = file; name = "juce_audio_formats"; path = "../../../JUCE Latest/JUCE/modules/juce_audio_formats"; sourceTree = "SOURCE_ROOT"; };
		378440AD8E5F080A16419691 = {isa = PBXFileReference; lastKnownFileType = sourcecode.cpp.objcpp; name = "include_juce_data_structures.mm"; path = "../../JuceLibraryCode/include_juce_data_structures.mm"; sourceTree = "SOURCE_ROOT"; };
		3E6D7E8E16FCAACCBDDABDAA = {isa = PBXFileReference; lastKnownFileType = sourcecode.cpp.objcpp; name = "include_juce_audio_devices.mm"; path = "../../JuceLibraryCode/include_juce_audio_devices.mm"; sourceTree = "SOURCE_ROOT"; };
		4C30E9FB2C15CA9FF7D26BF1 = {isa = PBXFileReference; lastKnownFileType = sourcecode.cpp.objcpp; name = "include_juce_gui_basics.mm"; path = "../../JuceLibraryCode/include_juce_gui_basics.mm"; sourceTree = "SOURCE_ROOT"; };
		4E14CB8A6FA6F32E4D6BFC29 = {isa = PBXFileReference; lastKnownFileType = image.png; name = "switch_toggle_sub.png"; path = "../../../../Downloads/JUCE_JAPAN_DEMO-master/vol2/AudioPlugin/SimpleEqualizer/Resources/switch_toggle_sub.png"; sourceTree = "SOURCE_ROOT"; };
		5DCF84839CA2EF5CBF304A79 = {isa = PBXFileReference; lastKnownFileType = file; name = "juce_gui_extra"; path = "../../../JUCE Latest/JUCE/modules/juce_gui_extra"; sourceTree = "SOURCE_ROOT"; };
		5EF8D0A6E3BE445ABB28B32F = {isa = PBXFileReference; lastKnownFileType = sourcecode.cpp.objcpp; name = "include_juce_events.mm"; path = "../../JuceLibraryCode/include_juce_events.mm"; sourceTree = "SOURCE_ROOT"; };
		5F3AF245A5796B7B3713AB17 = {isa = PBXFileReference; lastKnownFileType = file; name = "juce_audio_processors"; path = "../../../JUCE Latest/JUCE/modules/juce_audio_processors"; sourceTree = "SOURCE_ROOT"; };
		6056A9EA3D38B30C64D5FA28 = {isa = PBXFileReference; lastKnownFileType = sourcecode.cpp.objcpp; name = "include_juce_gui_extra.mm"; path = "../../JuceLibraryCode/include_juce_gui_extra.mm"; sourceTree = "SOURCE_ROOT"; };
		6F8DCA28A48ED2F4C7E08894 = {isa = PBXFileReference; lastKnownFileType = sourcecode.c.h; name = BinaryData.h; path = ../../JuceLibraryCode/BinaryData.h; sourceTree = "SOURCE_ROOT"; };
		70E03EA248EFF524E546F63B = {isa = PBXFileReference; lastKnownFileType = sourcecode.cpp.cpp; name = BinaryData.cpp; path = ../../JuceLibraryCode/BinaryData.cpp; sourceTree = "SOURCE_ROOT"; };
		747914056E6FE1A7FE97BECC = {isa = PBXFileReference; lastKnownFileType = sourcecode.c.h; name = DigitalDelayLine.h; path = ../../Source/DigitalDelayLine.h; sourceTree = "SOURCE_ROOT"; };
		747F4BC99DDCA781C3D93E28 = {isa = PBXFileReference; lastKnownFileType = text.plist.xml; name = "Info-AU.plist"; path = "Info-AU.plist"; sourceTree = "SOURCE_ROOT"; };
		754EF687AEDBDAD2C216CFB1 = {isa = PBXFileReference; lastKnownFileType = wrapper.framework; name = DiscRecording.framework; path = System/Library/Frameworks/DiscRecording.framework; sourceTree = SDKROOT; };
		77B8DB55B6E8C4EF75192F74 = {isa = PBXFileReference; lastKnownFileType = sourcecode.cpp.objcpp; name = "include_juce_cryptography.mm"; path = "../../JuceLibraryCode/include_juce_cryptography.mm"; sourceTree = "SOURCE_ROOT"; };
		80D997090DB28487F62644A4 = {isa = PBXFileReference; lastKnownFileType = wrapper.framework; name = Accelerate.framework; path = System/Library/Frameworks/Accelerate.framework; sourceTree = SDKROOT; };
		832D8BCD193C116DDC39B4E0 = {isa = PBXFileReference; lastKnownFileType = file; name = "juce_audio_plugin_client"; path = "../../../JUCE Latest/JUCE/modules/juce_audio_plugin_client"; sourceTree = "SOURCE_ROOT"; };
		84875628E1E73BC6B3A27752 = {isa = PBXFileReference; lastKnownFileType = sourcecode.cpp.cpp; name = RangeSlider.cpp; path = ../../Source/GUI/RangeSlider.cpp; sourceTree = "SOURCE_ROOT"; };
		84DAE3A4EC79136132B62566 = {isa = PBXFileReference; lastKnownFileType = sourcecode.cpp.cpp; name = PluginEditor.cpp; path = ../../Source/PluginEditor.cpp; sourceTree = "SOURCE_ROOT"; };
		875C9BCADBE018AC43E5CA40 = {isa = PBXFileReference; lastKnownFileType = sourcecode.c.h; name = AppConfig.h; path = ../../JuceLibraryCode/AppConfig.h; sourceTree = "SOURCE_ROOT"; };
		8CD77894FA6C8C7F5EDD8992 = {isa = PBXFileReference; lastKnownFileType = wrapper.framework; name = OpenGL.framework; path = System/Library/Frameworks/OpenGL.framework; sourceTree = SDKROOT; };
		91530CEB78706183DC35A45C = {isa = PBXFileReference; lastKnownFileType = sourcecode.cpp.objcpp; name = "include_juce_audio_basics.mm"; path = "../../JuceLibraryCode/include_juce_audio_basics.mm"; sourceTree = "SOURCE_ROOT"; };
		96A37FC479775E18418C01BB = {isa = PBXFileReference; lastKnownFileType = wrapper.framework; name = CoreAudio.framework; path = System/Library/Frameworks/CoreAudio.framework; sourceTree = SDKROOT; };
		98E53009C8704E72FF72A1A7 = {isa = PBXFileReference; lastKnownFileType = image.png; name = sslknob.png; path = "../../../../Downloads/JUCE_JAPAN_DEMO-master/vol2/AudioPlugin/SimpleEqualizer/Resources/sslknob.png"; sourceTree = "SOURCE_ROOT"; };
		9954591C3A1A2B07FD869735 = {isa = PBXFileReference; lastKnownFileType = sourcecode.cpp.cpp; name = "include_juce_audio_plugin_client_utils.cpp"; path = "../../JuceLibraryCode/include_juce_audio_plugin_client_utils.cpp"; sourceTree = "SOURCE_ROOT"; };
		9CA3C79ECDE8B31C7BAF8902 = {isa = PBXFileReference; lastKnownFileType = file; name = "juce_opengl"; path = "../../../JUCE Latest/JUCE/modules/juce_opengl"; sourceTree = "SOURCE_ROOT"; };
		9D81069499DFA4034487DD3F = {isa = PBXFileReference; lastKnownFileType = file; name = "juce_audio_utils"; path = "../../../JUCE Latest/JUCE/modules/juce_audio_utils"; sourceTree = "SOURCE_ROOT"; };
		A054CED5D28AA9603C1BFB40 = {isa = PBXFileReference; lastKnownFileType = sourcecode.cpp.objcpp; name = "include_juce_audio_plugin_client_AU_2.mm"; path = "../../JuceLibraryCode/include_juce_audio_plugin_client_AU_2.mm"; sourceTree = "SOURCE_ROOT"; };
		A07B5B8AA04F131AF98B4FB9 = {isa = PBXFileReference; lastKnownFileType = sourcecode.cpp.objcpp; name = "include_juce_audio_processors.mm"; path = "../../JuceLibraryCode/include_juce_audio_processors.mm"; sourceTree = "SOURCE_ROOT"; };
		A3389FFAAD31D24AC1A09CBB = {isa = PBXFileReference; lastKnownFileType = text.plist.xml; name = "Info-Standalone_Plugin.plist"; path = "Info-Standalone_Plugin.plist"; sourceTree = "SOURCE_ROOT"; };
		A40FBEEFC49F98CE0A669630 = {isa = PBXFileReference; lastKnownFileType = file.nib; name = RecentFilesMenuTemplate.nib; path = RecentFilesMenuTemplate.nib; sourceTree = "SOURCE_ROOT"; };
		AEBC0A20DD4F64548CE2E7AA = {isa = PBXFileReference; lastKnownFileType = sourcecode.cpp.cpp; name = "include_juce_audio_plugin_client_VST2.cpp"; path = "../../JuceLibraryCode/include_juce_audio_plugin_client_VST2.cpp"; sourceTree = "SOURCE_ROOT"; };
		AF96D312E16790F61B055195 = {isa = PBXFileReference; lastKnownFileType = file; name = "juce_audio_devices"; path = "../../../JUCE Latest/JUCE/modules/juce_audio_devices"; sourceTree = "SOURCE_ROOT"; };
		B0A3507EA2D67C6A6697BB06 = {isa = PBXFileReference; lastKnownFileType = wrapper.framework; name = WebKit.framework; path = System/Library/Frameworks/WebKit.framework; sourceTree = SDKROOT; };
		B356E1C52ECFACB1A8FC4074 = {isa = PBXFileReference; lastKnownFileType = image.png; name = "SimpleEqualizer_knob.png"; path = "../../../../Downloads/JUCE_JAPAN_DEMO-master/vol2/AudioPlugin/SimpleEqualizer/Resources/SimpleEqualizer_knob.png"; sourceTree = "SOURCE_ROOT"; };
		B379E3E72B84529ECC13A750 = {isa = PBXFileReference; lastKnownFileType = file; name = "juce_gui_basics"; path = "../../../JUCE Latest/JUCE/modules/juce_gui_basics"; sourceTree = "SOURCE_ROOT"; };
		B75876879F97CB89468CDA13 = {isa = PBXFileReference; lastKnownFileType = file.r; name = "include_juce_audio_plugin_client_AU.r"; path = "../../JuceLibraryCode/include_juce_audio_plugin_client_AU.r"; sourceTree = "SOURCE_ROOT"; };
		BB234E2F7175AFD0C30364FD = {isa = PBXFileReference; lastKnownFileType = text.plist.xml; name = WillStereoDelay.entitlements; path = WillStereoDelay.entitlements; sourceTree = "SOURCE_ROOT"; };
		BB457EEB9A88E3C382045409 = {isa = PBXFileReference; lastKnownFileType = file; name = "juce_graphics"; path = "../../../JUCE Latest/JUCE/modules/juce_graphics"; sourceTree = "SOURCE_ROOT"; };
		BBE5E14BAC4AD6AF2DEADDA9 = {isa = PBXFileReference; lastKnownFileType = sourcecode.c.h; name = FilmstripSlider.h; path = ../../Source/GUI/FilmstripSlider.h; sourceTree = "SOURCE_ROOT"; };
		C853DBC9888E35D5D8D3F5F6 = {isa = PBXFileReference; lastKnownFileType = file; name = "juce_events"; path = "../../../JUCE Latest/JUCE/modules/juce_events"; sourceTree = "SOURCE_ROOT"; };
		C94019E5E7BC9CFE1F662591 = {isa = PBXFileReference; lastKnownFileType = sourcecode.cpp.objcpp; name = "include_juce_audio_plugin_client_AU_1.mm"; path = "../../JuceLibraryCode/include_juce_audio_plugin_client_AU_1.mm"; sourceTree = "SOURCE_ROOT"; };
		D54DD403D079E20DA2AA9D68 = {isa = PBXFileReference; lastKnownFileType = sourcecode.c.h; name = PluginProcessor.h; path = ../../Source/PluginProcessor.h; sourceTree = "SOURCE_ROOT"; };
		E56B7F9BF4DA05DBD9A59329 = {isa = PBXFileReference; lastKnownFileType = sourcecode.cpp.objcpp; name = "include_juce_opengl.mm"; path = "../../JuceLibraryCode/include_juce_opengl.mm"; sourceTree = "SOURCE_ROOT"; };
		E8EEF7A3FAF6B9F97B946BC0 = {isa = PBXFileReference; lastKnownFileType = wrapper.framework; name = CoreMedia.framework; path = System/Library/Frameworks/CoreMedia.framework; sourceTree = SDKROOT; };
		EC8397CBFED7AA5CE94FC031 = {isa = PBXFileReference; lastKnownFileType = sourcecode.cpp.objcpp; name = "include_juce_core.mm"; path = "../../JuceLibraryCode/include_juce_core.mm"; sourceTree = "SOURCE_ROOT"; };
		ED92137B1AC965A3AF2244CA = {isa = PBXFileReference; lastKnownFileType = sourcecode.cpp.objcpp; name = "include_juce_video.mm"; path = "../../JuceLibraryCode/include_juce_video.mm"; sourceTree = "SOURCE_ROOT"; };
		F102CD11F7E01E33B87D3858 = {isa = PBXFileReference; lastKnownFileType = sourcecode.cpp.cpp; name = DigitalDelayLine.cpp; path = ../../Source/DigitalDelayLine.cpp; sourceTree = "SOURCE_ROOT"; };
		F1AB126361A1D9ECF5D6C12C = {isa = PBXFileReference; lastKnownFileType = wrapper.framework; name = CoreAudioKit.framework; path = System/Library/Frameworks/CoreAudioKit.framework; sourceTree = SDKROOT; };
		F3C6171C3C0876F67CE87A3D = {isa = PBXFileReference; lastKnownFileType = sourcecode.cpp.cpp; name = FilmstripSlider.cpp; path = ../../Source/GUI/FilmstripSlider.cpp; sourceTree = "SOURCE_ROOT"; };
		F4079F7D6FB700C0E2772D4F = {isa = PBXFileReference; lastKnownFileType = sourcecode.cpp.cpp; name = "include_juce_audio_plugin_client_Standalone.cpp"; path = "../../JuceLibraryCode/include_juce_audio_plugin_client_Standalone.cpp"; sourceTree = "SOURCE_ROOT"; };
		F4487311B3426BAB22978842 = {isa = PBXFileReference; lastKnownFileType = wrapper.framework; name = AVFoundation.framework; path = System/Library/Frameworks/AVFoundation.framework; sourceTree = SDKROOT; };
		F4F4D7FAFA6F0352A7756338 = {isa = PBXFileReference; lastKnownFileType = sourcecode.cpp.cpp; name = PluginProcessor.cpp; path = ../../Source/PluginProcessor.cpp; sourceTree = "SOURCE_ROOT"; };
		FEC4ED83C6927BCA6834FEF1 = {isa = PBXFileReference; lastKnownFileType = sourcecode.cpp.objcpp; name = "include_juce_audio_formats.mm"; path = "../../JuceLibraryCode/include_juce_audio_formats.mm"; sourceTree = "SOURCE_ROOT"; };
		FF4184307D56CF49FB9F941B = {isa = PBXFileReference; lastKnownFileType = sourcecode.c.h; name = RangeSlider.h; path = ../../Source/GUI/RangeSlider.h; sourceTree = "SOURCE_ROOT"; };
		56FD4494B5B9713982B51D70 = {isa = PBXGroup; children = (
					2CF469ED431F0B4755E48C1D,
					B356E1C52ECFACB1A8FC4074,
					98E53009C8704E72FF72A1A7,
					4E14CB8A6FA6F32E4D6BFC29, ); name = assets; sourceTree = "<group>"; };
		F7128D03C2AFF037020C28F1 = {isa = PBXGroup; children = (
					56FD4494B5B9713982B51D70,
					F3C6171C3C0876F67CE87A3D,
					BBE5E14BAC4AD6AF2DEADDA9,
					25E74409996C771BA7F468D5,
					1CAECCD38A27FA41E5E0BA13,
					84875628E1E73BC6B3A27752,
					FF4184307D56CF49FB9F941B, ); name = GUI; sourceTree = "<group>"; };
		977DA68881E023EB158E9785 = {isa = PBXGroup; children = (
					F4F4D7FAFA6F0352A7756338,
					D54DD403D079E20DA2AA9D68,
					84DAE3A4EC79136132B62566,
					2ACD3583EE400AB0362D093D,
					F102CD11F7E01E33B87D3858,
					747914056E6FE1A7FE97BECC, ); name = Source; sourceTree = "<group>"; };
		69ECFC369FCD8F75EC95E165 = {isa = PBXGroup; children = (
					F7128D03C2AFF037020C28F1,
					977DA68881E023EB158E9785, ); name = WillStereoDelay; sourceTree = "<group>"; };
		4FA511C5A56320FE97FA5BFE = {isa = PBXGroup; children = (
					20E563DEAF3115B9062BC6D5,
					AF96D312E16790F61B055195,
					30D3A273F05F29C9E3C8F887,
					832D8BCD193C116DDC39B4E0,
					5F3AF245A5796B7B3713AB17,
					9D81069499DFA4034487DD3F,
					16B18D48E03648FED55458CA,
					194DB584D1F875BC4C3F22F2,
					1730EB0545CA274D099582DF,
					C853DBC9888E35D5D8D3F5F6,
					BB457EEB9A88E3C382045409,
					B379E3E72B84529ECC13A750,
					5DCF84839CA2EF5CBF304A79,
					9CA3C79ECDE8B31C7BAF8902,
					2BBACD9E6E7AE1C9171BB286, ); name = "JUCE Modules"; sourceTree = "<group>"; };
		6CE088223D2A2E0310705ADF = {isa = PBXGroup; children = (
					875C9BCADBE018AC43E5CA40,
					70E03EA248EFF524E546F63B,
					6F8DCA28A48ED2F4C7E08894,
					91530CEB78706183DC35A45C,
					3E6D7E8E16FCAACCBDDABDAA,
					FEC4ED83C6927BCA6834FEF1,
					B75876879F97CB89468CDA13,
					C94019E5E7BC9CFE1F662591,
					A054CED5D28AA9603C1BFB40,
					F4079F7D6FB700C0E2772D4F,
					9954591C3A1A2B07FD869735,
					01336187D1C86152F9A70107,
					AEBC0A20DD4F64548CE2E7AA,
					A07B5B8AA04F131AF98B4FB9,
					2CD64E90AA3A81F72CE16A00,
					EC8397CBFED7AA5CE94FC031,
					77B8DB55B6E8C4EF75192F74,
					378440AD8E5F080A16419691,
					5EF8D0A6E3BE445ABB28B32F,
					07A39D4DBCA6B14192CAE8EE,
					4C30E9FB2C15CA9FF7D26BF1,
					6056A9EA3D38B30C64D5FA28,
					E56B7F9BF4DA05DBD9A59329,
					ED92137B1AC965A3AF2244CA,
					024D4C8290564A2F80BCCA03, ); name = "JUCE Library Code"; sourceTree = "<group>"; };
		033856B3E17BCBDA058CEDF5 = {isa = PBXGroup; children = (
					105C543E0C17C308955B836E,
					747F4BC99DDCA781C3D93E28,
					A3389FFAAD31D24AC1A09CBB,
					A40FBEEFC49F98CE0A669630, ); name = Resources; sourceTree = "<group>"; };
		AF37F82376DF187020642FE0 = {isa = PBXGroup; children = (
					80D997090DB28487F62644A4,
					1FAB29F3864690272C8E41E1,
					34B4CB59EB0DEB4D34AAC539,
					F4487311B3426BAB22978842,
					381827C525036FCBD71F2167,
					3346F4B70641179C56FC355D,
					1514D7E27D36C7EB80116AB3,
					96A37FC479775E18418C01BB,
					F1AB126361A1D9ECF5D6C12C,
					E8EEF7A3FAF6B9F97B946BC0,
					1E39B84929AB6B0519D9E52E,
					754EF687AEDBDAD2C216CFB1,
					2A0DD2CA28C154732714960B,
					8CD77894FA6C8C7F5EDD8992,
					19BD7B605F083EC83886AB4F,
					B0A3507EA2D67C6A6697BB06, ); name = Frameworks; sourceTree = "<group>"; };
		D96B390FD1136230CC99C7D3 = {isa = PBXGroup; children = (
					901CEAE7A127AF90B0E52B9E,
					03ABCD7DC5B3BE90F5F9BC2E,
					61E60B7233355AB29956BE1B,
					0B15C03AF51DF94BDDA68C91, ); name = Products; sourceTree = "<group>"; };
		76E8D66F3C1A6E91202ED6C3 = {isa = PBXGroup; children = (
					BB234E2F7175AFD0C30364FD,
					69ECFC369FCD8F75EC95E165,
					4FA511C5A56320FE97FA5BFE,
					6CE088223D2A2E0310705ADF,
					033856B3E17BCBDA058CEDF5,
					AF37F82376DF187020642FE0,
					D96B390FD1136230CC99C7D3, ); name = Source; sourceTree = "<group>"; };
		26DACC64C86539F17EC4DB26 = {isa = XCBuildConfiguration; buildSettings = {
				MACOSX_DEPLOYMENT_TARGET = 10.11; }; name = Debug; };
		8B75BC99655352EBCAF876B7 = {isa = XCBuildConfiguration; buildSettings = {
				MACOSX_DEPLOYMENT_TARGET = 10.11; }; name = Release; };
		C0DF5C7F9982E250CD411B98 = {isa = XCBuildConfiguration; buildSettings = {
				CLANG_CXX_LANGUAGE_STANDARD = "c++14";
				CLANG_LINK_OBJC_RUNTIME = NO;
				COMBINE_HIDPI_IMAGES = YES;
				CONFIGURATION_BUILD_DIR = "$(PROJECT_DIR)/build/$(CONFIGURATION)";
				COPY_PHASE_STRIP = NO;
				DEPLOYMENT_LOCATION = YES;
				DSTROOT = /;
				GCC_DYNAMIC_NO_PIC = NO;
				GCC_OPTIMIZATION_LEVEL = 0;
				GCC_PREPROCESSOR_DEFINITIONS = (
					"_DEBUG=1",
					"DEBUG=1",
					"JUCER_XCODE_MAC_F6D2F4CF=1",
					"JUCE_APP_VERSION=1.0.0",
					"JUCE_APP_VERSION_HEX=0x10000",
					"JucePlugin_Build_VST=1",
					"JucePlugin_Build_VST3=0",
					"JucePlugin_Build_AU=0",
					"JucePlugin_Build_AUv3=0",
					"JucePlugin_Build_RTAS=0",
					"JucePlugin_Build_AAX=0",
					"JucePlugin_Build_Standalone=0", );
				GCC_VERSION = com.apple.compilers.llvm.clang.1_0;
				GENERATE_PKGINFO_FILE = YES;
				HEADER_SEARCH_PATHS = ("../../JuceLibraryCode", "\"../../../JUCE Latest/JUCE/modules\"", "\"../../../JUCE Latest/JUCE/modules/juce_audio_plugin_client\"", "$(inherited)");
				INFOPLIST_FILE = Info-VST.plist;
				INFOPLIST_PREPROCESS = NO;
				INSTALL_PATH = "$(HOME)/Library/Audio/Plug-Ins/VST/";
				LIBRARY_STYLE = Bundle;
				MACOSX_DEPLOYMENT_TARGET = 10.11;
				MACOSX_DEPLOYMENT_TARGET_ppc = 10.4;
				OTHER_LDFLAGS = "-bundle -lWillStereoDelay";
				PRODUCT_BUNDLE_IDENTIFIER = com.yourcompany.WillStereoDelay;
				SDKROOT_ppc = macosx10.5;
				USE_HEADERMAP = NO;
				WRAPPER_EXTENSION = vst; }; name = Debug; };
		3326A297E786DF3503C675FF = {isa = XCBuildConfiguration; buildSettings = {
				CLANG_CXX_LANGUAGE_STANDARD = "c++14";
				CLANG_LINK_OBJC_RUNTIME = NO;
				COMBINE_HIDPI_IMAGES = YES;
				CONFIGURATION_BUILD_DIR = "$(PROJECT_DIR)/build/$(CONFIGURATION)";
				DEAD_CODE_STRIPPING = YES;
				DEPLOYMENT_LOCATION = YES;
				DSTROOT = /;
				GCC_GENERATE_DEBUGGING_SYMBOLS = NO;
				GCC_OPTIMIZATION_LEVEL = 3;
				GCC_PREPROCESSOR_DEFINITIONS = (
					"_NDEBUG=1",
					"NDEBUG=1",
					"JUCER_XCODE_MAC_F6D2F4CF=1",
					"JUCE_APP_VERSION=1.0.0",
					"JUCE_APP_VERSION_HEX=0x10000",
					"JucePlugin_Build_VST=1",
					"JucePlugin_Build_VST3=0",
					"JucePlugin_Build_AU=0",
					"JucePlugin_Build_AUv3=0",
					"JucePlugin_Build_RTAS=0",
					"JucePlugin_Build_AAX=0",
					"JucePlugin_Build_Standalone=0", );
				GCC_SYMBOLS_PRIVATE_EXTERN = YES;
				GCC_VERSION = com.apple.compilers.llvm.clang.1_0;
				GENERATE_PKGINFO_FILE = YES;
				HEADER_SEARCH_PATHS = ("../../JuceLibraryCode", "\"../../../JUCE Latest/JUCE/modules\"", "\"../../../JUCE Latest/JUCE/modules/juce_audio_plugin_client\"", "$(inherited)");
				INFOPLIST_FILE = Info-VST.plist;
				INFOPLIST_PREPROCESS = NO;
				INSTALL_PATH = "$(HOME)/Library/Audio/Plug-Ins/VST/";
				LIBRARY_STYLE = Bundle;
				LLVM_LTO = YES;
				MACOSX_DEPLOYMENT_TARGET = 10.11;
				MACOSX_DEPLOYMENT_TARGET_ppc = 10.4;
				OTHER_LDFLAGS = "-bundle -lWillStereoDelay";
				PRODUCT_BUNDLE_IDENTIFIER = com.yourcompany.WillStereoDelay;
				SDKROOT_ppc = macosx10.5;
				USE_HEADERMAP = NO;
				WRAPPER_EXTENSION = vst; }; name = Release; };
		A44B9F77BFD00A084A881809 = {isa = XCBuildConfiguration; buildSettings = {
				CLANG_CXX_LANGUAGE_STANDARD = "c++14";
				CLANG_LINK_OBJC_RUNTIME = NO;
				COMBINE_HIDPI_IMAGES = YES;
				CONFIGURATION_BUILD_DIR = "$(PROJECT_DIR)/build/$(CONFIGURATION)";
				COPY_PHASE_STRIP = NO;
				DEPLOYMENT_LOCATION = YES;
				DSTROOT = /;
				GCC_DYNAMIC_NO_PIC = NO;
				GCC_OPTIMIZATION_LEVEL = 0;
				GCC_PREPROCESSOR_DEFINITIONS = (
					"_DEBUG=1",
					"DEBUG=1",
					"JUCER_XCODE_MAC_F6D2F4CF=1",
					"JUCE_APP_VERSION=1.0.0",
					"JUCE_APP_VERSION_HEX=0x10000",
					"JucePlugin_Build_VST=0",
					"JucePlugin_Build_VST3=0",
					"JucePlugin_Build_AU=1",
					"JucePlugin_Build_AUv3=0",
					"JucePlugin_Build_RTAS=0",
					"JucePlugin_Build_AAX=0",
					"JucePlugin_Build_Standalone=0", );
				GCC_VERSION = com.apple.compilers.llvm.clang.1_0;
				GENERATE_PKGINFO_FILE = YES;
				HEADER_SEARCH_PATHS = ("../../JuceLibraryCode", "\"../../../JUCE Latest/JUCE/modules\"", "\"../../../JUCE Latest/JUCE/modules/juce_audio_plugin_client\"", "$(inherited)");
				INFOPLIST_FILE = Info-AU.plist;
				INFOPLIST_PREPROCESS = NO;
				INSTALL_PATH = "$(HOME)/Library/Audio/Plug-Ins/Components/";
				LIBRARY_STYLE = Bundle;
				MACOSX_DEPLOYMENT_TARGET = 10.11;
				MACOSX_DEPLOYMENT_TARGET_ppc = 10.4;
				OTHER_LDFLAGS = "-bundle -lWillStereoDelay";
				OTHER_REZFLAGS = "-d ppc_$ppc -d i386_$i386 -d ppc64_$ppc64 -d x86_64_$x86_64 -I /System/Library/Frameworks/CoreServices.framework/Frameworks/CarbonCore.framework/Versions/A/Headers -I \"$(DEVELOPER_DIR)/Extras/CoreAudio/AudioUnits/AUPublic/AUBase\"";
				PRODUCT_BUNDLE_IDENTIFIER = com.yourcompany.WillStereoDelay;
				SDKROOT_ppc = macosx10.5;
				USE_HEADERMAP = NO;
				WRAPPER_EXTENSION = component; }; name = Debug; };
		F52C34FE79045B33CA0678F3 = {isa = XCBuildConfiguration; buildSettings = {
				CLANG_CXX_LANGUAGE_STANDARD = "c++14";
				CLANG_LINK_OBJC_RUNTIME = NO;
				COMBINE_HIDPI_IMAGES = YES;
				CONFIGURATION_BUILD_DIR = "$(PROJECT_DIR)/build/$(CONFIGURATION)";
				DEAD_CODE_STRIPPING = YES;
				DEPLOYMENT_LOCATION = YES;
				DSTROOT = /;
				GCC_GENERATE_DEBUGGING_SYMBOLS = NO;
				GCC_OPTIMIZATION_LEVEL = 3;
				GCC_PREPROCESSOR_DEFINITIONS = (
					"_NDEBUG=1",
					"NDEBUG=1",
					"JUCER_XCODE_MAC_F6D2F4CF=1",
					"JUCE_APP_VERSION=1.0.0",
					"JUCE_APP_VERSION_HEX=0x10000",
					"JucePlugin_Build_VST=0",
					"JucePlugin_Build_VST3=0",
					"JucePlugin_Build_AU=1",
					"JucePlugin_Build_AUv3=0",
					"JucePlugin_Build_RTAS=0",
					"JucePlugin_Build_AAX=0",
					"JucePlugin_Build_Standalone=0", );
				GCC_SYMBOLS_PRIVATE_EXTERN = YES;
				GCC_VERSION = com.apple.compilers.llvm.clang.1_0;
				GENERATE_PKGINFO_FILE = YES;
				HEADER_SEARCH_PATHS = ("../../JuceLibraryCode", "\"../../../JUCE Latest/JUCE/modules\"", "\"../../../JUCE Latest/JUCE/modules/juce_audio_plugin_client\"", "$(inherited)");
				INFOPLIST_FILE = Info-AU.plist;
				INFOPLIST_PREPROCESS = NO;
				INSTALL_PATH = "$(HOME)/Library/Audio/Plug-Ins/Components/";
				LIBRARY_STYLE = Bundle;
				LLVM_LTO = YES;
				MACOSX_DEPLOYMENT_TARGET = 10.11;
				MACOSX_DEPLOYMENT_TARGET_ppc = 10.4;
				OTHER_LDFLAGS = "-bundle -lWillStereoDelay";
				OTHER_REZFLAGS = "-d ppc_$ppc -d i386_$i386 -d ppc64_$ppc64 -d x86_64_$x86_64 -I /System/Library/Frameworks/CoreServices.framework/Frameworks/CarbonCore.framework/Versions/A/Headers -I \"$(DEVELOPER_DIR)/Extras/CoreAudio/AudioUnits/AUPublic/AUBase\"";
				PRODUCT_BUNDLE_IDENTIFIER = com.yourcompany.WillStereoDelay;
				SDKROOT_ppc = macosx10.5;
				USE_HEADERMAP = NO;
				WRAPPER_EXTENSION = component; }; name = Release; };
		50FA0C422D4E0B8A59AAEE4E = {isa = XCBuildConfiguration; buildSettings = {
				CLANG_CXX_LANGUAGE_STANDARD = "c++14";
				CLANG_LINK_OBJC_RUNTIME = NO;
				COMBINE_HIDPI_IMAGES = YES;
				CONFIGURATION_BUILD_DIR = "$(PROJECT_DIR)/build/$(CONFIGURATION)";
				COPY_PHASE_STRIP = NO;
				GCC_DYNAMIC_NO_PIC = NO;
				GCC_OPTIMIZATION_LEVEL = 0;
				GCC_PREPROCESSOR_DEFINITIONS = (
					"_DEBUG=1",
					"DEBUG=1",
					"JUCER_XCODE_MAC_F6D2F4CF=1",
					"JUCE_APP_VERSION=1.0.0",
					"JUCE_APP_VERSION_HEX=0x10000",
					"JucePlugin_Build_VST=0",
					"JucePlugin_Build_VST3=0",
					"JucePlugin_Build_AU=0",
					"JucePlugin_Build_AUv3=0",
					"JucePlugin_Build_RTAS=0",
					"JucePlugin_Build_AAX=0",
					"JucePlugin_Build_Standalone=1", );
				GCC_VERSION = com.apple.compilers.llvm.clang.1_0;
				HEADER_SEARCH_PATHS = ("../../JuceLibraryCode", "\"../../../JUCE Latest/JUCE/modules\"", "\"../../../JUCE Latest/JUCE/modules/juce_audio_plugin_client\"", "$(inherited)");
				INFOPLIST_FILE = Info-Standalone_Plugin.plist;
				INFOPLIST_PREPROCESS = NO;
				MACOSX_DEPLOYMENT_TARGET = 10.11;
				MACOSX_DEPLOYMENT_TARGET_ppc = 10.4;
				OTHER_LDFLAGS = "-lWillStereoDelay";
				PRODUCT_BUNDLE_IDENTIFIER = com.yourcompany.WillStereoDelay;
				SDKROOT_ppc = macosx10.5;
				USE_HEADERMAP = NO; }; name = Debug; };
		4F2C2E0E0B99295616B6C104 = {isa = XCBuildConfiguration; buildSettings = {
				CLANG_CXX_LANGUAGE_STANDARD = "c++14";
				CLANG_LINK_OBJC_RUNTIME = NO;
				COMBINE_HIDPI_IMAGES = YES;
				CONFIGURATION_BUILD_DIR = "$(PROJECT_DIR)/build/$(CONFIGURATION)";
				DEAD_CODE_STRIPPING = YES;
				GCC_GENERATE_DEBUGGING_SYMBOLS = NO;
				GCC_OPTIMIZATION_LEVEL = 3;
				GCC_PREPROCESSOR_DEFINITIONS = (
					"_NDEBUG=1",
					"NDEBUG=1",
					"JUCER_XCODE_MAC_F6D2F4CF=1",
					"JUCE_APP_VERSION=1.0.0",
					"JUCE_APP_VERSION_HEX=0x10000",
					"JucePlugin_Build_VST=0",
					"JucePlugin_Build_VST3=0",
					"JucePlugin_Build_AU=0",
					"JucePlugin_Build_AUv3=0",
					"JucePlugin_Build_RTAS=0",
					"JucePlugin_Build_AAX=0",
					"JucePlugin_Build_Standalone=1", );
				GCC_SYMBOLS_PRIVATE_EXTERN = YES;
				GCC_VERSION = com.apple.compilers.llvm.clang.1_0;
				HEADER_SEARCH_PATHS = ("../../JuceLibraryCode", "\"../../../JUCE Latest/JUCE/modules\"", "\"../../../JUCE Latest/JUCE/modules/juce_audio_plugin_client\"", "$(inherited)");
				INFOPLIST_FILE = Info-Standalone_Plugin.plist;
				INFOPLIST_PREPROCESS = NO;
				LLVM_LTO = YES;
				MACOSX_DEPLOYMENT_TARGET = 10.11;
				MACOSX_DEPLOYMENT_TARGET_ppc = 10.4;
				OTHER_LDFLAGS = "-lWillStereoDelay";
				PRODUCT_BUNDLE_IDENTIFIER = com.yourcompany.WillStereoDelay;
				SDKROOT_ppc = macosx10.5;
				USE_HEADERMAP = NO; }; name = Release; };
		467ECD17023F962A4DAC61CC = {isa = XCBuildConfiguration; buildSettings = {
				CLANG_CXX_LANGUAGE_STANDARD = "c++14";
				CLANG_LINK_OBJC_RUNTIME = NO;
				COMBINE_HIDPI_IMAGES = YES;
				CONFIGURATION_BUILD_DIR = "$(PROJECT_DIR)/build/$(CONFIGURATION)";
				COPY_PHASE_STRIP = NO;
				GCC_DYNAMIC_NO_PIC = NO;
				GCC_OPTIMIZATION_LEVEL = 0;
				GCC_PREPROCESSOR_DEFINITIONS = (
					"_DEBUG=1",
					"DEBUG=1",
					"JUCER_XCODE_MAC_F6D2F4CF=1",
					"JUCE_APP_VERSION=1.0.0",
					"JUCE_APP_VERSION_HEX=0x10000",
					"JucePlugin_Build_VST=1",
					"JucePlugin_Build_VST3=0",
					"JucePlugin_Build_AU=1",
					"JucePlugin_Build_AUv3=0",
					"JucePlugin_Build_RTAS=0",
					"JucePlugin_Build_AAX=0",
					"JucePlugin_Build_Standalone=1",
					"JUCE_SHARED_CODE=1", );
				GCC_VERSION = com.apple.compilers.llvm.clang.1_0;
				HEADER_SEARCH_PATHS = ("../../JuceLibraryCode", "\"../../../JUCE Latest/JUCE/modules\"", "\"../../../JUCE Latest/JUCE/modules/juce_audio_plugin_client\"", "$(inherited)");
				INSTALL_PATH = "@executable_path/../Frameworks";
				MACOSX_DEPLOYMENT_TARGET = 10.11;
				MACOSX_DEPLOYMENT_TARGET_ppc = 10.4;
				PRODUCT_BUNDLE_IDENTIFIER = com.yourcompany.WillStereoDelay;
				SDKROOT_ppc = macosx10.5;
				USE_HEADERMAP = NO; }; name = Debug; };
		C5E54D6435EB8917624365A5 = {isa = XCBuildConfiguration; buildSettings = {
				CLANG_CXX_LANGUAGE_STANDARD = "c++14";
				CLANG_LINK_OBJC_RUNTIME = NO;
				COMBINE_HIDPI_IMAGES = YES;
				CONFIGURATION_BUILD_DIR = "$(PROJECT_DIR)/build/$(CONFIGURATION)";
				DEAD_CODE_STRIPPING = YES;
				GCC_GENERATE_DEBUGGING_SYMBOLS = NO;
				GCC_OPTIMIZATION_LEVEL = 3;
				GCC_PREPROCESSOR_DEFINITIONS = (
					"_NDEBUG=1",
					"NDEBUG=1",
					"JUCER_XCODE_MAC_F6D2F4CF=1",
					"JUCE_APP_VERSION=1.0.0",
					"JUCE_APP_VERSION_HEX=0x10000",
					"JucePlugin_Build_VST=1",
					"JucePlugin_Build_VST3=0",
					"JucePlugin_Build_AU=1",
					"JucePlugin_Build_AUv3=0",
					"JucePlugin_Build_RTAS=0",
					"JucePlugin_Build_AAX=0",
					"JucePlugin_Build_Standalone=1",
					"JUCE_SHARED_CODE=1", );
				GCC_SYMBOLS_PRIVATE_EXTERN = YES;
				GCC_VERSION = com.apple.compilers.llvm.clang.1_0;
				HEADER_SEARCH_PATHS = ("../../JuceLibraryCode", "\"../../../JUCE Latest/JUCE/modules\"", "\"../../../JUCE Latest/JUCE/modules/juce_audio_plugin_client\"", "$(inherited)");
				INSTALL_PATH = "@executable_path/../Frameworks";
				LLVM_LTO = YES;
				MACOSX_DEPLOYMENT_TARGET = 10.11;
				MACOSX_DEPLOYMENT_TARGET_ppc = 10.4;
				PRODUCT_BUNDLE_IDENTIFIER = com.yourcompany.WillStereoDelay;
				SDKROOT_ppc = macosx10.5;
				USE_HEADERMAP = NO; }; name = Release; };
		ADD24309455E4538BEF3AE0E = {isa = XCBuildConfiguration; buildSettings = {
				ALWAYS_SEARCH_USER_PATHS = NO;
				CLANG_WARN_BLOCK_CAPTURE_AUTORELEASING = YES;
				CLANG_WARN_BOOL_CONVERSION = YES;
				CLANG_WARN_COMMA = YES;
				CLANG_WARN_CONSTANT_CONVERSION = YES;
				CLANG_WARN_EMPTY_BODY = YES;
				CLANG_WARN_ENUM_CONVERSION = YES;
				CLANG_WARN_INFINITE_RECURSION = YES;
				CLANG_WARN_INT_CONVERSION = YES;
				CLANG_WARN_NON_LITERAL_NULL_CONVERSION = YES;
				CLANG_WARN_OBJC_LITERAL_CONVERSION = YES;
				CLANG_WARN_RANGE_LOOP_ANALYSIS = YES;
				CLANG_WARN_STRICT_PROTOTYPES = YES;
				CLANG_WARN_SUSPICIOUS_MOVE = YES;
				CLANG_WARN_UNREACHABLE_CODE = YES;
				CLANG_WARN__DUPLICATE_METHOD_MATCH = YES;
				DEBUG_INFORMATION_FORMAT = "dwarf";
				ENABLE_STRICT_OBJC_MSGSEND = YES;
				ENABLE_TESTABILITY = YES;
				GCC_C_LANGUAGE_STANDARD = c11;
				GCC_INLINES_ARE_PRIVATE_EXTERN = YES;
				GCC_MODEL_TUNING = G5;
				GCC_NO_COMMON_BLOCKS = YES;
				GCC_WARN_64_TO_32_BIT_CONVERSION = YES;
				GCC_WARN_ABOUT_RETURN_TYPE = YES;
				GCC_WARN_CHECK_SWITCH_STATEMENTS = YES;
				GCC_WARN_MISSING_PARENTHESES = YES;
				GCC_WARN_NON_VIRTUAL_DESTRUCTOR = YES;
				GCC_WARN_TYPECHECK_CALLS_TO_PRINTF = YES;
				GCC_WARN_UNDECLARED_SELECTOR = YES;
				GCC_WARN_UNINITIALIZED_AUTOS = YES;
				GCC_WARN_UNUSED_FUNCTION = YES;
				GCC_WARN_UNUSED_VARIABLE = YES;
				ONLY_ACTIVE_ARCH = YES;
				PRODUCT_NAME = "WillStereoDelay";
				WARNING_CFLAGS = -Wreorder;
				ZERO_LINK = NO; }; name = Debug; };
		7934A34BB75ED4E03039F4F9 = {isa = XCBuildConfiguration; buildSettings = {
				ALWAYS_SEARCH_USER_PATHS = NO;
				CLANG_WARN_BLOCK_CAPTURE_AUTORELEASING = YES;
				CLANG_WARN_BOOL_CONVERSION = YES;
				CLANG_WARN_COMMA = YES;
				CLANG_WARN_CONSTANT_CONVERSION = YES;
				CLANG_WARN_EMPTY_BODY = YES;
				CLANG_WARN_ENUM_CONVERSION = YES;
				CLANG_WARN_INFINITE_RECURSION = YES;
				CLANG_WARN_INT_CONVERSION = YES;
				CLANG_WARN_NON_LITERAL_NULL_CONVERSION = YES;
				CLANG_WARN_OBJC_LITERAL_CONVERSION = YES;
				CLANG_WARN_RANGE_LOOP_ANALYSIS = YES;
				CLANG_WARN_STRICT_PROTOTYPES = YES;
				CLANG_WARN_SUSPICIOUS_MOVE = YES;
				CLANG_WARN_UNREACHABLE_CODE = YES;
				CLANG_WARN__DUPLICATE_METHOD_MATCH = YES;
				DEBUG_INFORMATION_FORMAT = "dwarf";
				ENABLE_STRICT_OBJC_MSGSEND = YES;
				GCC_C_LANGUAGE_STANDARD = c11;
				GCC_INLINES_ARE_PRIVATE_EXTERN = YES;
				GCC_MODEL_TUNING = G5;
				GCC_NO_COMMON_BLOCKS = YES;
				GCC_WARN_64_TO_32_BIT_CONVERSION = YES;
				GCC_WARN_ABOUT_RETURN_TYPE = YES;
				GCC_WARN_CHECK_SWITCH_STATEMENTS = YES;
				GCC_WARN_MISSING_PARENTHESES = YES;
				GCC_WARN_NON_VIRTUAL_DESTRUCTOR = YES;
				GCC_WARN_TYPECHECK_CALLS_TO_PRINTF = YES;
				GCC_WARN_UNDECLARED_SELECTOR = YES;
				GCC_WARN_UNINITIALIZED_AUTOS = YES;
				GCC_WARN_UNUSED_FUNCTION = YES;
				GCC_WARN_UNUSED_VARIABLE = YES;
				PRODUCT_NAME = "WillStereoDelay";
				WARNING_CFLAGS = -Wreorder;
				ZERO_LINK = NO; }; name = Release; };
		AE85364FCEEDB2320F949944 = {isa = PBXTargetDependency; target = ED9A2671E79E709FD4B390D0; };
		81A940991A737C0E627BB444 = {isa = PBXTargetDependency; target = ED4F6BDD173FF84C10D033E1; };
		9A81FA07ED663983B2E86CB4 = {isa = PBXTargetDependency; target = 1A621CFA1B342E76E52672B3; };
		94AA733B01C21F43B43D9B52 = {isa = PBXTargetDependency; target = 7322CACCC97887991E66ADF4; };
		52132D51326540B738970417 = {isa = XCConfigurationList; buildConfigurations = (
					ADD24309455E4538BEF3AE0E,
					7934A34BB75ED4E03039F4F9, ); defaultConfigurationIsVisible = 0; defaultConfigurationName = Debug; };
		B20B27F31A8F9A90373E0A55 = {isa = XCConfigurationList; buildConfigurations = (
					26DACC64C86539F17EC4DB26,
					8B75BC99655352EBCAF876B7, ); defaultConfigurationIsVisible = 0; defaultConfigurationName = Debug; };
		9A01986DB8BCEE80018F18FD = {isa = PBXAggregateTarget; buildConfigurationList = B20B27F31A8F9A90373E0A55; buildPhases = (  ); buildRules = ( ); dependencies = (
					AE85364FCEEDB2320F949944,
					81A940991A737C0E627BB444,
					9A81FA07ED663983B2E86CB4,
					94AA733B01C21F43B43D9B52, ); name = "WillStereoDelay - All"; productName = WillStereoDelay; };
		ACE477658AF81E18B25614D2 = {isa = XCConfigurationList; buildConfigurations = (
					C0DF5C7F9982E250CD411B98,
					3326A297E786DF3503C675FF, ); defaultConfigurationIsVisible = 0; defaultConfigurationName = Debug; };
		2734C836DE97B152BB6F98C2 = {isa = PBXResourcesBuildPhase; buildActionMask = 2147483647; files = (
					0FD37443FBE78F362D8F83A1, ); runOnlyForDeploymentPostprocessing = 0; };
		7F6DAC1ADE873796B1ED0B4E = {isa = PBXSourcesBuildPhase; buildActionMask = 2147483647; files = (
					7A7C22CEE75B412241A4445F, ); runOnlyForDeploymentPostprocessing = 0; };
		0CE53A5C6C60121189EC9B3E = {isa = PBXFrameworksBuildPhase; buildActionMask = 2147483647; files = (
					F04C473E59A9DB75C38BED2F,
					AE5A40BB277BF4B5DD140501,
					12EF7244B75361F061FA4771,
					D238FA17795C9F2B498CDC9A,
					D091240D209BB4B21C2AC011,
					387D8DD1AE24A489318D53C4,
					9F74E61A3ADD02E23B6F3B60,
					1F409B3361147003575EAB6A,
					B00026A0F79DA07386AB2F07,
					CACF4BDECDED1BC3946F3B86,
					369715FB3A25ECE2D2C71F32,
					C5A0929493AFF0A3E794F104,
					3AF634809B8F625250E5EC3D,
					D95D3999736530C55191D465, ); runOnlyForDeploymentPostprocessing = 0; };
		ED9A2671E79E709FD4B390D0 = {isa = PBXNativeTarget; buildConfigurationList = ACE477658AF81E18B25614D2; buildPhases = (
					2734C836DE97B152BB6F98C2,
					7F6DAC1ADE873796B1ED0B4E,
					0CE53A5C6C60121189EC9B3E, ); buildRules = ( ); dependencies = (
					94AA733B01C21F43B43D9B52, ); name = "WillStereoDelay - VST"; productName = WillStereoDelay; productReference = 901CEAE7A127AF90B0E52B9E; productType = "com.apple.product-type.bundle"; };
		0647BA562416F468AA549C0D = {isa = XCConfigurationList; buildConfigurations = (
					A44B9F77BFD00A084A881809,
					F52C34FE79045B33CA0678F3, ); defaultConfigurationIsVisible = 0; defaultConfigurationName = Debug; };
		3E10CD824301694F984227C4 = {isa = PBXResourcesBuildPhase; buildActionMask = 2147483647; files = (
					0FD37443FBE78F362D8F83A1, ); runOnlyForDeploymentPostprocessing = 0; };
		DCC30959E2B9F384531DD8C7 = {isa = PBXRezBuildPhase; buildActionMask = 2147483647; files = (
					5AB5B545E71EB4B508A96F23, ); runOnlyForDeploymentPostprocessing = 0; };
		723278EF561ECC693C438F21 = {isa = PBXSourcesBuildPhase; buildActionMask = 2147483647; files = (
					D9422C2D27DF1EDBBC56255C,
					BC5BEF09BEB0DA945C556755, ); runOnlyForDeploymentPostprocessing = 0; };
		8887CC2DCEE6E231F37AA2DD = {isa = PBXFrameworksBuildPhase; buildActionMask = 2147483647; files = (
					F04C473E59A9DB75C38BED2F,
					AE5A40BB277BF4B5DD140501,
					896C79EE97CDB987F688DFB8,
					12EF7244B75361F061FA4771,
					D238FA17795C9F2B498CDC9A,
					D091240D209BB4B21C2AC011,
					387D8DD1AE24A489318D53C4,
					9F74E61A3ADD02E23B6F3B60,
					AB00DBD4F77DC4EBCBF3BB1D,
					1F409B3361147003575EAB6A,
					B00026A0F79DA07386AB2F07,
					CACF4BDECDED1BC3946F3B86,
					369715FB3A25ECE2D2C71F32,
					C5A0929493AFF0A3E794F104,
					3AF634809B8F625250E5EC3D,
					D95D3999736530C55191D465, ); runOnlyForDeploymentPostprocessing = 0; };
		ED4F6BDD173FF84C10D033E1 = {isa = PBXNativeTarget; buildConfigurationList = 0647BA562416F468AA549C0D; buildPhases = (
					3E10CD824301694F984227C4,
					DCC30959E2B9F384531DD8C7,
					723278EF561ECC693C438F21,
					8887CC2DCEE6E231F37AA2DD, ); buildRules = ( ); dependencies = (
					94AA733B01C21F43B43D9B52, ); name = "WillStereoDelay - AU"; productName = WillStereoDelay; productReference = 03ABCD7DC5B3BE90F5F9BC2E; productType = "com.apple.product-type.bundle"; };
		612706AF1C616DDAF7F627D7 = {isa = XCConfigurationList; buildConfigurations = (
					50FA0C422D4E0B8A59AAEE4E,
					4F2C2E0E0B99295616B6C104, ); defaultConfigurationIsVisible = 0; defaultConfigurationName = Debug; };
		E108CF2D96BAF0741C633D42 = {isa = PBXResourcesBuildPhase; buildActionMask = 2147483647; files = (
					0FD37443FBE78F362D8F83A1, ); runOnlyForDeploymentPostprocessing = 0; };
		C3DB113CA09D6E5B93BC89B8 = {isa = PBXSourcesBuildPhase; buildActionMask = 2147483647; files = (
					BDF2E8FCD0329493C5C6DB1B, ); runOnlyForDeploymentPostprocessing = 0; };
		42DCEB0D90FAF2375F28F87A = {isa = PBXFrameworksBuildPhase; buildActionMask = 2147483647; files = (
					F04C473E59A9DB75C38BED2F,
					AE5A40BB277BF4B5DD140501,
					12EF7244B75361F061FA4771,
					D238FA17795C9F2B498CDC9A,
					D091240D209BB4B21C2AC011,
					387D8DD1AE24A489318D53C4,
					9F74E61A3ADD02E23B6F3B60,
					1F409B3361147003575EAB6A,
					B00026A0F79DA07386AB2F07,
					CACF4BDECDED1BC3946F3B86,
					369715FB3A25ECE2D2C71F32,
					C5A0929493AFF0A3E794F104,
					3AF634809B8F625250E5EC3D,
					D95D3999736530C55191D465, ); runOnlyForDeploymentPostprocessing = 0; };
		1A621CFA1B342E76E52672B3 = {isa = PBXNativeTarget; buildConfigurationList = 612706AF1C616DDAF7F627D7; buildPhases = (
					E108CF2D96BAF0741C633D42,
					C3DB113CA09D6E5B93BC89B8,
					42DCEB0D90FAF2375F28F87A, ); buildRules = ( ); dependencies = (
					94AA733B01C21F43B43D9B52, ); name = "WillStereoDelay - Standalone Plugin"; productName = WillStereoDelay; productReference = 61E60B7233355AB29956BE1B; productType = "com.apple.product-type.application"; };
		C61249810A3A234EA014B6E3 = {isa = XCConfigurationList; buildConfigurations = (
					467ECD17023F962A4DAC61CC,
					C5E54D6435EB8917624365A5, ); defaultConfigurationIsVisible = 0; defaultConfigurationName = Debug; };
		FDFEA796A46AE3AF6157B9F2 = {isa = PBXSourcesBuildPhase; buildActionMask = 2147483647; files = (
					E2C8B34524345F57183546AE,
					E5C662C95143F97628D518C9,
					9E386D6F0687E8099EA0A15F,
					3EE69C117983F33F5A8A80F9,
					484DA77AFE6732EACABC4A80,
					86B8209F4AC5232D6F020EBE,
					9C845B741A358F549B53685C,
					C6A7E35AA92B0009FE384500,
					8D90C0044BDC10943835B213,
					9EFFDD94FE113A1E759A4D82,
					6F7F8BEA1626595D4A10FA9B,
					0604C9EC2DEFCB903DB3B228,
					94704A09E1C7B79A1BAA9427,
					0F33533396293290D55BC431,
					75F1AFF04521EBCE799999E0,
					785E099BBAE871EB213ACB33,
					7C9F2FBB1052CEAB57A15C03,
					C464BF5196E6AD41AD4D5A65,
					E12114622EA93DB9333BDEE1,
					74DA06F046769DCDA5E68386,
					840B5AFBF4D5C60BAD553A6B,
					356FB2D500CFA44281E9FD06,
					FABB6B856E7514367C5D7532, ); runOnlyForDeploymentPostprocessing = 0; };
		7322CACCC97887991E66ADF4 = {isa = PBXNativeTarget; buildConfigurationList = C61249810A3A234EA014B6E3; buildPhases = (
					FDFEA796A46AE3AF6157B9F2, ); buildRules = ( ); dependencies = (  ); name = "WillStereoDelay - Shared Code"; productName = WillStereoDelay; productReference = 0B15C03AF51DF94BDDA68C91; productType = "com.apple.product-type.library.static"; };
		09019AF43A0BC81FAFF6C7D9 = {isa = PBXProject; buildConfigurationList = 52132D51326540B738970417; attributes = { LastUpgradeCheck = 0830; ORGANIZATIONNAME = ""; TargetAttributes = { 9A01986DB8BCEE80018F18FD = { SystemCapabilities = {com.apple.ApplicationGroups.iOS = { enabled = 0; }; com.apple.InAppPurchase = { enabled = 0; }; com.apple.InterAppAudio = { enabled = 0; }; com.apple.Push = { enabled = 0; }; com.apple.Sandbox = { enabled = 0; }; }; };ED9A2671E79E709FD4B390D0 = { SystemCapabilities = {com.apple.ApplicationGroups.iOS = { enabled = 0; }; com.apple.InAppPurchase = { enabled = 0; }; com.apple.InterAppAudio = { enabled = 0; }; com.apple.Push = { enabled = 0; }; com.apple.Sandbox = { enabled = 0; }; }; };ED4F6BDD173FF84C10D033E1 = { SystemCapabilities = {com.apple.ApplicationGroups.iOS = { enabled = 0; }; com.apple.InAppPurchase = { enabled = 0; }; com.apple.InterAppAudio = { enabled = 0; }; com.apple.Push = { enabled = 0; }; com.apple.Sandbox = { enabled = 0; }; }; };1A621CFA1B342E76E52672B3 = { SystemCapabilities = {com.apple.ApplicationGroups.iOS = { enabled = 0; }; com.apple.InAppPurchase = { enabled = 0; }; com.apple.InterAppAudio = { enabled = 0; }; com.apple.Push = { enabled = 0; }; com.apple.Sandbox = { enabled = 0; }; }; };7322CACCC97887991E66ADF4 = { SystemCapabilities = {com.apple.ApplicationGroups.iOS = { enabled = 0; }; com.apple.InAppPurchase = { enabled = 0; }; com.apple.InterAppAudio = { enabled = 0; }; com.apple.Push = { enabled = 0; }; com.apple.Sandbox = { enabled = 0; }; }; }; }; }; compatibilityVersion = "Xcode 3.2"; hasScannedForEncodings = 0; mainGroup = 76E8D66F3C1A6E91202ED6C3; projectDirPath = ""; projectRoot = ""; targets = (9A01986DB8BCEE80018F18FD, ED9A2671E79E709FD4B390D0, ED4F6BDD173FF84C10D033E1, 1A621CFA1B342E76E52672B3, 7322CACCC97887991E66ADF4); };
	};
	rootObject = 09019AF43A0BC81FAFF6C7D9;
}
