// !$*UTF8*$!
{
	archiveVersion = 1;
	classes = {
	};
	objectVersion = 46;
	objects = {

		906B5968A44D6D5F0F2C354A = {isa = PBXBuildFile; fileRef = 02FD811334007583F23CE329; };
		A9B9D7E3BB78C8634A8D49E9 = {isa = PBXBuildFile; fileRef = 07F63A3AD04ACE0D065C510D; };
		6D5065B89ECB5A6FA7771FF8 = {isa = PBXBuildFile; fileRef = EF85C6261299735D6C4467A0; };
		78E16D457B12916C50FCCDEA = {isa = PBXBuildFile; fileRef = 2C71D0C218EAF49872DA2BDA; };
		384BD5AD610E92402189B397 = {isa = PBXBuildFile; fileRef = 194A1445A601FCC2FBA65C8E; };
		995F9A82757E5C54D3DCCD52 = {isa = PBXBuildFile; fileRef = E44355C38CFAC6C4E30AEB0D; };
		7852BD5B941E420D16EF0AEC = {isa = PBXBuildFile; fileRef = 4133113A95BAC4B64D6A1BDE; };
		932B8764144A26D84A69F806 = {isa = PBXBuildFile; fileRef = E13528438B8CBEA177E9652F; };
		7FBC1D0E8C902520B40CD607 = {isa = PBXBuildFile; fileRef = 9D441F776BB08383E5464E62; };
		1E7866FCC03B87D772BB0AB6 = {isa = PBXBuildFile; fileRef = 68F98A1BFCD25B8973F1564F; };
		F18004927080235BEAC28F5B = {isa = PBXBuildFile; fileRef = 0B0EA751366302B7EF6DB142; };
		FB1A77BE16B745D7F280D299 = {isa = PBXBuildFile; fileRef = A24996DFC54FCCFCB936C4F9; };
		418D2F3B55C2620201FE7234 = {isa = PBXBuildFile; fileRef = 76FB947811086F20BA657109; };
		28B2FEB2AFABE71ED57C8A1E = {isa = PBXBuildFile; fileRef = 843E79F6099CCB249047AF8F; };
		EB991C2117C0B06215B00316 = {isa = PBXBuildFile; fileRef = 06F855DB96D952DA0D37A4A4; };
		40AFFAFAAAD4271BD5235029 = {isa = PBXBuildFile; fileRef = 1E040EFDC64B7D1BAD4297EB; };
		0F9908E6E54D33F3C7D7F1F7 = {isa = PBXBuildFile; fileRef = E30929B721E321CD946269B2; };
		F895857ADE37CF699DCCC256 = {isa = PBXBuildFile; fileRef = 2D3F7379BE63674D652DF6EC; };
		1731942DA1F364C222A5EF18 = {isa = PBXBuildFile; fileRef = 25705C7FCEF93D2D9961844E; };
		E5FA6A37296C1F540864CDD3 = {isa = PBXBuildFile; fileRef = 06E8EFAD0DC59E72B820951B; };
		E0B3DC3E3F46556B359B3322 = {isa = PBXBuildFile; fileRef = 4A1648EB13A55A8813F54F8D; };
		CABDB9D648EED44F6DEA8EA8 = {isa = PBXBuildFile; fileRef = 4EE7C624F921B82ECE49EF18; };
		AED5B6589B611F2D31A1BDE2 = {isa = PBXBuildFile; fileRef = 9A42E60B06253C7818719A60; };
		DC1CFEBF2189CBAB95DDD944 = {isa = PBXBuildFile; fileRef = 730A5D8FC39B6752B72A513A; };
		4D41FECB240B2F22FBCAA419 = {isa = PBXBuildFile; fileRef = CB4302446BB83A9DB742C1B1; };
		8E0F58F7271E7FEFC44CD130 = {isa = PBXBuildFile; fileRef = C373B9CA822AE2E740E710C1; };
		4C5988483C56E0C870EDF636 = {isa = PBXBuildFile; fileRef = 9B39EE5D05B012D09C35D5BD; };
		CB89FB7925372C360748E9EA = {isa = PBXBuildFile; fileRef = 7C85332E9F05B16905980370; };
		65D3CDB748FB35ACEE4D4845 = {isa = PBXBuildFile; fileRef = 5502271024CC6AB82C55F231; };
		43C5149088D5A57DDB2C1191 = {isa = PBXBuildFile; fileRef = 94A8BA632C1772073F0910D2; };
		9CF44A981DD1503E03566331 = {isa = PBXBuildFile; fileRef = BECE2D83D27FE96B6BDAD788; };
		06D436EA082890F83EFA4092 = {isa = PBXBuildFile; fileRef = 7BFA62A4AF6E875FFA703E8B; };
		48196CB8A8F8D7604D724705 = {isa = PBXBuildFile; fileRef = 5D9EE3EF552A9FAFE4F74FB7; };
		12137DCBCF14B29EB69C38A4 = {isa = PBXBuildFile; fileRef = 7CBEA27FDF9350C599250CF7; };
		E7BE95F39DF90644F1C883A5 = {isa = PBXBuildFile; fileRef = BEE0F03A06DEF73379C32B09; };
		DEBFCC5C410BB3E052EDE6FA = {isa = PBXBuildFile; fileRef = DC3F2CB43B83840B54F2998F; };
		7D181A90A1EF3648AEE2CE93 = {isa = PBXBuildFile; fileRef = 0312C8EBB9CDDE22AA988BB8; };
		A744348712B462DA85F05FD5 = {isa = PBXBuildFile; fileRef = 62934026C6D626FE10D027B1; };
		B37E49C13810B1E455AFA254 = {isa = PBXBuildFile; fileRef = 6707236865E1668A283F224F; };
		D176B9A4278A90A8FB9DC86E = {isa = PBXBuildFile; fileRef = 4FA2B953863CF7525F6AD522; };
		28EA7DFB076B91D4F9794600 = {isa = PBXBuildFile; fileRef = D216C5247279E77CD5274D6F; };
		65C696822AC5F5393192C029 = {isa = PBXBuildFile; fileRef = EFADD3702CB73897E52681A0; };
		7146322A09DEBF00886B1217 = {isa = PBXBuildFile; fileRef = A798A411A36771B3FFF7CD20; };
		49385E25A7C8005AE313A897 = {isa = PBXBuildFile; fileRef = 3E51D7DD0862090396B24E07; };
		55EE33EF43A7FF35A4CD945B = {isa = PBXBuildFile; fileRef = 71777B62B43CCE7F5B1EF17F; };
		F9E75475C1667D7F51C920C8 = {isa = PBXBuildFile; fileRef = 9475EDBDCB9A12B12FF5EBF8; };
		4D81D6D93BDD422D22E39FFA = {isa = PBXBuildFile; fileRef = 453FD6A243E65921E8F770FC; };
		99E393FB451DDFE9AC9D58FF = {isa = PBXBuildFile; fileRef = 98044A4F0C8DB228A244BF58; };
		42645CB29FB462B7A180EC8B = {isa = PBXBuildFile; fileRef = F219C3762E4DF102FECD2B7F; };
		003A1D62FEE56D7A0FBAE58F = {isa = PBXFileReference; lastKnownFileType = sourcecode.c.h; name = JuceHeader.h; path = ../../JuceLibraryCode/JuceHeader.h; sourceTree = "SOURCE_ROOT"; };
		012F885599EBF5A9FB0EF1B8 = {isa = PBXFileReference; lastKnownFileType = file; name = "juce_events"; path = "../../../JUCE Latest/JUCE/modules/juce_events"; sourceTree = "SOURCE_ROOT"; };
		02FD811334007583F23CE329 = {isa = PBXFileReference; explicitFileType = wrapper.cfbundle; includeInIndex = 0; path = WillStereoDelay.vst; sourceTree = "BUILT_PRODUCTS_DIR"; };
		0312C8EBB9CDDE22AA988BB8 = {isa = PBXFileReference; lastKnownFileType = sourcecode.cpp.objcpp; name = "include_juce_audio_plugin_client_VST_utils.mm"; path = "../../JuceLibraryCode/include_juce_audio_plugin_client_VST_utils.mm"; sourceTree = "SOURCE_ROOT"; };
		06E8EFAD0DC59E72B820951B = {isa = PBXFileReference; lastKnownFileType = wrapper.framework; name = WebKit.framework; path = System/Library/Frameworks/WebKit.framework; sourceTree = SDKROOT; };
		06F855DB96D952DA0D37A4A4 = {isa = PBXFileReference; lastKnownFileType = wrapper.framework; name = CoreMIDI.framework; path = System/Library/Frameworks/CoreMIDI.framework; sourceTree = SDKROOT; };
		07F63A3AD04ACE0D065C510D = {isa = PBXFileReference; explicitFileType = wrapper.cfbundle; includeInIndex = 0; path = WillStereoDelay.component; sourceTree = "BUILT_PRODUCTS_DIR"; };
		0B0EA751366302B7EF6DB142 = {isa = PBXFileReference; lastKnownFileType = wrapper.framework; name = Cocoa.framework; path = System/Library/Frameworks/Cocoa.framework; sourceTree = SDKROOT; };
		0EFD72E2CB6C7FFD58F7137A = {isa = PBXFileReference; lastKnownFileType = image.png; name = sslknob.png; path = "../../../../Downloads/JUCE_JAPAN_DEMO-master/vol2/AudioPlugin/SimpleEqualizer/Resources/sslknob.png"; sourceTree = "SOURCE_ROOT"; };
		194A1445A601FCC2FBA65C8E = {isa = PBXFileReference; lastKnownFileType = wrapper.framework; name = Accelerate.framework; path = System/Library/Frameworks/Accelerate.framework; sourceTree = SDKROOT; };
		1E040EFDC64B7D1BAD4297EB = {isa = PBXFileReference; lastKnownFileType = wrapper.framework; name = DiscRecording.framework; path = System/Library/Frameworks/DiscRecording.framework; sourceTree = SDKROOT; };
		23DB5C71F0B20656656B1324 = {isa = PBXFileReference; lastKnownFileType = text.plist.xml; name = "Info-Standalone_Plugin.plist"; path = "Info-Standalone_Plugin.plist"; sourceTree = "SOURCE_ROOT"; };
		2463FDFC0A436575782455A5 = {isa = PBXFileReference; lastKnownFileType = image.png; name = "switch_toggle_sub.png"; path = "../../../../Downloads/JUCE_JAPAN_DEMO-master/vol2/AudioPlugin/SimpleEqualizer/Resources/switch_toggle_sub.png"; sourceTree = "SOURCE_ROOT"; };
		25705C7FCEF93D2D9961844E = {isa = PBXFileReference; lastKnownFileType = wrapper.framework; name = QuartzCore.framework; path = System/Library/Frameworks/QuartzCore.framework; sourceTree = SDKROOT; };
		2C69A675B5DE2FDBE52E9F39 = {isa = PBXFileReference; lastKnownFileType = file; name = "juce_audio_devices"; path = "../../../JUCE Latest/JUCE/modules/juce_audio_devices"; sourceTree = "SOURCE_ROOT"; };
		2D3F7379BE63674D652DF6EC = {isa = PBXFileReference; lastKnownFileType = wrapper.framework; name = OpenGL.framework; path = System/Library/Frameworks/OpenGL.framework; sourceTree = SDKROOT; };
		3B89DDD6F4BEADFD7EC3FE5D = {isa = PBXFileReference; lastKnownFileType = sourcecode.c.h; name = RangeSlider.h; path = ../../Source/GUI/RangeSlider.h; sourceTree = "SOURCE_ROOT"; };
		3E51D7DD0862090396B24E07 = {isa = PBXFileReference; lastKnownFileType = sourcecode.cpp.objcpp; name = "include_juce_events.mm"; path = "../../JuceLibraryCode/include_juce_events.mm"; sourceTree = "SOURCE_ROOT"; };
		4133113A95BAC4B64D6A1BDE = {isa = PBXFileReference; lastKnownFileType = wrapper.framework; name = AudioUnit.framework; path = System/Library/Frameworks/AudioUnit.framework; sourceTree = SDKROOT; };
		4442756382E98E61B850D9E1 = {isa = PBXFileReference; lastKnownFileType = file; name = "juce_graphics"; path = "../../../JUCE Latest/JUCE/modules/juce_graphics"; sourceTree = "SOURCE_ROOT"; };
		453FD6A243E65921E8F770FC = {isa = PBXFileReference; lastKnownFileType = sourcecode.cpp.objcpp; name = "include_juce_gui_extra.mm"; path = "../../JuceLibraryCode/include_juce_gui_extra.mm"; sourceTree = "SOURCE_ROOT"; };
		47A449205DBC38020674EFCC = {isa = PBXFileReference; lastKnownFileType = sourcecode.c.h; name = DigitalDelayLine.h; path = ../../Source/DigitalDelayLine.h; sourceTree = "SOURCE_ROOT"; };
		4A1648EB13A55A8813F54F8D = {isa = PBXFileReference; lastKnownFileType = file.nib; name = RecentFilesMenuTemplate.nib; path = RecentFilesMenuTemplate.nib; sourceTree = "SOURCE_ROOT"; };
		4EBB235FA4970305A762A121 = {isa = PBXFileReference; lastKnownFileType = sourcecode.c.h; name = FilmstripSlider.h; path = ../../Source/GUI/FilmstripSlider.h; sourceTree = "SOURCE_ROOT"; };
		4EE7C624F921B82ECE49EF18 = {isa = PBXFileReference; lastKnownFileType = sourcecode.cpp.cpp; name = FilmstripSlider.cpp; path = ../../Source/GUI/FilmstripSlider.cpp; sourceTree = "SOURCE_ROOT"; };
		4FA2B953863CF7525F6AD522 = {isa = PBXFileReference; lastKnownFileType = sourcecode.cpp.objcpp; name = "include_juce_audio_utils.mm"; path = "../../JuceLibraryCode/include_juce_audio_utils.mm"; sourceTree = "SOURCE_ROOT"; };
		509F21826CC1FDA064F9DE78 = {isa = PBXFileReference; lastKnownFileType = file; name = "juce_audio_plugin_client"; path = "../../../JUCE Latest/JUCE/modules/juce_audio_plugin_client"; sourceTree = "SOURCE_ROOT"; };
		5502271024CC6AB82C55F231 = {isa = PBXFileReference; lastKnownFileType = sourcecode.cpp.objcpp; name = "include_juce_audio_basics.mm"; path = "../../JuceLibraryCode/include_juce_audio_basics.mm"; sourceTree = "SOURCE_ROOT"; };
		5B1604FE6D7D034826099376 = {isa = PBXFileReference; lastKnownFileType = sourcecode.c.h; name = AppConfig.h; path = ../../JuceLibraryCode/AppConfig.h; sourceTree = "SOURCE_ROOT"; };
		5D9EE3EF552A9FAFE4F74FB7 = {isa = PBXFileReference; lastKnownFileType = sourcecode.cpp.objcpp; name = "include_juce_audio_plugin_client_AU_1.mm"; path = "../../JuceLibraryCode/include_juce_audio_plugin_client_AU_1.mm"; sourceTree = "SOURCE_ROOT"; };
		62934026C6D626FE10D027B1 = {isa = PBXFileReference; lastKnownFileType = sourcecode.cpp.cpp; name = "include_juce_audio_plugin_client_VST2.cpp"; path = "../../JuceLibraryCode/include_juce_audio_plugin_client_VST2.cpp"; sourceTree = "SOURCE_ROOT"; };
		6707236865E1668A283F224F = {isa = PBXFileReference; lastKnownFileType = sourcecode.cpp.objcpp; name = "include_juce_audio_processors.mm"; path = "../../JuceLibraryCode/include_juce_audio_processors.mm"; sourceTree = "SOURCE_ROOT"; };
		6780A98C7A48E1C52B2545F2 = {isa = PBXFileReference; lastKnownFileType = image.png; name = "SimpleEqualizer_knob.png"; path = "../../../../Downloads/JUCE_JAPAN_DEMO-master/vol2/AudioPlugin/SimpleEqualizer/Resources/SimpleEqualizer_knob.png"; sourceTree = "SOURCE_ROOT"; };
		678DD8962AA23811537FF4C5 = {isa = PBXFileReference; lastKnownFileType = file; name = "juce_audio_basics"; path = "../../../JUCE Latest/JUCE/modules/juce_audio_basics"; sourceTree = "SOURCE_ROOT"; };
		68F98A1BFCD25B8973F1564F = {isa = PBXFileReference; lastKnownFileType = wrapper.framework; name = Carbon.framework; path = System/Library/Frameworks/Carbon.framework; sourceTree = SDKROOT; };
		6B6FD994B7CAC30EBBE6A048 = {isa = PBXFileReference; lastKnownFileType = image.png; name = "SimpleEqualizer_bypass.png"; path = "../../../../Downloads/JUCE_JAPAN_DEMO-master/vol2/AudioPlugin/SimpleEqualizer/Resources/SimpleEqualizer_bypass.png"; sourceTree = "SOURCE_ROOT"; };
		71777B62B43CCE7F5B1EF17F = {isa = PBXFileReference; lastKnownFileType = sourcecode.cpp.objcpp; name = "include_juce_graphics.mm"; path = "../../JuceLibraryCode/include_juce_graphics.mm"; sourceTree = "SOURCE_ROOT"; };
		730A5D8FC39B6752B72A513A = {isa = PBXFileReference; lastKnownFileType = sourcecode.cpp.cpp; name = RangeSlider.cpp; path = ../../Source/GUI/RangeSlider.cpp; sourceTree = "SOURCE_ROOT"; };
		76FB947811086F20BA657109 = {isa = PBXFileReference; lastKnownFileType = wrapper.framework; name = CoreAudioKit.framework; path = System/Library/Frameworks/CoreAudioKit.framework; sourceTree = SDKROOT; };
		7BFA62A4AF6E875FFA703E8B = {isa = PBXFileReference; lastKnownFileType = file.r; name = "include_juce_audio_plugin_client_AU.r"; path = "../../JuceLibraryCode/include_juce_audio_plugin_client_AU.r"; sourceTree = "SOURCE_ROOT"; };
		7C85332E9F05B16905980370 = {isa = PBXFileReference; lastKnownFileType = sourcecode.cpp.cpp; name = BinaryData.cpp; path = ../../JuceLibraryCode/BinaryData.cpp; sourceTree = "SOURCE_ROOT"; };
		7CBEA27FDF9350C599250CF7 = {isa = PBXFileReference; lastKnownFileType = sourcecode.cpp.objcpp; name = "include_juce_audio_plugin_client_AU_2.mm"; path = "../../JuceLibraryCode/include_juce_audio_plugin_client_AU_2.mm"; sourceTree = "SOURCE_ROOT"; };
		837EE97FF180410FA6446B37 = {isa = PBXFileReference; lastKnownFileType = file; name = "juce_core"; path = "../../../JUCE Latest/JUCE/modules/juce_core"; sourceTree = "SOURCE_ROOT"; };
		843E79F6099CCB249047AF8F = {isa = PBXFileReference; lastKnownFileType = wrapper.framework; name = CoreMedia.framework; path = System/Library/Frameworks/CoreMedia.framework; sourceTree = SDKROOT; };
		8EED04BB8995E97EFCC40035 = {isa = PBXFileReference; lastKnownFileType = file; name = "juce_gui_basics"; path = "../../../JUCE Latest/JUCE/modules/juce_gui_basics"; sourceTree = "SOURCE_ROOT"; };
		8F4AEAD0A65EB55736278734 = {isa = PBXFileReference; lastKnownFileType = file; name = "juce_cryptography"; path = "../../../JUCE Latest/JUCE/modules/juce_cryptography"; sourceTree = "SOURCE_ROOT"; };
		919F69C161DD8A76D52EC19B = {isa = PBXFileReference; lastKnownFileType = file; name = "juce_opengl"; path = "../../../JUCE Latest/JUCE/modules/juce_opengl"; sourceTree = "SOURCE_ROOT"; };
		9475EDBDCB9A12B12FF5EBF8 = {isa = PBXFileReference; lastKnownFileType = sourcecode.cpp.objcpp; name = "include_juce_gui_basics.mm"; path = "../../JuceLibraryCode/include_juce_gui_basics.mm"; sourceTree = "SOURCE_ROOT"; };
		94A8BA632C1772073F0910D2 = {isa = PBXFileReference; lastKnownFileType = sourcecode.cpp.objcpp; name = "include_juce_audio_devices.mm"; path = "../../JuceLibraryCode/include_juce_audio_devices.mm"; sourceTree = "SOURCE_ROOT"; };
		94E529BFD08447F998F43C4A = {isa = PBXFileReference; lastKnownFileType = file; name = "juce_audio_formats"; path = "../../../JUCE Latest/JUCE/modules/juce_audio_formats"; sourceTree = "SOURCE_ROOT"; };
		98044A4F0C8DB228A244BF58 = {isa = PBXFileReference; lastKnownFileType = sourcecode.cpp.objcpp; name = "include_juce_opengl.mm"; path = "../../JuceLibraryCode/include_juce_opengl.mm"; sourceTree = "SOURCE_ROOT"; };
		98DC82C35B39A46C4B14577C = {isa = PBXFileReference; lastKnownFileType = file; name = "juce_data_structures"; path = "../../../JUCE Latest/JUCE/modules/juce_data_structures"; sourceTree = "SOURCE_ROOT"; };
		9A42E60B06253C7818719A60 = {isa = PBXFileReference; lastKnownFileType = sourcecode.cpp.cpp; name = FilmstripToggleButton.cpp; path = "../../../../Downloads/JUCE_JAPAN_DEMO-master/vol2/AudioPlugin/SimpleEqualizer/Source/GUI/FilmstripToggleButton.cpp"; sourceTree = "SOURCE_ROOT"; };
		9B39EE5D05B012D09C35D5BD = {isa = PBXFileReference; lastKnownFileType = sourcecode.cpp.cpp; name = DigitalDelayLine.cpp; path = ../../Source/DigitalDelayLine.cpp; sourceTree = "SOURCE_ROOT"; };
		9D441F776BB08383E5464E62 = {isa = PBXFileReference; lastKnownFileType = wrapper.framework; name = AVKit.framework; path = System/Library/Frameworks/AVKit.framework; sourceTree = SDKROOT; };
		A24996DFC54FCCFCB936C4F9 = {isa = PBXFileReference; lastKnownFileType = wrapper.framework; name = CoreAudio.framework; path = System/Library/Frameworks/CoreAudio.framework; sourceTree = SDKROOT; };
		A505CC214EAE60074A6CF5AF = {isa = PBXFileReference; lastKnownFileType = sourcecode.c.h; name = PluginProcessor.h; path = ../../Source/PluginProcessor.h; sourceTree = "SOURCE_ROOT"; };
		A555F0F220DE13663A818BE6 = {isa = PBXFileReference; lastKnownFileType = file; name = "juce_gui_extra"; path = "../../../JUCE Latest/JUCE/modules/juce_gui_extra"; sourceTree = "SOURCE_ROOT"; };
		A556C0D7D186D145A9866A91 = {isa = PBXFileReference; lastKnownFileType = text.plist.xml; name = "Info-VST.plist"; path = "Info-VST.plist"; sourceTree = "SOURCE_ROOT"; };
		A74778BBE9A96CBBA02067D6 = {isa = PBXFileReference; lastKnownFileType = sourcecode.c.h; name = BinaryData.h; path = ../../JuceLibraryCode/BinaryData.h; sourceTree = "SOURCE_ROOT"; };
		A798A411A36771B3FFF7CD20 = {isa = PBXFileReference; lastKnownFileType = sourcecode.cpp.objcpp; name = "include_juce_data_structures.mm"; path = "../../JuceLibraryCode/include_juce_data_structures.mm"; sourceTree = "SOURCE_ROOT"; };
		BECE2D83D27FE96B6BDAD788 = {isa = PBXFileReference; lastKnownFileType = sourcecode.cpp.objcpp; name = "include_juce_audio_formats.mm"; path = "../../JuceLibraryCode/include_juce_audio_formats.mm"; sourceTree = "SOURCE_ROOT"; };
		BEE0F03A06DEF73379C32B09 = {isa = PBXFileReference; lastKnownFileType = sourcecode.cpp.cpp; name = "include_juce_audio_plugin_client_Standalone.cpp"; path = "../../JuceLibraryCode/include_juce_audio_plugin_client_Standalone.cpp"; sourceTree = "SOURCE_ROOT"; };
		C373B9CA822AE2E740E710C1 = {isa = PBXFileReference; lastKnownFileType = sourcecode.cpp.cpp; name = PluginEditor.cpp; path = ../../Source/PluginEditor.cpp; sourceTree = "SOURCE_ROOT"; };
		C6159EFBA809E6BD954B9543 = {isa = PBXFileReference; lastKnownFileType = text.plist.xml; name = "Info-AU.plist"; path = "Info-AU.plist"; sourceTree = "SOURCE_ROOT"; };
		C71556A130EF6B2B34DFBD93 = {isa = PBXFileReference; lastKnownFileType = file; name = "juce_video"; path = "../../../JUCE Latest/JUCE/modules/juce_video"; sourceTree = "SOURCE_ROOT"; };
		CB4302446BB83A9DB742C1B1 = {isa = PBXFileReference; lastKnownFileType = sourcecode.cpp.cpp; name = PluginProcessor.cpp; path = ../../Source/PluginProcessor.cpp; sourceTree = "SOURCE_ROOT"; };
		CD5FCA228C824637F2EF69D0 = {isa = PBXFileReference; lastKnownFileType = text.plist.xml; name = WillStereoDelay.entitlements; path = WillStereoDelay.entitlements; sourceTree = "SOURCE_ROOT"; };
		D216C5247279E77CD5274D6F = {isa = PBXFileReference; lastKnownFileType = sourcecode.cpp.objcpp; name = "include_juce_core.mm"; path = "../../JuceLibraryCode/include_juce_core.mm"; sourceTree = "SOURCE_ROOT"; };
		D3F5F288CCF7F648128DA729 = {isa = PBXFileReference; lastKnownFileType = sourcecode.c.h; name = FilmstripToggleButton.h; path = "../../../../Downloads/JUCE_JAPAN_DEMO-master/vol2/AudioPlugin/SimpleEqualizer/Source/GUI/FilmstripToggleButton.h"; sourceTree = "SOURCE_ROOT"; };
		DC3F2CB43B83840B54F2998F = {isa = PBXFileReference; lastKnownFileType = sourcecode.cpp.cpp; name = "include_juce_audio_plugin_client_utils.cpp"; path = "../../JuceLibraryCode/include_juce_audio_plugin_client_utils.cpp"; sourceTree = "SOURCE_ROOT"; };
		E13528438B8CBEA177E9652F = {isa = PBXFileReference; lastKnownFileType = wrapper.framework; name = AVFoundation.framework; path = System/Library/Frameworks/AVFoundation.framework; sourceTree = SDKROOT; };
		E30929B721E321CD946269B2 = {isa = PBXFileReference; lastKnownFileType = wrapper.framework; name = IOKit.framework; path = System/Library/Frameworks/IOKit.framework; sourceTree = SDKROOT; };
		E44355C38CFAC6C4E30AEB0D = {isa = PBXFileReference; lastKnownFileType = wrapper.framework; name = AudioToolbox.framework; path = System/Library/Frameworks/AudioToolbox.framework; sourceTree = SDKROOT; };
		EF85C6261299735D6C4467A0 = {isa = PBXFileReference; explicitFileType = wrapper.application; includeInIndex = 0; path = WillStereoDelay.app; sourceTree = "BUILT_PRODUCTS_DIR"; };
		2C71D0C218EAF49872DA2BDA = {isa = PBXFileReference; explicitFileType = archive.ar; includeInIndex = 0; path = libWillStereoDelay.a; sourceTree = "BUILT_PRODUCTS_DIR"; };
		EFADD3702CB73897E52681A0 = {isa = PBXFileReference; lastKnownFileType = sourcecode.cpp.objcpp; name = "include_juce_cryptography.mm"; path = "../../JuceLibraryCode/include_juce_cryptography.mm"; sourceTree = "SOURCE_ROOT"; };
		F219C3762E4DF102FECD2B7F = {isa = PBXFileReference; lastKnownFileType = sourcecode.cpp.objcpp; name = "include_juce_video.mm"; path = "../../JuceLibraryCode/include_juce_video.mm"; sourceTree = "SOURCE_ROOT"; };
		F9BFF048CEFB272ECBD1A2CF = {isa = PBXFileReference; lastKnownFileType = sourcecode.c.h; name = PluginEditor.h; path = ../../Source/PluginEditor.h; sourceTree = "SOURCE_ROOT"; };
		FD2440063483D51FA013AECB = {isa = PBXFileReference; lastKnownFileType = file; name = "juce_audio_processors"; path = "../../../JUCE Latest/JUCE/modules/juce_audio_processors"; sourceTree = "SOURCE_ROOT"; };
		FEA08096A3364F6F56813DD1 = {isa = PBXFileReference; lastKnownFileType = file; name = "juce_audio_utils"; path = "../../../JUCE Latest/JUCE/modules/juce_audio_utils"; sourceTree = "SOURCE_ROOT"; };
		AC2E99BCD1992BA5F6E57A64 = {isa = PBXGroup; children = (
					6B6FD994B7CAC30EBBE6A048,
					6780A98C7A48E1C52B2545F2,
					0EFD72E2CB6C7FFD58F7137A,
					2463FDFC0A436575782455A5, ); name = assets; sourceTree = "<group>"; };
		1A2704A465CFA432FBA689BE = {isa = PBXGroup; children = (
					AC2E99BCD1992BA5F6E57A64,
					4EE7C624F921B82ECE49EF18,
					4EBB235FA4970305A762A121,
					9A42E60B06253C7818719A60,
					D3F5F288CCF7F648128DA729,
					730A5D8FC39B6752B72A513A,
					3B89DDD6F4BEADFD7EC3FE5D, ); name = GUI; sourceTree = "<group>"; };
		CCEF675C111C33E148CA1989 = {isa = PBXGroup; children = (
					CB4302446BB83A9DB742C1B1,
					A505CC214EAE60074A6CF5AF,
					C373B9CA822AE2E740E710C1,
					F9BFF048CEFB272ECBD1A2CF,
					9B39EE5D05B012D09C35D5BD,
					47A449205DBC38020674EFCC, ); name = Source; sourceTree = "<group>"; };
		E26ACE282417CA94B6045B51 = {isa = PBXGroup; children = (
					1A2704A465CFA432FBA689BE,
					CCEF675C111C33E148CA1989, ); name = WillStereoDelay; sourceTree = "<group>"; };
		B861EAD67C6B1015B65D7662 = {isa = PBXGroup; children = (
					678DD8962AA23811537FF4C5,
					2C69A675B5DE2FDBE52E9F39,
					94E529BFD08447F998F43C4A,
					509F21826CC1FDA064F9DE78,
					FD2440063483D51FA013AECB,
					FEA08096A3364F6F56813DD1,
					837EE97FF180410FA6446B37,
					8F4AEAD0A65EB55736278734,
					98DC82C35B39A46C4B14577C,
					012F885599EBF5A9FB0EF1B8,
					4442756382E98E61B850D9E1,
					8EED04BB8995E97EFCC40035,
					A555F0F220DE13663A818BE6,
					919F69C161DD8A76D52EC19B,
					C71556A130EF6B2B34DFBD93, ); name = "JUCE Modules"; sourceTree = "<group>"; };
		5AFC9468537F5ECF303497D8 = {isa = PBXGroup; children = (
					5B1604FE6D7D034826099376,
					7C85332E9F05B16905980370,
					A74778BBE9A96CBBA02067D6,
					5502271024CC6AB82C55F231,
					94A8BA632C1772073F0910D2,
					BECE2D83D27FE96B6BDAD788,
					7BFA62A4AF6E875FFA703E8B,
					5D9EE3EF552A9FAFE4F74FB7,
					7CBEA27FDF9350C599250CF7,
					BEE0F03A06DEF73379C32B09,
					DC3F2CB43B83840B54F2998F,
					0312C8EBB9CDDE22AA988BB8,
					62934026C6D626FE10D027B1,
					6707236865E1668A283F224F,
					4FA2B953863CF7525F6AD522,
					D216C5247279E77CD5274D6F,
					EFADD3702CB73897E52681A0,
					A798A411A36771B3FFF7CD20,
					3E51D7DD0862090396B24E07,
					71777B62B43CCE7F5B1EF17F,
					9475EDBDCB9A12B12FF5EBF8,
					453FD6A243E65921E8F770FC,
					98044A4F0C8DB228A244BF58,
					F219C3762E4DF102FECD2B7F,
					003A1D62FEE56D7A0FBAE58F, ); name = "JUCE Library Code"; sourceTree = "<group>"; };
		DEDD54700F6250DF633AB857 = {isa = PBXGroup; children = (
					A556C0D7D186D145A9866A91,
					C6159EFBA809E6BD954B9543,
					23DB5C71F0B20656656B1324,
					4A1648EB13A55A8813F54F8D, ); name = Resources; sourceTree = "<group>"; };
		F64F45A11BCD6DBD6D0A592F = {isa = PBXGroup; children = (
					194A1445A601FCC2FBA65C8E,
					E44355C38CFAC6C4E30AEB0D,
					4133113A95BAC4B64D6A1BDE,
					E13528438B8CBEA177E9652F,
					9D441F776BB08383E5464E62,
					68F98A1BFCD25B8973F1564F,
					0B0EA751366302B7EF6DB142,
					A24996DFC54FCCFCB936C4F9,
					76FB947811086F20BA657109,
					843E79F6099CCB249047AF8F,
					06F855DB96D952DA0D37A4A4,
					1E040EFDC64B7D1BAD4297EB,
					E30929B721E321CD946269B2,
					2D3F7379BE63674D652DF6EC,
					25705C7FCEF93D2D9961844E,
					06E8EFAD0DC59E72B820951B, ); name = Frameworks; sourceTree = "<group>"; };
		7BD3AFEAEBAA8B13B4239C05 = {isa = PBXGroup; children = (
					02FD811334007583F23CE329,
					07F63A3AD04ACE0D065C510D,
					EF85C6261299735D6C4467A0,
					2C71D0C218EAF49872DA2BDA, ); name = Products; sourceTree = "<group>"; };
		9203904D0327040F472B4F22 = {isa = PBXGroup; children = (
					CD5FCA228C824637F2EF69D0,
					E26ACE282417CA94B6045B51,
					B861EAD67C6B1015B65D7662,
					5AFC9468537F5ECF303497D8,
					DEDD54700F6250DF633AB857,
					F64F45A11BCD6DBD6D0A592F,
					7BD3AFEAEBAA8B13B4239C05, ); name = Source; sourceTree = "<group>"; };
		D2EDC82F7E2E8C6BE9529CE3 = {isa = XCBuildConfiguration; buildSettings = {
				MACOSX_DEPLOYMENT_TARGET = 10.11; }; name = Debug; };
		A24ADF294588D4580F6D7DFA = {isa = XCBuildConfiguration; buildSettings = {
				MACOSX_DEPLOYMENT_TARGET = 10.11; }; name = Release; };
		9471AD453B218EBF79FCB1D8 = {isa = XCBuildConfiguration; buildSettings = {
				CLANG_CXX_LANGUAGE_STANDARD = "c++14";
				CLANG_LINK_OBJC_RUNTIME = NO;
				COMBINE_HIDPI_IMAGES = YES;
				CONFIGURATION_BUILD_DIR = "$(PROJECT_DIR)/build/$(CONFIGURATION)";
				COPY_PHASE_STRIP = NO;
				DEPLOYMENT_LOCATION = YES;
				DSTROOT = /;
				GCC_DYNAMIC_NO_PIC = NO;
				GCC_OPTIMIZATION_LEVEL = 0;
				GCC_PREPROCESSOR_DEFINITIONS = (
					"_DEBUG=1",
					"DEBUG=1",
					"JUCER_XCODE_MAC_F6D2F4CF=1",
					"JUCE_APP_VERSION=1.0.0",
					"JUCE_APP_VERSION_HEX=0x10000",
					"JucePlugin_Build_VST=1",
					"JucePlugin_Build_VST3=0",
					"JucePlugin_Build_AU=0",
					"JucePlugin_Build_AUv3=0",
					"JucePlugin_Build_RTAS=0",
					"JucePlugin_Build_AAX=0",
					"JucePlugin_Build_Standalone=0", );
				GCC_VERSION = com.apple.compilers.llvm.clang.1_0;
				GENERATE_PKGINFO_FILE = YES;
				HEADER_SEARCH_PATHS = ("../../JuceLibraryCode", "\"../../../JUCE Latest/JUCE/modules\"", "\"../../../JUCE Latest/JUCE/modules/juce_audio_plugin_client\"", "$(inherited)");
				INFOPLIST_FILE = Info-VST.plist;
				INFOPLIST_PREPROCESS = NO;
				INSTALL_PATH = "$(HOME)/Library/Audio/Plug-Ins/VST/";
				LIBRARY_STYLE = Bundle;
				MACOSX_DEPLOYMENT_TARGET = 10.11;
				MACOSX_DEPLOYMENT_TARGET_ppc = 10.4;
				OTHER_LDFLAGS = "-bundle -lWillStereoDelay";
				PRODUCT_BUNDLE_IDENTIFIER = com.yourcompany.WillStereoDelay;
				SDKROOT_ppc = macosx10.5;
				USE_HEADERMAP = NO;
				WRAPPER_EXTENSION = vst; }; name = Debug; };
		DC39C361415B60B5AE212C71 = {isa = XCBuildConfiguration; buildSettings = {
				CLANG_CXX_LANGUAGE_STANDARD = "c++14";
				CLANG_LINK_OBJC_RUNTIME = NO;
				COMBINE_HIDPI_IMAGES = YES;
				CONFIGURATION_BUILD_DIR = "$(PROJECT_DIR)/build/$(CONFIGURATION)";
				DEAD_CODE_STRIPPING = YES;
				DEPLOYMENT_LOCATION = YES;
				DSTROOT = /;
				GCC_GENERATE_DEBUGGING_SYMBOLS = NO;
				GCC_OPTIMIZATION_LEVEL = 3;
				GCC_PREPROCESSOR_DEFINITIONS = (
					"_NDEBUG=1",
					"NDEBUG=1",
					"JUCER_XCODE_MAC_F6D2F4CF=1",
					"JUCE_APP_VERSION=1.0.0",
					"JUCE_APP_VERSION_HEX=0x10000",
					"JucePlugin_Build_VST=1",
					"JucePlugin_Build_VST3=0",
					"JucePlugin_Build_AU=0",
					"JucePlugin_Build_AUv3=0",
					"JucePlugin_Build_RTAS=0",
					"JucePlugin_Build_AAX=0",
					"JucePlugin_Build_Standalone=0", );
				GCC_SYMBOLS_PRIVATE_EXTERN = YES;
				GCC_VERSION = com.apple.compilers.llvm.clang.1_0;
				GENERATE_PKGINFO_FILE = YES;
				HEADER_SEARCH_PATHS = ("../../JuceLibraryCode", "\"../../../JUCE Latest/JUCE/modules\"", "\"../../../JUCE Latest/JUCE/modules/juce_audio_plugin_client\"", "$(inherited)");
				INFOPLIST_FILE = Info-VST.plist;
				INFOPLIST_PREPROCESS = NO;
				INSTALL_PATH = "$(HOME)/Library/Audio/Plug-Ins/VST/";
				LIBRARY_STYLE = Bundle;
				LLVM_LTO = YES;
				MACOSX_DEPLOYMENT_TARGET = 10.11;
				MACOSX_DEPLOYMENT_TARGET_ppc = 10.4;
				OTHER_LDFLAGS = "-bundle -lWillStereoDelay";
				PRODUCT_BUNDLE_IDENTIFIER = com.yourcompany.WillStereoDelay;
				SDKROOT_ppc = macosx10.5;
				USE_HEADERMAP = NO;
				WRAPPER_EXTENSION = vst; }; name = Release; };
		7907D33C6325592CC21B0EB0 = {isa = XCBuildConfiguration; buildSettings = {
				CLANG_CXX_LANGUAGE_STANDARD = "c++14";
				CLANG_LINK_OBJC_RUNTIME = NO;
				COMBINE_HIDPI_IMAGES = YES;
				CONFIGURATION_BUILD_DIR = "$(PROJECT_DIR)/build/$(CONFIGURATION)";
				COPY_PHASE_STRIP = NO;
				DEPLOYMENT_LOCATION = YES;
				DSTROOT = /;
				GCC_DYNAMIC_NO_PIC = NO;
				GCC_OPTIMIZATION_LEVEL = 0;
				GCC_PREPROCESSOR_DEFINITIONS = (
					"_DEBUG=1",
					"DEBUG=1",
					"JUCER_XCODE_MAC_F6D2F4CF=1",
					"JUCE_APP_VERSION=1.0.0",
					"JUCE_APP_VERSION_HEX=0x10000",
					"JucePlugin_Build_VST=0",
					"JucePlugin_Build_VST3=0",
					"JucePlugin_Build_AU=1",
					"JucePlugin_Build_AUv3=0",
					"JucePlugin_Build_RTAS=0",
					"JucePlugin_Build_AAX=0",
					"JucePlugin_Build_Standalone=0", );
				GCC_VERSION = com.apple.compilers.llvm.clang.1_0;
				GENERATE_PKGINFO_FILE = YES;
				HEADER_SEARCH_PATHS = ("../../JuceLibraryCode", "\"../../../JUCE Latest/JUCE/modules\"", "\"../../../JUCE Latest/JUCE/modules/juce_audio_plugin_client\"", "$(inherited)");
				INFOPLIST_FILE = Info-AU.plist;
				INFOPLIST_PREPROCESS = NO;
				INSTALL_PATH = "$(HOME)/Library/Audio/Plug-Ins/Components/";
				LIBRARY_STYLE = Bundle;
				MACOSX_DEPLOYMENT_TARGET = 10.11;
				MACOSX_DEPLOYMENT_TARGET_ppc = 10.4;
				OTHER_LDFLAGS = "-bundle -lWillStereoDelay";
				OTHER_REZFLAGS = "-d ppc_$ppc -d i386_$i386 -d ppc64_$ppc64 -d x86_64_$x86_64 -I /System/Library/Frameworks/CoreServices.framework/Frameworks/CarbonCore.framework/Versions/A/Headers -I \"$(DEVELOPER_DIR)/Extras/CoreAudio/AudioUnits/AUPublic/AUBase\"";
				PRODUCT_BUNDLE_IDENTIFIER = com.yourcompany.WillStereoDelay;
				SDKROOT_ppc = macosx10.5;
				USE_HEADERMAP = NO;
				WRAPPER_EXTENSION = component; }; name = Debug; };
		EAB3B9DFAFE6B081844A1E46 = {isa = XCBuildConfiguration; buildSettings = {
				CLANG_CXX_LANGUAGE_STANDARD = "c++14";
				CLANG_LINK_OBJC_RUNTIME = NO;
				COMBINE_HIDPI_IMAGES = YES;
				CONFIGURATION_BUILD_DIR = "$(PROJECT_DIR)/build/$(CONFIGURATION)";
				DEAD_CODE_STRIPPING = YES;
				DEPLOYMENT_LOCATION = YES;
				DSTROOT = /;
				GCC_GENERATE_DEBUGGING_SYMBOLS = NO;
				GCC_OPTIMIZATION_LEVEL = 3;
				GCC_PREPROCESSOR_DEFINITIONS = (
					"_NDEBUG=1",
					"NDEBUG=1",
					"JUCER_XCODE_MAC_F6D2F4CF=1",
					"JUCE_APP_VERSION=1.0.0",
					"JUCE_APP_VERSION_HEX=0x10000",
					"JucePlugin_Build_VST=0",
					"JucePlugin_Build_VST3=0",
					"JucePlugin_Build_AU=1",
					"JucePlugin_Build_AUv3=0",
					"JucePlugin_Build_RTAS=0",
					"JucePlugin_Build_AAX=0",
					"JucePlugin_Build_Standalone=0", );
				GCC_SYMBOLS_PRIVATE_EXTERN = YES;
				GCC_VERSION = com.apple.compilers.llvm.clang.1_0;
				GENERATE_PKGINFO_FILE = YES;
				HEADER_SEARCH_PATHS = ("../../JuceLibraryCode", "\"../../../JUCE Latest/JUCE/modules\"", "\"../../../JUCE Latest/JUCE/modules/juce_audio_plugin_client\"", "$(inherited)");
				INFOPLIST_FILE = Info-AU.plist;
				INFOPLIST_PREPROCESS = NO;
				INSTALL_PATH = "$(HOME)/Library/Audio/Plug-Ins/Components/";
				LIBRARY_STYLE = Bundle;
				LLVM_LTO = YES;
				MACOSX_DEPLOYMENT_TARGET = 10.11;
				MACOSX_DEPLOYMENT_TARGET_ppc = 10.4;
				OTHER_LDFLAGS = "-bundle -lWillStereoDelay";
				OTHER_REZFLAGS = "-d ppc_$ppc -d i386_$i386 -d ppc64_$ppc64 -d x86_64_$x86_64 -I /System/Library/Frameworks/CoreServices.framework/Frameworks/CarbonCore.framework/Versions/A/Headers -I \"$(DEVELOPER_DIR)/Extras/CoreAudio/AudioUnits/AUPublic/AUBase\"";
				PRODUCT_BUNDLE_IDENTIFIER = com.yourcompany.WillStereoDelay;
				SDKROOT_ppc = macosx10.5;
				USE_HEADERMAP = NO;
				WRAPPER_EXTENSION = component; }; name = Release; };
		B710B09F65FD567676F4F741 = {isa = XCBuildConfiguration; buildSettings = {
				CLANG_CXX_LANGUAGE_STANDARD = "c++14";
				CLANG_LINK_OBJC_RUNTIME = NO;
				COMBINE_HIDPI_IMAGES = YES;
				CONFIGURATION_BUILD_DIR = "$(PROJECT_DIR)/build/$(CONFIGURATION)";
				COPY_PHASE_STRIP = NO;
				GCC_DYNAMIC_NO_PIC = NO;
				GCC_OPTIMIZATION_LEVEL = 0;
				GCC_PREPROCESSOR_DEFINITIONS = (
					"_DEBUG=1",
					"DEBUG=1",
					"JUCER_XCODE_MAC_F6D2F4CF=1",
					"JUCE_APP_VERSION=1.0.0",
					"JUCE_APP_VERSION_HEX=0x10000",
					"JucePlugin_Build_VST=0",
					"JucePlugin_Build_VST3=0",
					"JucePlugin_Build_AU=0",
					"JucePlugin_Build_AUv3=0",
					"JucePlugin_Build_RTAS=0",
					"JucePlugin_Build_AAX=0",
					"JucePlugin_Build_Standalone=1", );
				GCC_VERSION = com.apple.compilers.llvm.clang.1_0;
				HEADER_SEARCH_PATHS = ("../../JuceLibraryCode", "\"../../../JUCE Latest/JUCE/modules\"", "\"../../../JUCE Latest/JUCE/modules/juce_audio_plugin_client\"", "$(inherited)");
				INFOPLIST_FILE = Info-Standalone_Plugin.plist;
				INFOPLIST_PREPROCESS = NO;
				MACOSX_DEPLOYMENT_TARGET = 10.11;
				MACOSX_DEPLOYMENT_TARGET_ppc = 10.4;
				OTHER_LDFLAGS = "-lWillStereoDelay";
				PRODUCT_BUNDLE_IDENTIFIER = com.yourcompany.WillStereoDelay;
				SDKROOT_ppc = macosx10.5;
				USE_HEADERMAP = NO; }; name = Debug; };
		DFC9BBFD66363E5FDDDB7216 = {isa = XCBuildConfiguration; buildSettings = {
				CLANG_CXX_LANGUAGE_STANDARD = "c++14";
				CLANG_LINK_OBJC_RUNTIME = NO;
				COMBINE_HIDPI_IMAGES = YES;
				CONFIGURATION_BUILD_DIR = "$(PROJECT_DIR)/build/$(CONFIGURATION)";
				DEAD_CODE_STRIPPING = YES;
				GCC_GENERATE_DEBUGGING_SYMBOLS = NO;
				GCC_OPTIMIZATION_LEVEL = 3;
				GCC_PREPROCESSOR_DEFINITIONS = (
					"_NDEBUG=1",
					"NDEBUG=1",
					"JUCER_XCODE_MAC_F6D2F4CF=1",
					"JUCE_APP_VERSION=1.0.0",
					"JUCE_APP_VERSION_HEX=0x10000",
					"JucePlugin_Build_VST=0",
					"JucePlugin_Build_VST3=0",
					"JucePlugin_Build_AU=0",
					"JucePlugin_Build_AUv3=0",
					"JucePlugin_Build_RTAS=0",
					"JucePlugin_Build_AAX=0",
					"JucePlugin_Build_Standalone=1", );
				GCC_SYMBOLS_PRIVATE_EXTERN = YES;
				GCC_VERSION = com.apple.compilers.llvm.clang.1_0;
				HEADER_SEARCH_PATHS = ("../../JuceLibraryCode", "\"../../../JUCE Latest/JUCE/modules\"", "\"../../../JUCE Latest/JUCE/modules/juce_audio_plugin_client\"", "$(inherited)");
				INFOPLIST_FILE = Info-Standalone_Plugin.plist;
				INFOPLIST_PREPROCESS = NO;
				LLVM_LTO = YES;
				MACOSX_DEPLOYMENT_TARGET = 10.11;
				MACOSX_DEPLOYMENT_TARGET_ppc = 10.4;
				OTHER_LDFLAGS = "-lWillStereoDelay";
				PRODUCT_BUNDLE_IDENTIFIER = com.yourcompany.WillStereoDelay;
				SDKROOT_ppc = macosx10.5;
				USE_HEADERMAP = NO; }; name = Release; };
		71DBB5E615BE95D950BFEC68 = {isa = XCBuildConfiguration; buildSettings = {
				CLANG_CXX_LANGUAGE_STANDARD = "c++14";
				CLANG_LINK_OBJC_RUNTIME = NO;
				COMBINE_HIDPI_IMAGES = YES;
				CONFIGURATION_BUILD_DIR = "$(PROJECT_DIR)/build/$(CONFIGURATION)";
				COPY_PHASE_STRIP = NO;
				GCC_DYNAMIC_NO_PIC = NO;
				GCC_OPTIMIZATION_LEVEL = 0;
				GCC_PREPROCESSOR_DEFINITIONS = (
					"_DEBUG=1",
					"DEBUG=1",
					"JUCER_XCODE_MAC_F6D2F4CF=1",
					"JUCE_APP_VERSION=1.0.0",
					"JUCE_APP_VERSION_HEX=0x10000",
					"JucePlugin_Build_VST=1",
					"JucePlugin_Build_VST3=0",
					"JucePlugin_Build_AU=1",
					"JucePlugin_Build_AUv3=0",
					"JucePlugin_Build_RTAS=0",
					"JucePlugin_Build_AAX=0",
					"JucePlugin_Build_Standalone=1",
					"JUCE_SHARED_CODE=1", );
				GCC_VERSION = com.apple.compilers.llvm.clang.1_0;
				HEADER_SEARCH_PATHS = ("../../JuceLibraryCode", "\"../../../JUCE Latest/JUCE/modules\"", "\"../../../JUCE Latest/JUCE/modules/juce_audio_plugin_client\"", "$(inherited)");
				INSTALL_PATH = "@executable_path/../Frameworks";
				MACOSX_DEPLOYMENT_TARGET = 10.11;
				MACOSX_DEPLOYMENT_TARGET_ppc = 10.4;
				PRODUCT_BUNDLE_IDENTIFIER = com.yourcompany.WillStereoDelay;
				SDKROOT_ppc = macosx10.5;
				USE_HEADERMAP = NO; }; name = Debug; };
		CE0C0B32FE34C2BFBCE93891 = {isa = XCBuildConfiguration; buildSettings = {
				CLANG_CXX_LANGUAGE_STANDARD = "c++14";
				CLANG_LINK_OBJC_RUNTIME = NO;
				COMBINE_HIDPI_IMAGES = YES;
				CONFIGURATION_BUILD_DIR = "$(PROJECT_DIR)/build/$(CONFIGURATION)";
				DEAD_CODE_STRIPPING = YES;
				GCC_GENERATE_DEBUGGING_SYMBOLS = NO;
				GCC_OPTIMIZATION_LEVEL = 3;
				GCC_PREPROCESSOR_DEFINITIONS = (
					"_NDEBUG=1",
					"NDEBUG=1",
					"JUCER_XCODE_MAC_F6D2F4CF=1",
					"JUCE_APP_VERSION=1.0.0",
					"JUCE_APP_VERSION_HEX=0x10000",
					"JucePlugin_Build_VST=1",
					"JucePlugin_Build_VST3=0",
					"JucePlugin_Build_AU=1",
					"JucePlugin_Build_AUv3=0",
					"JucePlugin_Build_RTAS=0",
					"JucePlugin_Build_AAX=0",
					"JucePlugin_Build_Standalone=1",
					"JUCE_SHARED_CODE=1", );
				GCC_SYMBOLS_PRIVATE_EXTERN = YES;
				GCC_VERSION = com.apple.compilers.llvm.clang.1_0;
				HEADER_SEARCH_PATHS = ("../../JuceLibraryCode", "\"../../../JUCE Latest/JUCE/modules\"", "\"../../../JUCE Latest/JUCE/modules/juce_audio_plugin_client\"", "$(inherited)");
				INSTALL_PATH = "@executable_path/../Frameworks";
				LLVM_LTO = YES;
				MACOSX_DEPLOYMENT_TARGET = 10.11;
				MACOSX_DEPLOYMENT_TARGET_ppc = 10.4;
				PRODUCT_BUNDLE_IDENTIFIER = com.yourcompany.WillStereoDelay;
				SDKROOT_ppc = macosx10.5;
				USE_HEADERMAP = NO; }; name = Release; };
		A550E7737EDE0B9FB6479C4E = {isa = XCBuildConfiguration; buildSettings = {
				ALWAYS_SEARCH_USER_PATHS = NO;
				CLANG_WARN_BLOCK_CAPTURE_AUTORELEASING = YES;
				CLANG_WARN_BOOL_CONVERSION = YES;
				CLANG_WARN_COMMA = YES;
				CLANG_WARN_CONSTANT_CONVERSION = YES;
				CLANG_WARN_EMPTY_BODY = YES;
				CLANG_WARN_ENUM_CONVERSION = YES;
				CLANG_WARN_INFINITE_RECURSION = YES;
				CLANG_WARN_INT_CONVERSION = YES;
				CLANG_WARN_NON_LITERAL_NULL_CONVERSION = YES;
				CLANG_WARN_OBJC_LITERAL_CONVERSION = YES;
				CLANG_WARN_RANGE_LOOP_ANALYSIS = YES;
				CLANG_WARN_STRICT_PROTOTYPES = YES;
				CLANG_WARN_SUSPICIOUS_MOVE = YES;
				CLANG_WARN_UNREACHABLE_CODE = YES;
				CLANG_WARN__DUPLICATE_METHOD_MATCH = YES;
				DEBUG_INFORMATION_FORMAT = "dwarf";
				ENABLE_STRICT_OBJC_MSGSEND = YES;
				ENABLE_TESTABILITY = YES;
				GCC_C_LANGUAGE_STANDARD = c11;
				GCC_INLINES_ARE_PRIVATE_EXTERN = YES;
				GCC_MODEL_TUNING = G5;
				GCC_NO_COMMON_BLOCKS = YES;
				GCC_WARN_64_TO_32_BIT_CONVERSION = YES;
				GCC_WARN_ABOUT_RETURN_TYPE = YES;
				GCC_WARN_CHECK_SWITCH_STATEMENTS = YES;
				GCC_WARN_MISSING_PARENTHESES = YES;
				GCC_WARN_NON_VIRTUAL_DESTRUCTOR = YES;
				GCC_WARN_TYPECHECK_CALLS_TO_PRINTF = YES;
				GCC_WARN_UNDECLARED_SELECTOR = YES;
				GCC_WARN_UNINITIALIZED_AUTOS = YES;
				GCC_WARN_UNUSED_FUNCTION = YES;
				GCC_WARN_UNUSED_VARIABLE = YES;
				ONLY_ACTIVE_ARCH = YES;
				PRODUCT_NAME = "WillStereoDelay";
				WARNING_CFLAGS = -Wreorder;
				ZERO_LINK = NO; }; name = Debug; };
		5976C7E8552309DCECB30AB7 = {isa = XCBuildConfiguration; buildSettings = {
				ALWAYS_SEARCH_USER_PATHS = NO;
				CLANG_WARN_BLOCK_CAPTURE_AUTORELEASING = YES;
				CLANG_WARN_BOOL_CONVERSION = YES;
				CLANG_WARN_COMMA = YES;
				CLANG_WARN_CONSTANT_CONVERSION = YES;
				CLANG_WARN_EMPTY_BODY = YES;
				CLANG_WARN_ENUM_CONVERSION = YES;
				CLANG_WARN_INFINITE_RECURSION = YES;
				CLANG_WARN_INT_CONVERSION = YES;
				CLANG_WARN_NON_LITERAL_NULL_CONVERSION = YES;
				CLANG_WARN_OBJC_LITERAL_CONVERSION = YES;
				CLANG_WARN_RANGE_LOOP_ANALYSIS = YES;
				CLANG_WARN_STRICT_PROTOTYPES = YES;
				CLANG_WARN_SUSPICIOUS_MOVE = YES;
				CLANG_WARN_UNREACHABLE_CODE = YES;
				CLANG_WARN__DUPLICATE_METHOD_MATCH = YES;
				DEBUG_INFORMATION_FORMAT = "dwarf";
				ENABLE_STRICT_OBJC_MSGSEND = YES;
				GCC_C_LANGUAGE_STANDARD = c11;
				GCC_INLINES_ARE_PRIVATE_EXTERN = YES;
				GCC_MODEL_TUNING = G5;
				GCC_NO_COMMON_BLOCKS = YES;
				GCC_WARN_64_TO_32_BIT_CONVERSION = YES;
				GCC_WARN_ABOUT_RETURN_TYPE = YES;
				GCC_WARN_CHECK_SWITCH_STATEMENTS = YES;
				GCC_WARN_MISSING_PARENTHESES = YES;
				GCC_WARN_NON_VIRTUAL_DESTRUCTOR = YES;
				GCC_WARN_TYPECHECK_CALLS_TO_PRINTF = YES;
				GCC_WARN_UNDECLARED_SELECTOR = YES;
				GCC_WARN_UNINITIALIZED_AUTOS = YES;
				GCC_WARN_UNUSED_FUNCTION = YES;
				GCC_WARN_UNUSED_VARIABLE = YES;
				PRODUCT_NAME = "WillStereoDelay";
				WARNING_CFLAGS = -Wreorder;
				ZERO_LINK = NO; }; name = Release; };
		F3FD62B461A3A47C2A191F8D = {isa = PBXTargetDependency; target = 5C46007682C8A9ABB22CC1E4; };
		AB42C4339568CC0F7D5DE6A8 = {isa = PBXTargetDependency; target = 05354D2C084CD6982463A3FD; };
		8FEFB04DEEA354F0A72473C0 = {isa = PBXTargetDependency; target = 0B5F95C62888E6E1C662231F; };
		987E00CCB0C00B46FBEFF1E9 = {isa = PBXTargetDependency; target = 0BB7DC9B87A989D3CD76B23E; };
		D470E6736708C2EF5076AE60 = {isa = XCConfigurationList; buildConfigurations = (
					A550E7737EDE0B9FB6479C4E,
					5976C7E8552309DCECB30AB7, ); defaultConfigurationIsVisible = 0; defaultConfigurationName = Debug; };
		60A79B2A64F37892F83B0C68 = {isa = XCConfigurationList; buildConfigurations = (
					D2EDC82F7E2E8C6BE9529CE3,
					A24ADF294588D4580F6D7DFA, ); defaultConfigurationIsVisible = 0; defaultConfigurationName = Debug; };
		7F06697B6373D2F3DAB4AE8B = {isa = PBXAggregateTarget; buildConfigurationList = 60A79B2A64F37892F83B0C68; buildPhases = (  ); buildRules = ( ); dependencies = (
					F3FD62B461A3A47C2A191F8D,
					AB42C4339568CC0F7D5DE6A8,
					8FEFB04DEEA354F0A72473C0,
					987E00CCB0C00B46FBEFF1E9, ); name = "WillStereoDelay - All"; productName = WillStereoDelay; };
		F2035C95C976C5D41B9084E7 = {isa = XCConfigurationList; buildConfigurations = (
					9471AD453B218EBF79FCB1D8,
					DC39C361415B60B5AE212C71, ); defaultConfigurationIsVisible = 0; defaultConfigurationName = Debug; };
		346721CE43BB0E5F98E90FE2 = {isa = PBXResourcesBuildPhase; buildActionMask = 2147483647; files = (
					E0B3DC3E3F46556B359B3322, ); runOnlyForDeploymentPostprocessing = 0; };
		1B544EF4781DD93C66DE36F4 = {isa = PBXSourcesBuildPhase; buildActionMask = 2147483647; files = (
					A744348712B462DA85F05FD5, ); runOnlyForDeploymentPostprocessing = 0; };
		5907CAA74A4AB05ABD3D738E = {isa = PBXFrameworksBuildPhase; buildActionMask = 2147483647; files = (
					384BD5AD610E92402189B397,
					995F9A82757E5C54D3DCCD52,
					932B8764144A26D84A69F806,
					7FBC1D0E8C902520B40CD607,
					1E7866FCC03B87D772BB0AB6,
					F18004927080235BEAC28F5B,
					FB1A77BE16B745D7F280D299,
					28B2FEB2AFABE71ED57C8A1E,
					EB991C2117C0B06215B00316,
					40AFFAFAAAD4271BD5235029,
					0F9908E6E54D33F3C7D7F1F7,
					F895857ADE37CF699DCCC256,
					1731942DA1F364C222A5EF18,
					E5FA6A37296C1F540864CDD3, ); runOnlyForDeploymentPostprocessing = 0; };
		5C46007682C8A9ABB22CC1E4 = {isa = PBXNativeTarget; buildConfigurationList = F2035C95C976C5D41B9084E7; buildPhases = (
					346721CE43BB0E5F98E90FE2,
					1B544EF4781DD93C66DE36F4,
					5907CAA74A4AB05ABD3D738E, ); buildRules = ( ); dependencies = (
					987E00CCB0C00B46FBEFF1E9, ); name = "WillStereoDelay - VST"; productName = WillStereoDelay; productReference = 02FD811334007583F23CE329; productType = "com.apple.product-type.bundle"; };
		BB70D546B0F446C3AEEC2329 = {isa = XCConfigurationList; buildConfigurations = (
					7907D33C6325592CC21B0EB0,
					EAB3B9DFAFE6B081844A1E46, ); defaultConfigurationIsVisible = 0; defaultConfigurationName = Debug; };
		03292329DCCB2992E8F50AC0 = {isa = PBXResourcesBuildPhase; buildActionMask = 2147483647; files = (
					E0B3DC3E3F46556B359B3322, ); runOnlyForDeploymentPostprocessing = 0; };
		5BFFD53C31AD904B9C73D79D = {isa = PBXRezBuildPhase; buildActionMask = 2147483647; files = (
					06D436EA082890F83EFA4092, ); runOnlyForDeploymentPostprocessing = 0; };
		9AE02C21BE49987BDBBDC7D1 = {isa = PBXSourcesBuildPhase; buildActionMask = 2147483647; files = (
					48196CB8A8F8D7604D724705,
					12137DCBCF14B29EB69C38A4, ); runOnlyForDeploymentPostprocessing = 0; };
		984E091A483D129992DB60E5 = {isa = PBXFrameworksBuildPhase; buildActionMask = 2147483647; files = (
					384BD5AD610E92402189B397,
					995F9A82757E5C54D3DCCD52,
					7852BD5B941E420D16EF0AEC,
					932B8764144A26D84A69F806,
					7FBC1D0E8C902520B40CD607,
					1E7866FCC03B87D772BB0AB6,
					F18004927080235BEAC28F5B,
					FB1A77BE16B745D7F280D299,
					418D2F3B55C2620201FE7234,
					28B2FEB2AFABE71ED57C8A1E,
					EB991C2117C0B06215B00316,
					40AFFAFAAAD4271BD5235029,
					0F9908E6E54D33F3C7D7F1F7,
					F895857ADE37CF699DCCC256,
					1731942DA1F364C222A5EF18,
					E5FA6A37296C1F540864CDD3, ); runOnlyForDeploymentPostprocessing = 0; };
		05354D2C084CD6982463A3FD = {isa = PBXNativeTarget; buildConfigurationList = BB70D546B0F446C3AEEC2329; buildPhases = (
					03292329DCCB2992E8F50AC0,
					5BFFD53C31AD904B9C73D79D,
					9AE02C21BE49987BDBBDC7D1,
					984E091A483D129992DB60E5, ); buildRules = ( ); dependencies = (
					987E00CCB0C00B46FBEFF1E9, ); name = "WillStereoDelay - AU"; productName = WillStereoDelay; productReference = 07F63A3AD04ACE0D065C510D; productType = "com.apple.product-type.bundle"; };
		B900FFF4992C332ECD32FA1F = {isa = XCConfigurationList; buildConfigurations = (
					B710B09F65FD567676F4F741,
					DFC9BBFD66363E5FDDDB7216, ); defaultConfigurationIsVisible = 0; defaultConfigurationName = Debug; };
		50FC6A029A6472BB0EE7EE0F = {isa = PBXResourcesBuildPhase; buildActionMask = 2147483647; files = (
					E0B3DC3E3F46556B359B3322, ); runOnlyForDeploymentPostprocessing = 0; };
		DC792373AB68C9DAE3C33EE9 = {isa = PBXSourcesBuildPhase; buildActionMask = 2147483647; files = (
					E7BE95F39DF90644F1C883A5, ); runOnlyForDeploymentPostprocessing = 0; };
		4A99BD5D6E71C5D8D89DAE8E = {isa = PBXFrameworksBuildPhase; buildActionMask = 2147483647; files = (
					384BD5AD610E92402189B397,
					995F9A82757E5C54D3DCCD52,
					932B8764144A26D84A69F806,
					7FBC1D0E8C902520B40CD607,
					1E7866FCC03B87D772BB0AB6,
					F18004927080235BEAC28F5B,
					FB1A77BE16B745D7F280D299,
					28B2FEB2AFABE71ED57C8A1E,
					EB991C2117C0B06215B00316,
					40AFFAFAAAD4271BD5235029,
					0F9908E6E54D33F3C7D7F1F7,
					F895857ADE37CF699DCCC256,
					1731942DA1F364C222A5EF18,
					E5FA6A37296C1F540864CDD3, ); runOnlyForDeploymentPostprocessing = 0; };
		0B5F95C62888E6E1C662231F = {isa = PBXNativeTarget; buildConfigurationList = B900FFF4992C332ECD32FA1F; buildPhases = (
					50FC6A029A6472BB0EE7EE0F,
					DC792373AB68C9DAE3C33EE9,
					4A99BD5D6E71C5D8D89DAE8E, ); buildRules = ( ); dependencies = (
					987E00CCB0C00B46FBEFF1E9, ); name = "WillStereoDelay - Standalone Plugin"; productName = WillStereoDelay; productReference = EF85C6261299735D6C4467A0; productType = "com.apple.product-type.application"; };
		D345B1045074F2AAEFCA4871 = {isa = XCConfigurationList; buildConfigurations = (
					71DBB5E615BE95D950BFEC68,
					CE0C0B32FE34C2BFBCE93891, ); defaultConfigurationIsVisible = 0; defaultConfigurationName = Debug; };
		683585A2843E8EAA536E36F1 = {isa = PBXSourcesBuildPhase; buildActionMask = 2147483647; files = (
					CABDB9D648EED44F6DEA8EA8,
					AED5B6589B611F2D31A1BDE2,
					DC1CFEBF2189CBAB95DDD944,
					4D41FECB240B2F22FBCAA419,
					8E0F58F7271E7FEFC44CD130,
					4C5988483C56E0C870EDF636,
					CB89FB7925372C360748E9EA,
					65D3CDB748FB35ACEE4D4845,
					43C5149088D5A57DDB2C1191,
					9CF44A981DD1503E03566331,
					DEBFCC5C410BB3E052EDE6FA,
					7D181A90A1EF3648AEE2CE93,
					B37E49C13810B1E455AFA254,
					D176B9A4278A90A8FB9DC86E,
					28EA7DFB076B91D4F9794600,
					65C696822AC5F5393192C029,
					7146322A09DEBF00886B1217,
					49385E25A7C8005AE313A897,
					55EE33EF43A7FF35A4CD945B,
					F9E75475C1667D7F51C920C8,
					4D81D6D93BDD422D22E39FFA,
					99E393FB451DDFE9AC9D58FF,
					42645CB29FB462B7A180EC8B, ); runOnlyForDeploymentPostprocessing = 0; };
		0BB7DC9B87A989D3CD76B23E = {isa = PBXNativeTarget; buildConfigurationList = D345B1045074F2AAEFCA4871; buildPhases = (
					683585A2843E8EAA536E36F1, ); buildRules = ( ); dependencies = (  ); name = "WillStereoDelay - Shared Code"; productName = WillStereoDelay; productReference = 2C71D0C218EAF49872DA2BDA; productType = "com.apple.product-type.library.static"; };
		0B6D28993ED47F60A72C12D8 = {isa = PBXProject; buildConfigurationList = D470E6736708C2EF5076AE60; attributes = { LastUpgradeCheck = 0830; ORGANIZATIONNAME = ""; TargetAttributes = { 7F06697B6373D2F3DAB4AE8B = { SystemCapabilities = {com.apple.ApplicationGroups.iOS = { enabled = 0; }; com.apple.InAppPurchase = { enabled = 0; }; com.apple.InterAppAudio = { enabled = 0; }; com.apple.Push = { enabled = 0; }; com.apple.Sandbox = { enabled = 0; }; }; };5C46007682C8A9ABB22CC1E4 = { SystemCapabilities = {com.apple.ApplicationGroups.iOS = { enabled = 0; }; com.apple.InAppPurchase = { enabled = 0; }; com.apple.InterAppAudio = { enabled = 0; }; com.apple.Push = { enabled = 0; }; com.apple.Sandbox = { enabled = 0; }; }; };05354D2C084CD6982463A3FD = { SystemCapabilities = {com.apple.ApplicationGroups.iOS = { enabled = 0; }; com.apple.InAppPurchase = { enabled = 0; }; com.apple.InterAppAudio = { enabled = 0; }; com.apple.Push = { enabled = 0; }; com.apple.Sandbox = { enabled = 0; }; }; };0B5F95C62888E6E1C662231F = { SystemCapabilities = {com.apple.ApplicationGroups.iOS = { enabled = 0; }; com.apple.InAppPurchase = { enabled = 0; }; com.apple.InterAppAudio = { enabled = 0; }; com.apple.Push = { enabled = 0; }; com.apple.Sandbox = { enabled = 0; }; }; };0BB7DC9B87A989D3CD76B23E = { SystemCapabilities = {com.apple.ApplicationGroups.iOS = { enabled = 0; }; com.apple.InAppPurchase = { enabled = 0; }; com.apple.InterAppAudio = { enabled = 0; }; com.apple.Push = { enabled = 0; }; com.apple.Sandbox = { enabled = 0; }; }; }; }; }; compatibilityVersion = "Xcode 3.2"; hasScannedForEncodings = 0; mainGroup = 9203904D0327040F472B4F22; projectDirPath = ""; projectRoot = ""; targets = (7F06697B6373D2F3DAB4AE8B, 5C46007682C8A9ABB22CC1E4, 05354D2C084CD6982463A3FD, 0B5F95C62888E6E1C662231F, 0BB7DC9B87A989D3CD76B23E); };
	};
	rootObject = 0B6D28993ED47F60A72C12D8;
}
