// !$*UTF8*$!
{
	archiveVersion = 1;
	classes = {
	};
	objectVersion = 46;
	objects = {

		AEE93557E828824D6716074C = {isa = PBXBuildFile; fileRef = 88FE9393897C142A60BB0F83; };
		F7E7B619297A9E8E4CAB628A = {isa = PBXBuildFile; fileRef = DAE5250E5AFF1760FD5D9F0C; };
		2AD7BD355ED3BB50B611A388 = {isa = PBXBuildFile; fileRef = 2703A3E062919C51D9B3269C; };
		1C124920F5F624979CF60B6F = {isa = PBXBuildFile; fileRef = B3E04C8BE4305B3AECCDA9DE; };
		93BC778EC4B486E456C0D33D = {isa = PBXBuildFile; fileRef = 10AC2F622D5ECACE4E9F2CB3; };
		DF7F2C49F09AD651E3710BD3 = {isa = PBXBuildFile; fileRef = BB6D528DEA9B915FBE37D30F; };
		81ED59B880F230ABC5D20211 = {isa = PBXBuildFile; fileRef = 8F6DC084B76C8857494A5EF6; };
		AFDECE465BCA36019CBC81FA = {isa = PBXBuildFile; fileRef = 651443A58315E23E3EFD8202; };
		2CF529738C367EBCA0B6C643 = {isa = PBXBuildFile; fileRef = 0EB240631C090273D44891A8; };
		1C394569AA6B74DA51BB5CDE = {isa = PBXBuildFile; fileRef = F5EB711ACEAEEEA95FE37BCC; };
		F9A78186E78EC63D9F250AD5 = {isa = PBXBuildFile; fileRef = 3990342575AC1C69100575C9; };
		F3887941567DF56F277C2C9E = {isa = PBXBuildFile; fileRef = F5742D7746943BF125ED3D2E; };
		522ECE61B9110C98069B5229 = {isa = PBXBuildFile; fileRef = 68DBC6532336E096AF029506; };
		58A63472160A9177FB7B6338 = {isa = PBXBuildFile; fileRef = 43B8823CFFE6710A583A4995; };
		E2B0155767177BA3F90CB862 = {isa = PBXBuildFile; fileRef = 6B759853F2AB075DEA84206D; };
		AD7D69C4F3556EA0EFF1247D = {isa = PBXBuildFile; fileRef = 46510C8583A211A2C3C1278D; };
		8F83B5F977AF7D3885964ACF = {isa = PBXBuildFile; fileRef = 8D59965EF2D2A976E13D3805; };
		4FF2FF724623CDE2EDDF6040 = {isa = PBXBuildFile; fileRef = 51E105A742F4A353F1207A7F; };
		D2B0EA67782C97F4B4117094 = {isa = PBXBuildFile; fileRef = 452A964B357E46E67A3ABDD5; };
		04F566CBA2EFE7828FCB20AA = {isa = PBXBuildFile; fileRef = 6337A6D2327941D1955AEF6A; };
		AACF0BE249A56FABAE0BDC28 = {isa = PBXBuildFile; fileRef = F241F329AD4809A0CFB298A7; };
		9EF6427A1712302F8F16A657 = {isa = PBXBuildFile; fileRef = D4EADC46F0EBC10E54F1CBBE; };
		85F078990B2534171425164C = {isa = PBXBuildFile; fileRef = F837E661B383E8A39DB77F71; };
		E8C4A23788AE546BAA97ADBC = {isa = PBXBuildFile; fileRef = B08CCF2292E1D3D63F1FA9B7; };
		D0B23D5A41D65774969570A7 = {isa = PBXBuildFile; fileRef = C7C236DEDC7BDE322FD14186; };
		FEECBB42EBD437EC713E2CC7 = {isa = PBXBuildFile; fileRef = E9A96F8AAC5D65E2C5DFAEC9; };
		A2073ABCDB5D6A626D6F7A12 = {isa = PBXBuildFile; fileRef = C5837C9A9741D8B2567A8C51; };
		C76AF203134474E75978D5B9 = {isa = PBXBuildFile; fileRef = D3660A8AB06944C01AEDCA9A; };
		A3FF652421F60172356FA22A = {isa = PBXBuildFile; fileRef = 86878A94BC5C9F3BF7AAC10E; };
		3AD023C331B4EC29F0197DEC = {isa = PBXBuildFile; fileRef = F33DA99152219FF32EA3B011; };
		6FEC76C78F9BF9DB5021D9A2 = {isa = PBXBuildFile; fileRef = 99149FBC5F607EB49F9BBB20; };
		8028810747E1C00E5EE081C8 = {isa = PBXBuildFile; fileRef = 4CFBBBB0F025993E4CF4A4DA; };
		0481CFB99E760E45C539E614 = {isa = PBXBuildFile; fileRef = ECBE33AA040245BC41428569; };
		D9AD3C78DC6F41623F728C60 = {isa = PBXBuildFile; fileRef = 72F4DE6FEC05BD3B969D3988; };
		C102B243EC2ACAE6733FC6A5 = {isa = PBXBuildFile; fileRef = 13F573C3DD001A350C60FC66; };
		EBAE8FEF4350D70E68B3E799 = {isa = PBXBuildFile; fileRef = B0A743519974A4E53CF934CF; };
		601760AD68AE3DB3582EE3DF = {isa = PBXBuildFile; fileRef = 922FA258BB29C0060962AB7C; };
		7C8D5B567A1F051E3CAEB9F2 = {isa = PBXBuildFile; fileRef = A31B5282568D042A0F2DF5C9; };
		15F59D65F79A74EE3FF004D7 = {isa = PBXBuildFile; fileRef = C495C594152B8F5820B4AB5E; };
		B9EF779B91A2392CE2AFC0C9 = {isa = PBXBuildFile; fileRef = E2EAE4FAC22163CC962AB0A1; };
		30468689C034B2B28A979D0E = {isa = PBXBuildFile; fileRef = 61918BE64CD9C2486948952D; };
		326CEDCA94779A466324A2C3 = {isa = PBXBuildFile; fileRef = 9B05BE9C4486B035185E2CE3; };
		23F9003E87B588054D3B6508 = {isa = PBXBuildFile; fileRef = C43EA897DE5AAAF2C1EC3CDF; };
		8B0BB697BF71250D238309A4 = {isa = PBXBuildFile; fileRef = 4397015C657CD627EB0231AC; };
		8BDE2A0B38632B108B90A4E5 = {isa = PBXBuildFile; fileRef = CE1AD87427AD5D00A8B2B974; };
		3EFB511DFE9C717782F36E28 = {isa = PBXBuildFile; fileRef = 303460AF2EF07F714D5CA53C; };
		9898FD0BD46C484C8BCAFE67 = {isa = PBXBuildFile; fileRef = 691642703CE2BEB37B211394; };
		EB92ECDB87FAD35A7CD0FF26 = {isa = PBXBuildFile; fileRef = 89235041E66073386F8992B6; };
		0EB240631C090273D44891A8 = {isa = PBXFileReference; lastKnownFileType = wrapper.framework; name = AVKit.framework; path = System/Library/Frameworks/AVKit.framework; sourceTree = SDKROOT; };
		10AC2F622D5ECACE4E9F2CB3 = {isa = PBXFileReference; lastKnownFileType = wrapper.framework; name = Accelerate.framework; path = System/Library/Frameworks/Accelerate.framework; sourceTree = SDKROOT; };
		1293875EDB5964108A745DE8 = {isa = PBXFileReference; lastKnownFileType = sourcecode.c.h; name = AppConfig.h; path = ../../JuceLibraryCode/AppConfig.h; sourceTree = "SOURCE_ROOT"; };
		13F573C3DD001A350C60FC66 = {isa = PBXFileReference; lastKnownFileType = sourcecode.cpp.cpp; name = "include_juce_audio_plugin_client_utils.cpp"; path = "../../JuceLibraryCode/include_juce_audio_plugin_client_utils.cpp"; sourceTree = "SOURCE_ROOT"; };
		190BE463D2DF3ECB7C2E4A3C = {isa = PBXFileReference; lastKnownFileType = image.png; name = "switch_toggle_sub.png"; path = "../../../../Downloads/JUCE_JAPAN_DEMO-master/vol2/AudioPlugin/SimpleEqualizer/Resources/switch_toggle_sub.png"; sourceTree = "SOURCE_ROOT"; };
		1B525E41A6F5FE1815E83995 = {isa = PBXFileReference; lastKnownFileType = file; name = "juce_audio_formats"; path = "../../../JUCE Latest/JUCE/modules/juce_audio_formats"; sourceTree = "SOURCE_ROOT"; };
		1BCC3F2A57CC9FBDABFDDD43 = {isa = PBXFileReference; lastKnownFileType = text.plist.xml; name = "Info-AU.plist"; path = "Info-AU.plist"; sourceTree = "SOURCE_ROOT"; };
		2129EB4018E0F5465C157AD9 = {isa = PBXFileReference; lastKnownFileType = image.png; name = "SimpleEqualizer_bypass.png"; path = "../../../../Downloads/JUCE_JAPAN_DEMO-master/vol2/AudioPlugin/SimpleEqualizer/Resources/SimpleEqualizer_bypass.png"; sourceTree = "SOURCE_ROOT"; };
		2DFBAAF3DB6E6B441CD979CF = {isa = PBXFileReference; lastKnownFileType = file; name = "juce_data_structures"; path = "../../../JUCE Latest/JUCE/modules/juce_data_structures"; sourceTree = "SOURCE_ROOT"; };
		303460AF2EF07F714D5CA53C = {isa = PBXFileReference; lastKnownFileType = sourcecode.cpp.objcpp; name = "include_juce_gui_extra.mm"; path = "../../JuceLibraryCode/include_juce_gui_extra.mm"; sourceTree = "SOURCE_ROOT"; };
		34C691B5B8F2456429C60732 = {isa = PBXFileReference; lastKnownFileType = sourcecode.c.h; name = PluginEditor.h; path = ../../Source/PluginEditor.h; sourceTree = "SOURCE_ROOT"; };
		3990342575AC1C69100575C9 = {isa = PBXFileReference; lastKnownFileType = wrapper.framework; name = Cocoa.framework; path = System/Library/Frameworks/Cocoa.framework; sourceTree = SDKROOT; };
		3BE47F5BD9D5C4DF1AE89C0B = {isa = PBXFileReference; lastKnownFileType = sourcecode.c.h; name = JuceHeader.h; path = ../../JuceLibraryCode/JuceHeader.h; sourceTree = "SOURCE_ROOT"; };
		4397015C657CD627EB0231AC = {isa = PBXFileReference; lastKnownFileType = sourcecode.cpp.objcpp; name = "include_juce_graphics.mm"; path = "../../JuceLibraryCode/include_juce_graphics.mm"; sourceTree = "SOURCE_ROOT"; };
		43B8823CFFE6710A583A4995 = {isa = PBXFileReference; lastKnownFileType = wrapper.framework; name = CoreMedia.framework; path = System/Library/Frameworks/CoreMedia.framework; sourceTree = SDKROOT; };
		452A964B357E46E67A3ABDD5 = {isa = PBXFileReference; lastKnownFileType = wrapper.framework; name = QuartzCore.framework; path = System/Library/Frameworks/QuartzCore.framework; sourceTree = SDKROOT; };
		46510C8583A211A2C3C1278D = {isa = PBXFileReference; lastKnownFileType = wrapper.framework; name = DiscRecording.framework; path = System/Library/Frameworks/DiscRecording.framework; sourceTree = SDKROOT; };
		46AF76FC307F15BC762C2012 = {isa = PBXFileReference; lastKnownFileType = file; name = "juce_core"; path = "../../../JUCE Latest/JUCE/modules/juce_core"; sourceTree = "SOURCE_ROOT"; };
		4CFBBBB0F025993E4CF4A4DA = {isa = PBXFileReference; lastKnownFileType = sourcecode.cpp.objcpp; name = "include_juce_audio_plugin_client_AU_1.mm"; path = "../../JuceLibraryCode/include_juce_audio_plugin_client_AU_1.mm"; sourceTree = "SOURCE_ROOT"; };
		51E105A742F4A353F1207A7F = {isa = PBXFileReference; lastKnownFileType = wrapper.framework; name = OpenGL.framework; path = System/Library/Frameworks/OpenGL.framework; sourceTree = SDKROOT; };
		5BBA513051E9A1D6758A518C = {isa = PBXFileReference; lastKnownFileType = file; name = "juce_audio_basics"; path = "../../../JUCE Latest/JUCE/modules/juce_audio_basics"; sourceTree = "SOURCE_ROOT"; };
		5DA07CF559DA12EB07082393 = {isa = PBXFileReference; lastKnownFileType = file; name = "juce_audio_plugin_client"; path = "../../../JUCE Latest/JUCE/modules/juce_audio_plugin_client"; sourceTree = "SOURCE_ROOT"; };
		61918BE64CD9C2486948952D = {isa = PBXFileReference; lastKnownFileType = sourcecode.cpp.objcpp; name = "include_juce_cryptography.mm"; path = "../../JuceLibraryCode/include_juce_cryptography.mm"; sourceTree = "SOURCE_ROOT"; };
		6337A6D2327941D1955AEF6A = {isa = PBXFileReference; lastKnownFileType = wrapper.framework; name = WebKit.framework; path = System/Library/Frameworks/WebKit.framework; sourceTree = SDKROOT; };
		651443A58315E23E3EFD8202 = {isa = PBXFileReference; lastKnownFileType = wrapper.framework; name = AVFoundation.framework; path = System/Library/Frameworks/AVFoundation.framework; sourceTree = SDKROOT; };
		68DBC6532336E096AF029506 = {isa = PBXFileReference; lastKnownFileType = wrapper.framework; name = CoreAudioKit.framework; path = System/Library/Frameworks/CoreAudioKit.framework; sourceTree = SDKROOT; };
		691642703CE2BEB37B211394 = {isa = PBXFileReference; lastKnownFileType = sourcecode.cpp.objcpp; name = "include_juce_opengl.mm"; path = "../../JuceLibraryCode/include_juce_opengl.mm"; sourceTree = "SOURCE_ROOT"; };
		6B759853F2AB075DEA84206D = {isa = PBXFileReference; lastKnownFileType = wrapper.framework; name = CoreMIDI.framework; path = System/Library/Frameworks/CoreMIDI.framework; sourceTree = SDKROOT; };
		712C7B04E87EFBCC3D52EDC6 = {isa = PBXFileReference; lastKnownFileType = text.plist.xml; name = WillStereoDelay.entitlements; path = WillStereoDelay.entitlements; sourceTree = "SOURCE_ROOT"; };
		72F4DE6FEC05BD3B969D3988 = {isa = PBXFileReference; lastKnownFileType = sourcecode.cpp.cpp; name = "include_juce_audio_plugin_client_Standalone.cpp"; path = "../../JuceLibraryCode/include_juce_audio_plugin_client_Standalone.cpp"; sourceTree = "SOURCE_ROOT"; };
		73180E10F7E12A3291A8A836 = {isa = PBXFileReference; lastKnownFileType = file; name = "juce_gui_basics"; path = "../../../JUCE Latest/JUCE/modules/juce_gui_basics"; sourceTree = "SOURCE_ROOT"; };
		7786D892B4FCAFC6FFA9C10F = {isa = PBXFileReference; lastKnownFileType = sourcecode.c.h; name = PluginProcessor.h; path = ../../Source/PluginProcessor.h; sourceTree = "SOURCE_ROOT"; };
		7F6D5893209635A51A2E8F1A = {isa = PBXFileReference; lastKnownFileType = file; name = "juce_audio_devices"; path = "../../../JUCE Latest/JUCE/modules/juce_audio_devices"; sourceTree = "SOURCE_ROOT"; };
		86878A94BC5C9F3BF7AAC10E = {isa = PBXFileReference; lastKnownFileType = sourcecode.cpp.objcpp; name = "include_juce_audio_devices.mm"; path = "../../JuceLibraryCode/include_juce_audio_devices.mm"; sourceTree = "SOURCE_ROOT"; };
		88FE9393897C142A60BB0F83 = {isa = PBXFileReference; explicitFileType = wrapper.cfbundle; includeInIndex = 0; path = WillStereoDelay.vst; sourceTree = "BUILT_PRODUCTS_DIR"; };
		89235041E66073386F8992B6 = {isa = PBXFileReference; lastKnownFileType = sourcecode.cpp.objcpp; name = "include_juce_video.mm"; path = "../../JuceLibraryCode/include_juce_video.mm"; sourceTree = "SOURCE_ROOT"; };
		8F6DC084B76C8857494A5EF6 = {isa = PBXFileReference; lastKnownFileType = wrapper.framework; name = AudioUnit.framework; path = System/Library/Frameworks/AudioUnit.framework; sourceTree = SDKROOT; };
		922FA258BB29C0060962AB7C = {isa = PBXFileReference; lastKnownFileType = sourcecode.cpp.cpp; name = "include_juce_audio_plugin_client_VST2.cpp"; path = "../../JuceLibraryCode/include_juce_audio_plugin_client_VST2.cpp"; sourceTree = "SOURCE_ROOT"; };
		99149FBC5F607EB49F9BBB20 = {isa = PBXFileReference; lastKnownFileType = file.r; name = "include_juce_audio_plugin_client_AU.r"; path = "../../JuceLibraryCode/include_juce_audio_plugin_client_AU.r"; sourceTree = "SOURCE_ROOT"; };
		9ABE4B82CADD759F745FB473 = {isa = PBXFileReference; lastKnownFileType = sourcecode.c.h; name = BinaryData.h; path = ../../JuceLibraryCode/BinaryData.h; sourceTree = "SOURCE_ROOT"; };
		9B05BE9C4486B035185E2CE3 = {isa = PBXFileReference; lastKnownFileType = sourcecode.cpp.objcpp; name = "include_juce_data_structures.mm"; path = "../../JuceLibraryCode/include_juce_data_structures.mm"; sourceTree = "SOURCE_ROOT"; };
		B45E96ECE5655F062A7AD8FB = {isa = PBXFileReference; lastKnownFileType = file; name = "juce_video"; path = "../../../JUCE Latest/JUCE/modules/juce_video"; sourceTree = "SOURCE_ROOT"; };
		BB6D528DEA9B915FBE37D30F = {isa = PBXFileReference; lastKnownFileType = wrapper.framework; name = AudioToolbox.framework; path = System/Library/Frameworks/AudioToolbox.framework; sourceTree = SDKROOT; };
		DAE5250E5AFF1760FD5D9F0C = {isa = PBXFileReference; explicitFileType = wrapper.cfbundle; includeInIndex = 0; path = WillStereoDelay.component; sourceTree = "BUILT_PRODUCTS_DIR"; };
		2703A3E062919C51D9B3269C = {isa = PBXFileReference; explicitFileType = wrapper.application; includeInIndex = 0; path = WillStereoDelay.app; sourceTree = "BUILT_PRODUCTS_DIR"; };
		8D59965EF2D2A976E13D3805 = {isa = PBXFileReference; lastKnownFileType = wrapper.framework; name = IOKit.framework; path = System/Library/Frameworks/IOKit.framework; sourceTree = SDKROOT; };
		A0119B5E4054A648F0603C4E = {isa = PBXFileReference; lastKnownFileType = image.png; name = "SimpleEqualizer_knob.png"; path = "../../../../Downloads/JUCE_JAPAN_DEMO-master/vol2/AudioPlugin/SimpleEqualizer/Resources/SimpleEqualizer_knob.png"; sourceTree = "SOURCE_ROOT"; };
		A15ED7CB56B95FBF51CF558C = {isa = PBXFileReference; lastKnownFileType = file; name = "juce_cryptography"; path = "../../../JUCE Latest/JUCE/modules/juce_cryptography"; sourceTree = "SOURCE_ROOT"; };
		A31B5282568D042A0F2DF5C9 = {isa = PBXFileReference; lastKnownFileType = sourcecode.cpp.objcpp; name = "include_juce_audio_processors.mm"; path = "../../JuceLibraryCode/include_juce_audio_processors.mm"; sourceTree = "SOURCE_ROOT"; };
		A36B00469EA7DF48F51B87CE = {isa = PBXFileReference; lastKnownFileType = file; name = "juce_gui_extra"; path = "../../../JUCE Latest/JUCE/modules/juce_gui_extra"; sourceTree = "SOURCE_ROOT"; };
		A441DD0B776318340E0270E5 = {isa = PBXFileReference; lastKnownFileType = text.plist.xml; name = "Info-VST.plist"; path = "Info-VST.plist"; sourceTree = "SOURCE_ROOT"; };
		A7B278244D4CC07C127FB6E3 = {isa = PBXFileReference; lastKnownFileType = sourcecode.c.h; name = FilmstripToggleButton.h; path = "../../../../Downloads/JUCE_JAPAN_DEMO-master/vol2/AudioPlugin/SimpleEqualizer/Source/GUI/FilmstripToggleButton.h"; sourceTree = "SOURCE_ROOT"; };
		AEB6BF4E3DD3D18124AD2589 = {isa = PBXFileReference; lastKnownFileType = sourcecode.c.h; name = DigitalDelayLine.h; path = ../../Source/DigitalDelayLine.h; sourceTree = "SOURCE_ROOT"; };
		AF22805FD8747791972C4869 = {isa = PBXFileReference; lastKnownFileType = file; name = "juce_graphics"; path = "../../../JUCE Latest/JUCE/modules/juce_graphics"; sourceTree = "SOURCE_ROOT"; };
		B08CCF2292E1D3D63F1FA9B7 = {isa = PBXFileReference; lastKnownFileType = sourcecode.cpp.cpp; name = PluginProcessor.cpp; path = ../../Source/PluginProcessor.cpp; sourceTree = "SOURCE_ROOT"; };
		B0A743519974A4E53CF934CF = {isa = PBXFileReference; lastKnownFileType = sourcecode.cpp.objcpp; name = "include_juce_audio_plugin_client_VST_utils.mm"; path = "../../JuceLibraryCode/include_juce_audio_plugin_client_VST_utils.mm"; sourceTree = "SOURCE_ROOT"; };
		B3E04C8BE4305B3AECCDA9DE = {isa = PBXFileReference; explicitFileType = archive.ar; includeInIndex = 0; path = libWillStereoDelay.a; sourceTree = "BUILT_PRODUCTS_DIR"; };
		C43EA897DE5AAAF2C1EC3CDF = {isa = PBXFileReference; lastKnownFileType = sourcecode.cpp.objcpp; name = "include_juce_events.mm"; path = "../../JuceLibraryCode/include_juce_events.mm"; sourceTree = "SOURCE_ROOT"; };
		C495C594152B8F5820B4AB5E = {isa = PBXFileReference; lastKnownFileType = sourcecode.cpp.objcpp; name = "include_juce_audio_utils.mm"; path = "../../JuceLibraryCode/include_juce_audio_utils.mm"; sourceTree = "SOURCE_ROOT"; };
		C5837C9A9741D8B2567A8C51 = {isa = PBXFileReference; lastKnownFileType = sourcecode.cpp.cpp; name = BinaryData.cpp; path = ../../JuceLibraryCode/BinaryData.cpp; sourceTree = "SOURCE_ROOT"; };
		C7C236DEDC7BDE322FD14186 = {isa = PBXFileReference; lastKnownFileType = sourcecode.cpp.cpp; name = PluginEditor.cpp; path = ../../Source/PluginEditor.cpp; sourceTree = "SOURCE_ROOT"; };
		CBD30C729F8CBC103F20BC3B = {isa = PBXFileReference; lastKnownFileType = file; name = "juce_audio_utils"; path = "../../../JUCE Latest/JUCE/modules/juce_audio_utils"; sourceTree = "SOURCE_ROOT"; };
		CE1AD87427AD5D00A8B2B974 = {isa = PBXFileReference; lastKnownFileType = sourcecode.cpp.objcpp; name = "include_juce_gui_basics.mm"; path = "../../JuceLibraryCode/include_juce_gui_basics.mm"; sourceTree = "SOURCE_ROOT"; };
		D3660A8AB06944C01AEDCA9A = {isa = PBXFileReference; lastKnownFileType = sourcecode.cpp.objcpp; name = "include_juce_audio_basics.mm"; path = "../../JuceLibraryCode/include_juce_audio_basics.mm"; sourceTree = "SOURCE_ROOT"; };
		D4EADC46F0EBC10E54F1CBBE = {isa = PBXFileReference; lastKnownFileType = sourcecode.cpp.cpp; name = FilmstripToggleButton.cpp; path = "../../../../Downloads/JUCE_JAPAN_DEMO-master/vol2/AudioPlugin/SimpleEqualizer/Source/GUI/FilmstripToggleButton.cpp"; sourceTree = "SOURCE_ROOT"; };
		E0AD83861450B1BE8ED994D7 = {isa = PBXFileReference; lastKnownFileType = file; name = "juce_opengl"; path = "../../../JUCE Latest/JUCE/modules/juce_opengl"; sourceTree = "SOURCE_ROOT"; };
		E2EAE4FAC22163CC962AB0A1 = {isa = PBXFileReference; lastKnownFileType = sourcecode.cpp.objcpp; name = "include_juce_core.mm"; path = "../../JuceLibraryCode/include_juce_core.mm"; sourceTree = "SOURCE_ROOT"; };
		E615D40867C5694832004808 = {isa = PBXFileReference; lastKnownFileType = sourcecode.c.h; name = RangeSlider.h; path = ../../Source/GUI/RangeSlider.h; sourceTree = "SOURCE_ROOT"; };
		E9A96F8AAC5D65E2C5DFAEC9 = {isa = PBXFileReference; lastKnownFileType = sourcecode.cpp.cpp; name = DigitalDelayLine.cpp; path = ../../Source/DigitalDelayLine.cpp; sourceTree = "SOURCE_ROOT"; };
		E9E21EE86E1820437A902222 = {isa = PBXFileReference; lastKnownFileType = file; name = "juce_audio_processors"; path = "../../../JUCE Latest/JUCE/modules/juce_audio_processors"; sourceTree = "SOURCE_ROOT"; };
		ECBE33AA040245BC41428569 = {isa = PBXFileReference; lastKnownFileType = sourcecode.cpp.objcpp; name = "include_juce_audio_plugin_client_AU_2.mm"; path = "../../JuceLibraryCode/include_juce_audio_plugin_client_AU_2.mm"; sourceTree = "SOURCE_ROOT"; };
		F081AC7E7421649B0E6D3290 = {isa = PBXFileReference; lastKnownFileType = text.plist.xml; name = "Info-Standalone_Plugin.plist"; path = "Info-Standalone_Plugin.plist"; sourceTree = "SOURCE_ROOT"; };
		F241F329AD4809A0CFB298A7 = {isa = PBXFileReference; lastKnownFileType = file.nib; name = RecentFilesMenuTemplate.nib; path = RecentFilesMenuTemplate.nib; sourceTree = "SOURCE_ROOT"; };
		F30DFC67682C1BC81CA5664F = {isa = PBXFileReference; lastKnownFileType = file; name = "juce_events"; path = "../../../JUCE Latest/JUCE/modules/juce_events"; sourceTree = "SOURCE_ROOT"; };
		F33DA99152219FF32EA3B011 = {isa = PBXFileReference; lastKnownFileType = sourcecode.cpp.objcpp; name = "include_juce_audio_formats.mm"; path = "../../JuceLibraryCode/include_juce_audio_formats.mm"; sourceTree = "SOURCE_ROOT"; };
		F5742D7746943BF125ED3D2E = {isa = PBXFileReference; lastKnownFileType = wrapper.framework; name = CoreAudio.framework; path = System/Library/Frameworks/CoreAudio.framework; sourceTree = SDKROOT; };
		F5EB711ACEAEEEA95FE37BCC = {isa = PBXFileReference; lastKnownFileType = wrapper.framework; name = Carbon.framework; path = System/Library/Frameworks/Carbon.framework; sourceTree = SDKROOT; };
		F837E661B383E8A39DB77F71 = {isa = PBXFileReference; lastKnownFileType = sourcecode.cpp.cpp; name = RangeSlider.cpp; path = ../../Source/GUI/RangeSlider.cpp; sourceTree = "SOURCE_ROOT"; };
		EE9C5A00D2EED5A5B34BF665 = {isa = PBXGroup; children = (
					2129EB4018E0F5465C157AD9,
					A0119B5E4054A648F0603C4E,
					190BE463D2DF3ECB7C2E4A3C, ); name = assets; sourceTree = "<group>"; };
		367F11D40DA36A0189E32517 = {isa = PBXGroup; children = (
					EE9C5A00D2EED5A5B34BF665,
					D4EADC46F0EBC10E54F1CBBE,
					A7B278244D4CC07C127FB6E3,
					F837E661B383E8A39DB77F71,
					E615D40867C5694832004808, ); name = GUI; sourceTree = "<group>"; };
		9481CD9D5D4BBB7C5AACAF6D = {isa = PBXGroup; children = (
					B08CCF2292E1D3D63F1FA9B7,
					7786D892B4FCAFC6FFA9C10F,
					C7C236DEDC7BDE322FD14186,
					34C691B5B8F2456429C60732,
					E9A96F8AAC5D65E2C5DFAEC9,
					AEB6BF4E3DD3D18124AD2589, ); name = Source; sourceTree = "<group>"; };
		B860BCD82CB2E7D8AB33F514 = {isa = PBXGroup; children = (
					367F11D40DA36A0189E32517,
					9481CD9D5D4BBB7C5AACAF6D, ); name = WillStereoDelay; sourceTree = "<group>"; };
		49FB4B78EDCE8BBCCD2931C1 = {isa = PBXGroup; children = (
					5BBA513051E9A1D6758A518C,
					7F6D5893209635A51A2E8F1A,
					1B525E41A6F5FE1815E83995,
					5DA07CF559DA12EB07082393,
					E9E21EE86E1820437A902222,
					CBD30C729F8CBC103F20BC3B,
					46AF76FC307F15BC762C2012,
					A15ED7CB56B95FBF51CF558C,
					2DFBAAF3DB6E6B441CD979CF,
					F30DFC67682C1BC81CA5664F,
					AF22805FD8747791972C4869,
					73180E10F7E12A3291A8A836,
					A36B00469EA7DF48F51B87CE,
					E0AD83861450B1BE8ED994D7,
					B45E96ECE5655F062A7AD8FB, ); name = "JUCE Modules"; sourceTree = "<group>"; };
		D9BDE64732E496A2AA8B41D1 = {isa = PBXGroup; children = (
					1293875EDB5964108A745DE8,
					C5837C9A9741D8B2567A8C51,
					9ABE4B82CADD759F745FB473,
					D3660A8AB06944C01AEDCA9A,
					86878A94BC5C9F3BF7AAC10E,
					F33DA99152219FF32EA3B011,
					99149FBC5F607EB49F9BBB20,
					4CFBBBB0F025993E4CF4A4DA,
					ECBE33AA040245BC41428569,
					72F4DE6FEC05BD3B969D3988,
					13F573C3DD001A350C60FC66,
					B0A743519974A4E53CF934CF,
					922FA258BB29C0060962AB7C,
					A31B5282568D042A0F2DF5C9,
					C495C594152B8F5820B4AB5E,
					E2EAE4FAC22163CC962AB0A1,
					61918BE64CD9C2486948952D,
					9B05BE9C4486B035185E2CE3,
					C43EA897DE5AAAF2C1EC3CDF,
					4397015C657CD627EB0231AC,
					CE1AD87427AD5D00A8B2B974,
					303460AF2EF07F714D5CA53C,
					691642703CE2BEB37B211394,
					89235041E66073386F8992B6,
					3BE47F5BD9D5C4DF1AE89C0B, ); name = "JUCE Library Code"; sourceTree = "<group>"; };
		36ECD86C7BEC0477C7AF7E2C = {isa = PBXGroup; children = (
					A441DD0B776318340E0270E5,
					1BCC3F2A57CC9FBDABFDDD43,
					F081AC7E7421649B0E6D3290,
					F241F329AD4809A0CFB298A7, ); name = Resources; sourceTree = "<group>"; };
		AEC83269901B75B61752D9F2 = {isa = PBXGroup; children = (
					10AC2F622D5ECACE4E9F2CB3,
					BB6D528DEA9B915FBE37D30F,
					8F6DC084B76C8857494A5EF6,
					651443A58315E23E3EFD8202,
					0EB240631C090273D44891A8,
					F5EB711ACEAEEEA95FE37BCC,
					3990342575AC1C69100575C9,
					F5742D7746943BF125ED3D2E,
					68DBC6532336E096AF029506,
					43B8823CFFE6710A583A4995,
					6B759853F2AB075DEA84206D,
					46510C8583A211A2C3C1278D,
					8D59965EF2D2A976E13D3805,
					51E105A742F4A353F1207A7F,
					452A964B357E46E67A3ABDD5,
					6337A6D2327941D1955AEF6A, ); name = Frameworks; sourceTree = "<group>"; };
		96829FA43602A97A757BD21B = {isa = PBXGroup; children = (
					88FE9393897C142A60BB0F83,
					DAE5250E5AFF1760FD5D9F0C,
					2703A3E062919C51D9B3269C,
					B3E04C8BE4305B3AECCDA9DE, ); name = Products; sourceTree = "<group>"; };
		4BEB9F0ABC426C332FB8CA70 = {isa = PBXGroup; children = (
					712C7B04E87EFBCC3D52EDC6,
					B860BCD82CB2E7D8AB33F514,
					49FB4B78EDCE8BBCCD2931C1,
					D9BDE64732E496A2AA8B41D1,
					36ECD86C7BEC0477C7AF7E2C,
					AEC83269901B75B61752D9F2,
					96829FA43602A97A757BD21B, ); name = Source; sourceTree = "<group>"; };
		4E8B1FA25D6EF7018627D75F = {isa = XCBuildConfiguration; buildSettings = {
				MACOSX_DEPLOYMENT_TARGET = 10.11; }; name = Debug; };
		8BF333FA85714A8B77D59121 = {isa = XCBuildConfiguration; buildSettings = {
				MACOSX_DEPLOYMENT_TARGET = 10.11; }; name = Release; };
		0EFFC741DE756B38D26E908D = {isa = XCBuildConfiguration; buildSettings = {
				CLANG_CXX_LANGUAGE_STANDARD = "c++14";
				CLANG_LINK_OBJC_RUNTIME = NO;
				COMBINE_HIDPI_IMAGES = YES;
				CONFIGURATION_BUILD_DIR = "$(PROJECT_DIR)/build/$(CONFIGURATION)";
				COPY_PHASE_STRIP = NO;
				DEPLOYMENT_LOCATION = YES;
				DSTROOT = /;
				GCC_DYNAMIC_NO_PIC = NO;
				GCC_OPTIMIZATION_LEVEL = 0;
				GCC_PREPROCESSOR_DEFINITIONS = (
					"_DEBUG=1",
					"DEBUG=1",
					"JUCER_XCODE_MAC_F6D2F4CF=1",
					"JUCE_APP_VERSION=1.0.0",
					"JUCE_APP_VERSION_HEX=0x10000",
					"JucePlugin_Build_VST=1",
					"JucePlugin_Build_VST3=0",
					"JucePlugin_Build_AU=0",
					"JucePlugin_Build_AUv3=0",
					"JucePlugin_Build_RTAS=0",
					"JucePlugin_Build_AAX=0",
					"JucePlugin_Build_Standalone=0", );
				GCC_VERSION = com.apple.compilers.llvm.clang.1_0;
				GENERATE_PKGINFO_FILE = YES;
				HEADER_SEARCH_PATHS = ("../../JuceLibraryCode", "\"../../../JUCE Latest/JUCE/modules\"", "\"../../../JUCE Latest/JUCE/modules/juce_audio_plugin_client\"", "$(inherited)");
				INFOPLIST_FILE = Info-VST.plist;
				INFOPLIST_PREPROCESS = NO;
				INSTALL_PATH = "$(HOME)/Library/Audio/Plug-Ins/VST/";
				LIBRARY_STYLE = Bundle;
				MACOSX_DEPLOYMENT_TARGET = 10.11;
				MACOSX_DEPLOYMENT_TARGET_ppc = 10.4;
				OTHER_LDFLAGS = "-bundle -lWillStereoDelay";
				PRODUCT_BUNDLE_IDENTIFIER = com.yourcompany.WillStereoDelay;
				SDKROOT_ppc = macosx10.5;
				USE_HEADERMAP = NO;
				WRAPPER_EXTENSION = vst; }; name = Debug; };
		CAB9084EA0C8A55171A9BA77 = {isa = XCBuildConfiguration; buildSettings = {
				CLANG_CXX_LANGUAGE_STANDARD = "c++14";
				CLANG_LINK_OBJC_RUNTIME = NO;
				COMBINE_HIDPI_IMAGES = YES;
				CONFIGURATION_BUILD_DIR = "$(PROJECT_DIR)/build/$(CONFIGURATION)";
				DEAD_CODE_STRIPPING = YES;
				DEPLOYMENT_LOCATION = YES;
				DSTROOT = /;
				GCC_GENERATE_DEBUGGING_SYMBOLS = NO;
				GCC_OPTIMIZATION_LEVEL = 3;
				GCC_PREPROCESSOR_DEFINITIONS = (
					"_NDEBUG=1",
					"NDEBUG=1",
					"JUCER_XCODE_MAC_F6D2F4CF=1",
					"JUCE_APP_VERSION=1.0.0",
					"JUCE_APP_VERSION_HEX=0x10000",
					"JucePlugin_Build_VST=1",
					"JucePlugin_Build_VST3=0",
					"JucePlugin_Build_AU=0",
					"JucePlugin_Build_AUv3=0",
					"JucePlugin_Build_RTAS=0",
					"JucePlugin_Build_AAX=0",
					"JucePlugin_Build_Standalone=0", );
				GCC_SYMBOLS_PRIVATE_EXTERN = YES;
				GCC_VERSION = com.apple.compilers.llvm.clang.1_0;
				GENERATE_PKGINFO_FILE = YES;
				HEADER_SEARCH_PATHS = ("../../JuceLibraryCode", "\"../../../JUCE Latest/JUCE/modules\"", "\"../../../JUCE Latest/JUCE/modules/juce_audio_plugin_client\"", "$(inherited)");
				INFOPLIST_FILE = Info-VST.plist;
				INFOPLIST_PREPROCESS = NO;
				INSTALL_PATH = "$(HOME)/Library/Audio/Plug-Ins/VST/";
				LIBRARY_STYLE = Bundle;
				LLVM_LTO = YES;
				MACOSX_DEPLOYMENT_TARGET = 10.11;
				MACOSX_DEPLOYMENT_TARGET_ppc = 10.4;
				OTHER_LDFLAGS = "-bundle -lWillStereoDelay";
				PRODUCT_BUNDLE_IDENTIFIER = com.yourcompany.WillStereoDelay;
				SDKROOT_ppc = macosx10.5;
				USE_HEADERMAP = NO;
				WRAPPER_EXTENSION = vst; }; name = Release; };
		44E3BE894917A76343D6F725 = {isa = XCBuildConfiguration; buildSettings = {
				CLANG_CXX_LANGUAGE_STANDARD = "c++14";
				CLANG_LINK_OBJC_RUNTIME = NO;
				COMBINE_HIDPI_IMAGES = YES;
				CONFIGURATION_BUILD_DIR = "$(PROJECT_DIR)/build/$(CONFIGURATION)";
				COPY_PHASE_STRIP = NO;
				DEPLOYMENT_LOCATION = YES;
				DSTROOT = /;
				GCC_DYNAMIC_NO_PIC = NO;
				GCC_OPTIMIZATION_LEVEL = 0;
				GCC_PREPROCESSOR_DEFINITIONS = (
					"_DEBUG=1",
					"DEBUG=1",
					"JUCER_XCODE_MAC_F6D2F4CF=1",
					"JUCE_APP_VERSION=1.0.0",
					"JUCE_APP_VERSION_HEX=0x10000",
					"JucePlugin_Build_VST=0",
					"JucePlugin_Build_VST3=0",
					"JucePlugin_Build_AU=1",
					"JucePlugin_Build_AUv3=0",
					"JucePlugin_Build_RTAS=0",
					"JucePlugin_Build_AAX=0",
					"JucePlugin_Build_Standalone=0", );
				GCC_VERSION = com.apple.compilers.llvm.clang.1_0;
				GENERATE_PKGINFO_FILE = YES;
				HEADER_SEARCH_PATHS = ("../../JuceLibraryCode", "\"../../../JUCE Latest/JUCE/modules\"", "\"../../../JUCE Latest/JUCE/modules/juce_audio_plugin_client\"", "$(inherited)");
				INFOPLIST_FILE = Info-AU.plist;
				INFOPLIST_PREPROCESS = NO;
				INSTALL_PATH = "$(HOME)/Library/Audio/Plug-Ins/Components/";
				LIBRARY_STYLE = Bundle;
				MACOSX_DEPLOYMENT_TARGET = 10.11;
				MACOSX_DEPLOYMENT_TARGET_ppc = 10.4;
				OTHER_LDFLAGS = "-bundle -lWillStereoDelay";
				OTHER_REZFLAGS = "-d ppc_$ppc -d i386_$i386 -d ppc64_$ppc64 -d x86_64_$x86_64 -I /System/Library/Frameworks/CoreServices.framework/Frameworks/CarbonCore.framework/Versions/A/Headers -I \"$(DEVELOPER_DIR)/Extras/CoreAudio/AudioUnits/AUPublic/AUBase\"";
				PRODUCT_BUNDLE_IDENTIFIER = com.yourcompany.WillStereoDelay;
				SDKROOT_ppc = macosx10.5;
				USE_HEADERMAP = NO;
				WRAPPER_EXTENSION = component; }; name = Debug; };
		35DD83DAD0DD8FCA086AE6ED = {isa = XCBuildConfiguration; buildSettings = {
				CLANG_CXX_LANGUAGE_STANDARD = "c++14";
				CLANG_LINK_OBJC_RUNTIME = NO;
				COMBINE_HIDPI_IMAGES = YES;
				CONFIGURATION_BUILD_DIR = "$(PROJECT_DIR)/build/$(CONFIGURATION)";
				DEAD_CODE_STRIPPING = YES;
				DEPLOYMENT_LOCATION = YES;
				DSTROOT = /;
				GCC_GENERATE_DEBUGGING_SYMBOLS = NO;
				GCC_OPTIMIZATION_LEVEL = 3;
				GCC_PREPROCESSOR_DEFINITIONS = (
					"_NDEBUG=1",
					"NDEBUG=1",
					"JUCER_XCODE_MAC_F6D2F4CF=1",
					"JUCE_APP_VERSION=1.0.0",
					"JUCE_APP_VERSION_HEX=0x10000",
					"JucePlugin_Build_VST=0",
					"JucePlugin_Build_VST3=0",
					"JucePlugin_Build_AU=1",
					"JucePlugin_Build_AUv3=0",
					"JucePlugin_Build_RTAS=0",
					"JucePlugin_Build_AAX=0",
					"JucePlugin_Build_Standalone=0", );
				GCC_SYMBOLS_PRIVATE_EXTERN = YES;
				GCC_VERSION = com.apple.compilers.llvm.clang.1_0;
				GENERATE_PKGINFO_FILE = YES;
				HEADER_SEARCH_PATHS = ("../../JuceLibraryCode", "\"../../../JUCE Latest/JUCE/modules\"", "\"../../../JUCE Latest/JUCE/modules/juce_audio_plugin_client\"", "$(inherited)");
				INFOPLIST_FILE = Info-AU.plist;
				INFOPLIST_PREPROCESS = NO;
				INSTALL_PATH = "$(HOME)/Library/Audio/Plug-Ins/Components/";
				LIBRARY_STYLE = Bundle;
				LLVM_LTO = YES;
				MACOSX_DEPLOYMENT_TARGET = 10.11;
				MACOSX_DEPLOYMENT_TARGET_ppc = 10.4;
				OTHER_LDFLAGS = "-bundle -lWillStereoDelay";
				OTHER_REZFLAGS = "-d ppc_$ppc -d i386_$i386 -d ppc64_$ppc64 -d x86_64_$x86_64 -I /System/Library/Frameworks/CoreServices.framework/Frameworks/CarbonCore.framework/Versions/A/Headers -I \"$(DEVELOPER_DIR)/Extras/CoreAudio/AudioUnits/AUPublic/AUBase\"";
				PRODUCT_BUNDLE_IDENTIFIER = com.yourcompany.WillStereoDelay;
				SDKROOT_ppc = macosx10.5;
				USE_HEADERMAP = NO;
				WRAPPER_EXTENSION = component; }; name = Release; };
		D0E06C325D2E6352D091D0E3 = {isa = XCBuildConfiguration; buildSettings = {
				CLANG_CXX_LANGUAGE_STANDARD = "c++14";
				CLANG_LINK_OBJC_RUNTIME = NO;
				COMBINE_HIDPI_IMAGES = YES;
				CONFIGURATION_BUILD_DIR = "$(PROJECT_DIR)/build/$(CONFIGURATION)";
				COPY_PHASE_STRIP = NO;
				GCC_DYNAMIC_NO_PIC = NO;
				GCC_OPTIMIZATION_LEVEL = 0;
				GCC_PREPROCESSOR_DEFINITIONS = (
					"_DEBUG=1",
					"DEBUG=1",
					"JUCER_XCODE_MAC_F6D2F4CF=1",
					"JUCE_APP_VERSION=1.0.0",
					"JUCE_APP_VERSION_HEX=0x10000",
					"JucePlugin_Build_VST=0",
					"JucePlugin_Build_VST3=0",
					"JucePlugin_Build_AU=0",
					"JucePlugin_Build_AUv3=0",
					"JucePlugin_Build_RTAS=0",
					"JucePlugin_Build_AAX=0",
					"JucePlugin_Build_Standalone=1", );
				GCC_VERSION = com.apple.compilers.llvm.clang.1_0;
				HEADER_SEARCH_PATHS = ("../../JuceLibraryCode", "\"../../../JUCE Latest/JUCE/modules\"", "\"../../../JUCE Latest/JUCE/modules/juce_audio_plugin_client\"", "$(inherited)");
				INFOPLIST_FILE = Info-Standalone_Plugin.plist;
				INFOPLIST_PREPROCESS = NO;
				MACOSX_DEPLOYMENT_TARGET = 10.11;
				MACOSX_DEPLOYMENT_TARGET_ppc = 10.4;
				OTHER_LDFLAGS = "-lWillStereoDelay";
				PRODUCT_BUNDLE_IDENTIFIER = com.yourcompany.WillStereoDelay;
				SDKROOT_ppc = macosx10.5;
				USE_HEADERMAP = NO; }; name = Debug; };
		2320D496575938AC1ADEFD6D = {isa = XCBuildConfiguration; buildSettings = {
				CLANG_CXX_LANGUAGE_STANDARD = "c++14";
				CLANG_LINK_OBJC_RUNTIME = NO;
				COMBINE_HIDPI_IMAGES = YES;
				CONFIGURATION_BUILD_DIR = "$(PROJECT_DIR)/build/$(CONFIGURATION)";
				DEAD_CODE_STRIPPING = YES;
				GCC_GENERATE_DEBUGGING_SYMBOLS = NO;
				GCC_OPTIMIZATION_LEVEL = 3;
				GCC_PREPROCESSOR_DEFINITIONS = (
					"_NDEBUG=1",
					"NDEBUG=1",
					"JUCER_XCODE_MAC_F6D2F4CF=1",
					"JUCE_APP_VERSION=1.0.0",
					"JUCE_APP_VERSION_HEX=0x10000",
					"JucePlugin_Build_VST=0",
					"JucePlugin_Build_VST3=0",
					"JucePlugin_Build_AU=0",
					"JucePlugin_Build_AUv3=0",
					"JucePlugin_Build_RTAS=0",
					"JucePlugin_Build_AAX=0",
					"JucePlugin_Build_Standalone=1", );
				GCC_SYMBOLS_PRIVATE_EXTERN = YES;
				GCC_VERSION = com.apple.compilers.llvm.clang.1_0;
				HEADER_SEARCH_PATHS = ("../../JuceLibraryCode", "\"../../../JUCE Latest/JUCE/modules\"", "\"../../../JUCE Latest/JUCE/modules/juce_audio_plugin_client\"", "$(inherited)");
				INFOPLIST_FILE = Info-Standalone_Plugin.plist;
				INFOPLIST_PREPROCESS = NO;
				LLVM_LTO = YES;
				MACOSX_DEPLOYMENT_TARGET = 10.11;
				MACOSX_DEPLOYMENT_TARGET_ppc = 10.4;
				OTHER_LDFLAGS = "-lWillStereoDelay";
				PRODUCT_BUNDLE_IDENTIFIER = com.yourcompany.WillStereoDelay;
				SDKROOT_ppc = macosx10.5;
				USE_HEADERMAP = NO; }; name = Release; };
		C6EEBF80393C947BF059854D = {isa = XCBuildConfiguration; buildSettings = {
				CLANG_CXX_LANGUAGE_STANDARD = "c++14";
				CLANG_LINK_OBJC_RUNTIME = NO;
				COMBINE_HIDPI_IMAGES = YES;
				CONFIGURATION_BUILD_DIR = "$(PROJECT_DIR)/build/$(CONFIGURATION)";
				COPY_PHASE_STRIP = NO;
				GCC_DYNAMIC_NO_PIC = NO;
				GCC_OPTIMIZATION_LEVEL = 0;
				GCC_PREPROCESSOR_DEFINITIONS = (
					"_DEBUG=1",
					"DEBUG=1",
					"JUCER_XCODE_MAC_F6D2F4CF=1",
					"JUCE_APP_VERSION=1.0.0",
					"JUCE_APP_VERSION_HEX=0x10000",
					"JucePlugin_Build_VST=1",
					"JucePlugin_Build_VST3=0",
					"JucePlugin_Build_AU=1",
					"JucePlugin_Build_AUv3=0",
					"JucePlugin_Build_RTAS=0",
					"JucePlugin_Build_AAX=0",
					"JucePlugin_Build_Standalone=1",
					"JUCE_SHARED_CODE=1", );
				GCC_VERSION = com.apple.compilers.llvm.clang.1_0;
				HEADER_SEARCH_PATHS = ("../../JuceLibraryCode", "\"../../../JUCE Latest/JUCE/modules\"", "\"../../../JUCE Latest/JUCE/modules/juce_audio_plugin_client\"", "$(inherited)");
				INSTALL_PATH = "@executable_path/../Frameworks";
				MACOSX_DEPLOYMENT_TARGET = 10.11;
				MACOSX_DEPLOYMENT_TARGET_ppc = 10.4;
				PRODUCT_BUNDLE_IDENTIFIER = com.yourcompany.WillStereoDelay;
				SDKROOT_ppc = macosx10.5;
				USE_HEADERMAP = NO; }; name = Debug; };
		5CE4752FDBE2A28499ED4E80 = {isa = XCBuildConfiguration; buildSettings = {
				CLANG_CXX_LANGUAGE_STANDARD = "c++14";
				CLANG_LINK_OBJC_RUNTIME = NO;
				COMBINE_HIDPI_IMAGES = YES;
				CONFIGURATION_BUILD_DIR = "$(PROJECT_DIR)/build/$(CONFIGURATION)";
				DEAD_CODE_STRIPPING = YES;
				GCC_GENERATE_DEBUGGING_SYMBOLS = NO;
				GCC_OPTIMIZATION_LEVEL = 3;
				GCC_PREPROCESSOR_DEFINITIONS = (
					"_NDEBUG=1",
					"NDEBUG=1",
					"JUCER_XCODE_MAC_F6D2F4CF=1",
					"JUCE_APP_VERSION=1.0.0",
					"JUCE_APP_VERSION_HEX=0x10000",
					"JucePlugin_Build_VST=1",
					"JucePlugin_Build_VST3=0",
					"JucePlugin_Build_AU=1",
					"JucePlugin_Build_AUv3=0",
					"JucePlugin_Build_RTAS=0",
					"JucePlugin_Build_AAX=0",
					"JucePlugin_Build_Standalone=1",
					"JUCE_SHARED_CODE=1", );
				GCC_SYMBOLS_PRIVATE_EXTERN = YES;
				GCC_VERSION = com.apple.compilers.llvm.clang.1_0;
				HEADER_SEARCH_PATHS = ("../../JuceLibraryCode", "\"../../../JUCE Latest/JUCE/modules\"", "\"../../../JUCE Latest/JUCE/modules/juce_audio_plugin_client\"", "$(inherited)");
				INSTALL_PATH = "@executable_path/../Frameworks";
				LLVM_LTO = YES;
				MACOSX_DEPLOYMENT_TARGET = 10.11;
				MACOSX_DEPLOYMENT_TARGET_ppc = 10.4;
				PRODUCT_BUNDLE_IDENTIFIER = com.yourcompany.WillStereoDelay;
				SDKROOT_ppc = macosx10.5;
				USE_HEADERMAP = NO; }; name = Release; };
		1C6BF41724FF84D9BD0720A0 = {isa = XCBuildConfiguration; buildSettings = {
				ALWAYS_SEARCH_USER_PATHS = NO;
				CLANG_WARN_BLOCK_CAPTURE_AUTORELEASING = YES;
				CLANG_WARN_BOOL_CONVERSION = YES;
				CLANG_WARN_COMMA = YES;
				CLANG_WARN_CONSTANT_CONVERSION = YES;
				CLANG_WARN_EMPTY_BODY = YES;
				CLANG_WARN_ENUM_CONVERSION = YES;
				CLANG_WARN_INFINITE_RECURSION = YES;
				CLANG_WARN_INT_CONVERSION = YES;
				CLANG_WARN_NON_LITERAL_NULL_CONVERSION = YES;
				CLANG_WARN_OBJC_LITERAL_CONVERSION = YES;
				CLANG_WARN_RANGE_LOOP_ANALYSIS = YES;
				CLANG_WARN_STRICT_PROTOTYPES = YES;
				CLANG_WARN_SUSPICIOUS_MOVE = YES;
				CLANG_WARN_UNREACHABLE_CODE = YES;
				CLANG_WARN__DUPLICATE_METHOD_MATCH = YES;
				DEBUG_INFORMATION_FORMAT = "dwarf";
				ENABLE_STRICT_OBJC_MSGSEND = YES;
				ENABLE_TESTABILITY = YES;
				GCC_C_LANGUAGE_STANDARD = c11;
				GCC_INLINES_ARE_PRIVATE_EXTERN = YES;
				GCC_MODEL_TUNING = G5;
				GCC_NO_COMMON_BLOCKS = YES;
				GCC_WARN_64_TO_32_BIT_CONVERSION = YES;
				GCC_WARN_ABOUT_RETURN_TYPE = YES;
				GCC_WARN_CHECK_SWITCH_STATEMENTS = YES;
				GCC_WARN_MISSING_PARENTHESES = YES;
				GCC_WARN_NON_VIRTUAL_DESTRUCTOR = YES;
				GCC_WARN_TYPECHECK_CALLS_TO_PRINTF = YES;
				GCC_WARN_UNDECLARED_SELECTOR = YES;
				GCC_WARN_UNINITIALIZED_AUTOS = YES;
				GCC_WARN_UNUSED_FUNCTION = YES;
				GCC_WARN_UNUSED_VARIABLE = YES;
				ONLY_ACTIVE_ARCH = YES;
				PRODUCT_NAME = "WillStereoDelay";
				WARNING_CFLAGS = -Wreorder;
				ZERO_LINK = NO; }; name = Debug; };
		74D24CA01F216AEC89D71284 = {isa = XCBuildConfiguration; buildSettings = {
				ALWAYS_SEARCH_USER_PATHS = NO;
				CLANG_WARN_BLOCK_CAPTURE_AUTORELEASING = YES;
				CLANG_WARN_BOOL_CONVERSION = YES;
				CLANG_WARN_COMMA = YES;
				CLANG_WARN_CONSTANT_CONVERSION = YES;
				CLANG_WARN_EMPTY_BODY = YES;
				CLANG_WARN_ENUM_CONVERSION = YES;
				CLANG_WARN_INFINITE_RECURSION = YES;
				CLANG_WARN_INT_CONVERSION = YES;
				CLANG_WARN_NON_LITERAL_NULL_CONVERSION = YES;
				CLANG_WARN_OBJC_LITERAL_CONVERSION = YES;
				CLANG_WARN_RANGE_LOOP_ANALYSIS = YES;
				CLANG_WARN_STRICT_PROTOTYPES = YES;
				CLANG_WARN_SUSPICIOUS_MOVE = YES;
				CLANG_WARN_UNREACHABLE_CODE = YES;
				CLANG_WARN__DUPLICATE_METHOD_MATCH = YES;
				DEBUG_INFORMATION_FORMAT = "dwarf";
				ENABLE_STRICT_OBJC_MSGSEND = YES;
				GCC_C_LANGUAGE_STANDARD = c11;
				GCC_INLINES_ARE_PRIVATE_EXTERN = YES;
				GCC_MODEL_TUNING = G5;
				GCC_NO_COMMON_BLOCKS = YES;
				GCC_WARN_64_TO_32_BIT_CONVERSION = YES;
				GCC_WARN_ABOUT_RETURN_TYPE = YES;
				GCC_WARN_CHECK_SWITCH_STATEMENTS = YES;
				GCC_WARN_MISSING_PARENTHESES = YES;
				GCC_WARN_NON_VIRTUAL_DESTRUCTOR = YES;
				GCC_WARN_TYPECHECK_CALLS_TO_PRINTF = YES;
				GCC_WARN_UNDECLARED_SELECTOR = YES;
				GCC_WARN_UNINITIALIZED_AUTOS = YES;
				GCC_WARN_UNUSED_FUNCTION = YES;
				GCC_WARN_UNUSED_VARIABLE = YES;
				PRODUCT_NAME = "WillStereoDelay";
				WARNING_CFLAGS = -Wreorder;
				ZERO_LINK = NO; }; name = Release; };
		7F635DF6F28B49B49966A299 = {isa = PBXTargetDependency; target = 540EC2867F6927BB1FBD7E88; };
		00805596F34D7EA4FCD72C2D = {isa = PBXTargetDependency; target = 59554FA6750CBEFFBB3F2951; };
		F2BED5EFE0703AA354D2AB4B = {isa = PBXTargetDependency; target = B0D1C2053B55F78693C88603; };
		5C242C35AB9FD39C3116DC90 = {isa = PBXTargetDependency; target = 900BB52BF715DB865AEC96EE; };
		5A7B68A0E069343F8F314838 = {isa = XCConfigurationList; buildConfigurations = (
					1C6BF41724FF84D9BD0720A0,
					74D24CA01F216AEC89D71284, ); defaultConfigurationIsVisible = 0; defaultConfigurationName = Debug; };
		F3D07BC338FB0F09C7E43EB4 = {isa = XCConfigurationList; buildConfigurations = (
					4E8B1FA25D6EF7018627D75F,
					8BF333FA85714A8B77D59121, ); defaultConfigurationIsVisible = 0; defaultConfigurationName = Debug; };
		9DEBD61C4069F8E403E6988F = {isa = PBXAggregateTarget; buildConfigurationList = F3D07BC338FB0F09C7E43EB4; buildPhases = (  ); buildRules = ( ); dependencies = (
					7F635DF6F28B49B49966A299,
					00805596F34D7EA4FCD72C2D,
					F2BED5EFE0703AA354D2AB4B,
					5C242C35AB9FD39C3116DC90, ); name = "WillStereoDelay - All"; productName = WillStereoDelay; };
		897DF5F3F4272FAE380761BE = {isa = XCConfigurationList; buildConfigurations = (
					0EFFC741DE756B38D26E908D,
					CAB9084EA0C8A55171A9BA77, ); defaultConfigurationIsVisible = 0; defaultConfigurationName = Debug; };
		D928F7142D49F948548CFA9E = {isa = PBXResourcesBuildPhase; buildActionMask = 2147483647; files = (
					AACF0BE249A56FABAE0BDC28, ); runOnlyForDeploymentPostprocessing = 0; };
		0A52FD8144930206C49052CD = {isa = PBXSourcesBuildPhase; buildActionMask = 2147483647; files = (
					601760AD68AE3DB3582EE3DF, ); runOnlyForDeploymentPostprocessing = 0; };
		A06A4983E6F5E7C3ADA6C2F6 = {isa = PBXFrameworksBuildPhase; buildActionMask = 2147483647; files = (
					93BC778EC4B486E456C0D33D,
					DF7F2C49F09AD651E3710BD3,
					AFDECE465BCA36019CBC81FA,
					2CF529738C367EBCA0B6C643,
					1C394569AA6B74DA51BB5CDE,
					F9A78186E78EC63D9F250AD5,
					F3887941567DF56F277C2C9E,
					58A63472160A9177FB7B6338,
					E2B0155767177BA3F90CB862,
					AD7D69C4F3556EA0EFF1247D,
					8F83B5F977AF7D3885964ACF,
					4FF2FF724623CDE2EDDF6040,
					D2B0EA67782C97F4B4117094,
					04F566CBA2EFE7828FCB20AA, ); runOnlyForDeploymentPostprocessing = 0; };
		540EC2867F6927BB1FBD7E88 = {isa = PBXNativeTarget; buildConfigurationList = 897DF5F3F4272FAE380761BE; buildPhases = (
					D928F7142D49F948548CFA9E,
					0A52FD8144930206C49052CD,
					A06A4983E6F5E7C3ADA6C2F6, ); buildRules = ( ); dependencies = (
					5C242C35AB9FD39C3116DC90, ); name = "WillStereoDelay - VST"; productName = WillStereoDelay; productReference = 88FE9393897C142A60BB0F83; productType = "com.apple.product-type.bundle"; };
		0359A701CE0E1C6D3A8F4F6A = {isa = XCConfigurationList; buildConfigurations = (
					44E3BE894917A76343D6F725,
					35DD83DAD0DD8FCA086AE6ED, ); defaultConfigurationIsVisible = 0; defaultConfigurationName = Debug; };
		BA703639429E6AEB51FEBE5A = {isa = PBXResourcesBuildPhase; buildActionMask = 2147483647; files = (
					AACF0BE249A56FABAE0BDC28, ); runOnlyForDeploymentPostprocessing = 0; };
		8122C3C6AD43FB2EFD9C5FF2 = {isa = PBXRezBuildPhase; buildActionMask = 2147483647; files = (
					6FEC76C78F9BF9DB5021D9A2, ); runOnlyForDeploymentPostprocessing = 0; };
		064E3BCDA8341E727BD3E5E4 = {isa = PBXSourcesBuildPhase; buildActionMask = 2147483647; files = (
					8028810747E1C00E5EE081C8,
					0481CFB99E760E45C539E614, ); runOnlyForDeploymentPostprocessing = 0; };
		2E282474A875FED7E1FDEB34 = {isa = PBXFrameworksBuildPhase; buildActionMask = 2147483647; files = (
					93BC778EC4B486E456C0D33D,
					DF7F2C49F09AD651E3710BD3,
					81ED59B880F230ABC5D20211,
					AFDECE465BCA36019CBC81FA,
					2CF529738C367EBCA0B6C643,
					1C394569AA6B74DA51BB5CDE,
					F9A78186E78EC63D9F250AD5,
					F3887941567DF56F277C2C9E,
					522ECE61B9110C98069B5229,
					58A63472160A9177FB7B6338,
					E2B0155767177BA3F90CB862,
					AD7D69C4F3556EA0EFF1247D,
					8F83B5F977AF7D3885964ACF,
					4FF2FF724623CDE2EDDF6040,
					D2B0EA67782C97F4B4117094,
					04F566CBA2EFE7828FCB20AA, ); runOnlyForDeploymentPostprocessing = 0; };
		59554FA6750CBEFFBB3F2951 = {isa = PBXNativeTarget; buildConfigurationList = 0359A701CE0E1C6D3A8F4F6A; buildPhases = (
					BA703639429E6AEB51FEBE5A,
					8122C3C6AD43FB2EFD9C5FF2,
					064E3BCDA8341E727BD3E5E4,
					2E282474A875FED7E1FDEB34, ); buildRules = ( ); dependencies = (
					5C242C35AB9FD39C3116DC90, ); name = "WillStereoDelay - AU"; productName = WillStereoDelay; productReference = DAE5250E5AFF1760FD5D9F0C; productType = "com.apple.product-type.bundle"; };
		D11F71E16F62D92AB9D1A92A = {isa = XCConfigurationList; buildConfigurations = (
					D0E06C325D2E6352D091D0E3,
					2320D496575938AC1ADEFD6D, ); defaultConfigurationIsVisible = 0; defaultConfigurationName = Debug; };
		33FE35927A6139019936C6F6 = {isa = PBXResourcesBuildPhase; buildActionMask = 2147483647; files = (
					AACF0BE249A56FABAE0BDC28, ); runOnlyForDeploymentPostprocessing = 0; };
		A2293172F2F4B1A7FBBF0C53 = {isa = PBXSourcesBuildPhase; buildActionMask = 2147483647; files = (
					D9AD3C78DC6F41623F728C60, ); runOnlyForDeploymentPostprocessing = 0; };
		4A3FD8489E240F0279EBBFD7 = {isa = PBXFrameworksBuildPhase; buildActionMask = 2147483647; files = (
					93BC778EC4B486E456C0D33D,
					DF7F2C49F09AD651E3710BD3,
					AFDECE465BCA36019CBC81FA,
					2CF529738C367EBCA0B6C643,
					1C394569AA6B74DA51BB5CDE,
					F9A78186E78EC63D9F250AD5,
					F3887941567DF56F277C2C9E,
					58A63472160A9177FB7B6338,
					E2B0155767177BA3F90CB862,
					AD7D69C4F3556EA0EFF1247D,
					8F83B5F977AF7D3885964ACF,
					4FF2FF724623CDE2EDDF6040,
					D2B0EA67782C97F4B4117094,
					04F566CBA2EFE7828FCB20AA, ); runOnlyForDeploymentPostprocessing = 0; };
		B0D1C2053B55F78693C88603 = {isa = PBXNativeTarget; buildConfigurationList = D11F71E16F62D92AB9D1A92A; buildPhases = (
					33FE35927A6139019936C6F6,
					A2293172F2F4B1A7FBBF0C53,
					4A3FD8489E240F0279EBBFD7, ); buildRules = ( ); dependencies = (
					5C242C35AB9FD39C3116DC90, ); name = "WillStereoDelay - Standalone Plugin"; productName = WillStereoDelay; productReference = 2703A3E062919C51D9B3269C; productType = "com.apple.product-type.application"; };
		267727CE9453DEFF67AA9AA6 = {isa = XCConfigurationList; buildConfigurations = (
					C6EEBF80393C947BF059854D,
					5CE4752FDBE2A28499ED4E80, ); defaultConfigurationIsVisible = 0; defaultConfigurationName = Debug; };
		23CEB5FDD2CAAA2B53362DD5 = {isa = PBXSourcesBuildPhase; buildActionMask = 2147483647; files = (
					9EF6427A1712302F8F16A657,
					85F078990B2534171425164C,
					E8C4A23788AE546BAA97ADBC,
					D0B23D5A41D65774969570A7,
					FEECBB42EBD437EC713E2CC7,
					A2073ABCDB5D6A626D6F7A12,
					C76AF203134474E75978D5B9,
					A3FF652421F60172356FA22A,
					3AD023C331B4EC29F0197DEC,
					C102B243EC2ACAE6733FC6A5,
					EBAE8FEF4350D70E68B3E799,
					7C8D5B567A1F051E3CAEB9F2,
					15F59D65F79A74EE3FF004D7,
					B9EF779B91A2392CE2AFC0C9,
					30468689C034B2B28A979D0E,
					326CEDCA94779A466324A2C3,
					23F9003E87B588054D3B6508,
					8B0BB697BF71250D238309A4,
					8BDE2A0B38632B108B90A4E5,
					3EFB511DFE9C717782F36E28,
					9898FD0BD46C484C8BCAFE67,
					EB92ECDB87FAD35A7CD0FF26, ); runOnlyForDeploymentPostprocessing = 0; };
		900BB52BF715DB865AEC96EE = {isa = PBXNativeTarget; buildConfigurationList = 267727CE9453DEFF67AA9AA6; buildPhases = (
					23CEB5FDD2CAAA2B53362DD5, ); buildRules = ( ); dependencies = (  ); name = "WillStereoDelay - Shared Code"; productName = WillStereoDelay; productReference = B3E04C8BE4305B3AECCDA9DE; productType = "com.apple.product-type.library.static"; };
		B6DE9BA2E39336EE244D6BFE = {isa = PBXProject; buildConfigurationList = 5A7B68A0E069343F8F314838; attributes = { LastUpgradeCheck = 0830; ORGANIZATIONNAME = ""; TargetAttributes = { 9DEBD61C4069F8E403E6988F = { SystemCapabilities = {com.apple.ApplicationGroups.iOS = { enabled = 0; }; com.apple.InAppPurchase = { enabled = 0; }; com.apple.InterAppAudio = { enabled = 0; }; com.apple.Push = { enabled = 0; }; com.apple.Sandbox = { enabled = 0; }; }; };540EC2867F6927BB1FBD7E88 = { SystemCapabilities = {com.apple.ApplicationGroups.iOS = { enabled = 0; }; com.apple.InAppPurchase = { enabled = 0; }; com.apple.InterAppAudio = { enabled = 0; }; com.apple.Push = { enabled = 0; }; com.apple.Sandbox = { enabled = 0; }; }; };59554FA6750CBEFFBB3F2951 = { SystemCapabilities = {com.apple.ApplicationGroups.iOS = { enabled = 0; }; com.apple.InAppPurchase = { enabled = 0; }; com.apple.InterAppAudio = { enabled = 0; }; com.apple.Push = { enabled = 0; }; com.apple.Sandbox = { enabled = 0; }; }; };B0D1C2053B55F78693C88603 = { SystemCapabilities = {com.apple.ApplicationGroups.iOS = { enabled = 0; }; com.apple.InAppPurchase = { enabled = 0; }; com.apple.InterAppAudio = { enabled = 0; }; com.apple.Push = { enabled = 0; }; com.apple.Sandbox = { enabled = 0; }; }; };900BB52BF715DB865AEC96EE = { SystemCapabilities = {com.apple.ApplicationGroups.iOS = { enabled = 0; }; com.apple.InAppPurchase = { enabled = 0; }; com.apple.InterAppAudio = { enabled = 0; }; com.apple.Push = { enabled = 0; }; com.apple.Sandbox = { enabled = 0; }; }; }; }; }; compatibilityVersion = "Xcode 3.2"; hasScannedForEncodings = 0; mainGroup = 4BEB9F0ABC426C332FB8CA70; projectDirPath = ""; projectRoot = ""; targets = (9DEBD61C4069F8E403E6988F, 540EC2867F6927BB1FBD7E88, 59554FA6750CBEFFBB3F2951, B0D1C2053B55F78693C88603, 900BB52BF715DB865AEC96EE); };
	};
	rootObject = B6DE9BA2E39336EE244D6BFE;
}
